{
  "version": 4,
  "terraform_version": "1.13.3",
  "serial": 32,
  "lineage": "7d7ddbe8-c995-f9d9-533f-a547363be1e5",
  "outputs": {
    "alb_dns_name": {
      "value": "cloud-2006-alb-1311302657.us-east-1.elb.amazonaws.com",
      "type": "string"
    },
    "rds_endpoint": {
      "value": "cloud-2006-db.cn4q042s0dlt.us-east-1.rds.amazonaws.com",
      "type": "string"
    }
  },
  "resources": [
    {
      "mode": "data",
      "type": "aws_ami",
      "name": "al2023",
      "provider": "provider[\"registry.terraform.io/hashicorp/aws\"]",
      "instances": [
        {
          "schema_version": 0,
          "attributes": {
            "architecture": "x86_64",
            "arn": "arn:aws:ec2:us-east-1::image/ami-08982f1c5bf93d976",
            "block_device_mappings": [
              {
                "device_name": "/dev/xvda",
                "ebs": {
                  "delete_on_termination": "true",
                  "encrypted": "false",
                  "iops": "3000",
                  "snapshot_id": "snap-0e8ae436bb016efb5",
                  "throughput": "125",
                  "volume_initialization_rate": "0",
                  "volume_size": "8",
                  "volume_type": "gp3"
                },
                "no_device": "",
                "virtual_name": ""
              }
            ],
            "boot_mode": "uefi-preferred",
            "creation_date": "2025-09-10T19:09:27.000Z",
            "deprecation_time": "2025-12-09T19:09:00.000Z",
            "description": "Amazon Linux 2023 AMI 2023.8.20250915.0 x86_64 HVM kernel-6.1",
            "ena_support": true,
            "executable_users": null,
            "filter": [
              {
                "name": "name",
                "values": [
                  "al2023-ami-2023.*-x86_64"
                ]
              },
              {
                "name": "virtualization-type",
                "values": [
                  "hvm"
                ]
              }
            ],
            "hypervisor": "xen",
            "id": "ami-08982f1c5bf93d976",
            "image_id": "ami-08982f1c5bf93d976",
            "image_location": "amazon/al2023-ami-2023.8.20250915.0-kernel-6.1-x86_64",
            "image_owner_alias": "amazon",
            "image_type": "machine",
            "imds_support": "v2.0",
            "include_deprecated": false,
            "kernel_id": "",
            "last_launched_time": "",
            "most_recent": true,
            "name": "al2023-ami-2023.8.20250915.0-kernel-6.1-x86_64",
            "name_regex": null,
            "owner_id": "137112412989",
            "owners": [
              "amazon"
            ],
            "platform": "",
            "platform_details": "Linux/UNIX",
            "product_codes": [],
            "public": true,
            "ramdisk_id": "",
            "root_device_name": "/dev/xvda",
            "root_device_type": "ebs",
            "root_snapshot_id": "snap-0e8ae436bb016efb5",
            "sriov_net_support": "simple",
            "state": "available",
            "state_reason": {
              "code": "UNSET",
              "message": "UNSET"
            },
            "tags": {},
            "timeouts": null,
            "tpm_support": "",
            "uefi_data": null,
            "usage_operation": "RunInstances",
            "virtualization_type": "hvm"
          },
          "sensitive_attributes": [],
          "identity_schema_version": 0
        }
      ]
    },
    {
      "mode": "data",
      "type": "aws_iam_policy_document",
      "name": "ec2_assume_role",
      "provider": "provider[\"registry.terraform.io/hashicorp/aws\"]",
      "instances": [
        {
          "schema_version": 0,
          "attributes": {
            "id": "2851119427",
            "json": "{\n  \"Version\": \"2012-10-17\",\n  \"Statement\": [\n    {\n      \"Effect\": \"Allow\",\n      \"Action\": \"sts:AssumeRole\",\n      \"Principal\": {\n        \"Service\": \"ec2.amazonaws.com\"\n      }\n    }\n  ]\n}",
            "minified_json": "{\"Version\":\"2012-10-17\",\"Statement\":[{\"Effect\":\"Allow\",\"Action\":\"sts:AssumeRole\",\"Principal\":{\"Service\":\"ec2.amazonaws.com\"}}]}",
            "override_json": null,
            "override_policy_documents": null,
            "policy_id": null,
            "source_json": null,
            "source_policy_documents": null,
            "statement": [
              {
                "actions": [
                  "sts:AssumeRole"
                ],
                "condition": [],
                "effect": "Allow",
                "not_actions": [],
                "not_principals": [],
                "not_resources": [],
                "principals": [
                  {
                    "identifiers": [
                      "ec2.amazonaws.com"
                    ],
                    "type": "Service"
                  }
                ],
                "resources": [],
                "sid": ""
              }
            ],
            "version": "2012-10-17"
          },
          "sensitive_attributes": [],
          "identity_schema_version": 0
        }
      ]
    },
    {
      "mode": "data",
      "type": "aws_iam_policy_document",
      "name": "s3_access_policy",
      "provider": "provider[\"registry.terraform.io/hashicorp/aws\"]",
      "instances": [
        {
          "schema_version": 0,
          "attributes": {
            "id": "1403941423",
            "json": "{\n  \"Version\": \"2012-10-17\",\n  \"Statement\": [\n    {\n      \"Sid\": \"AllowS3Crud\",\n      \"Effect\": \"Allow\",\n      \"Action\": [\n        \"s3:PutObject\",\n        \"s3:ListBucket\",\n        \"s3:GetObject\",\n        \"s3:DeleteObject\"\n      ],\n      \"Resource\": [\n        \"arn:aws:s3:::cloud-2006-static-files-tourism-poi/*\",\n        \"arn:aws:s3:::cloud-2006-static-files-tourism-poi\"\n      ]\n    }\n  ]\n}",
            "minified_json": "{\"Version\":\"2012-10-17\",\"Statement\":[{\"Sid\":\"AllowS3Crud\",\"Effect\":\"Allow\",\"Action\":[\"s3:PutObject\",\"s3:ListBucket\",\"s3:GetObject\",\"s3:DeleteObject\"],\"Resource\":[\"arn:aws:s3:::cloud-2006-static-files-tourism-poi/*\",\"arn:aws:s3:::cloud-2006-static-files-tourism-poi\"]}]}",
            "override_json": null,
            "override_policy_documents": null,
            "policy_id": null,
            "source_json": null,
            "source_policy_documents": null,
            "statement": [
              {
                "actions": [
                  "s3:DeleteObject",
                  "s3:GetObject",
                  "s3:ListBucket",
                  "s3:PutObject"
                ],
                "condition": [],
                "effect": "Allow",
                "not_actions": [],
                "not_principals": [],
                "not_resources": [],
                "principals": [],
                "resources": [
                  "arn:aws:s3:::cloud-2006-static-files-tourism-poi",
                  "arn:aws:s3:::cloud-2006-static-files-tourism-poi/*"
                ],
                "sid": "AllowS3Crud"
              }
            ],
            "version": "2012-10-17"
          },
          "sensitive_attributes": [],
          "identity_schema_version": 0
        }
      ]
    },
    {
      "mode": "data",
      "type": "aws_region",
      "name": "current",
      "provider": "provider[\"registry.terraform.io/hashicorp/aws\"]",
      "instances": [
        {
          "schema_version": 0,
          "attributes": {
            "description": "US East (N. Virginia)",
            "endpoint": "ec2.us-east-1.amazonaws.com",
            "id": "us-east-1",
            "name": "us-east-1"
          },
          "sensitive_attributes": [],
          "identity_schema_version": 0
        }
      ]
    },
    {
      "mode": "data",
      "type": "template_file",
      "name": "user_data",
      "provider": "provider[\"registry.terraform.io/hashicorp/template\"]",
      "instances": [
        {
          "schema_version": 0,
          "attributes": {
            "filename": null,
            "id": "10d0369af2499f0704fd94f52a01a7a4c2de2ac2f4a3558030b990650c8f1c91",
            "rendered": "#!/bin/bash\n# Install web server, PHP (for DB/S3 connection testing), and MariaDB client\nsudo dnf update -y\nsudo dnf install -y httpd wget php-fpm php-mysqli php-json php php-devel\n\n# No need to install mariadb105-server on the web server, only client is needed\n# sudo dnf install -y mariadb105-server # Not needed on web server\nsudo dnf install -y mariadb105-client # Install client for RDS connection test\n\n# Configure and Start HTTPD\nsudo systemctl enable httpd\nsudo systemctl start httpd\n\n# Set permissions\nsudo usermod -a -G apache ec2-user\nsudo chown -R ec2-user:apache /var/www\nsudo chmod 2775 /var/www\nfind /var/www -type d -exec sudo chmod 2775 {} \\;\nfind /var/www -type f -exec sudo chmod 0664 {} \\;\n\n# Create a test index.html with S3/RDS reference (for verification)\n# The RDS_ENDPOINT and S3_BUCKET are templated in by Terraform\nS3_BUCKET=\"cloud-2006-static-files-tourism-poi\"\nRDS_ENDPOINT=\"cloud-2006-db.cn4q042s0dlt.us-east-1.rds.amazonaws.com\"\nAWS_REGION=\"us-east-1\"\n\necho '\u003chtml\u003e\n            \u003chead\u003e\u003ctitle\u003eCloud-2006 Web Server\u003c/title\u003e\u003c/head\u003e\n            \u003cbody\u003e\n              \u003ch1\u003eCloud-2006 Web Server (Cloud-2006)\u003c/h1\u003e\n              \u003ch2\u003eData Source Access Check\u003c/h2\u003e\n              \u003cp\u003e\u003cstrong\u003eRDS Endpoint:\u003c/strong\u003e '$RDS_ENDPOINT'\u003c/p\u003e\n              \u003cp\u003e\u003cstrong\u003eS3 Bucket:\u003c/strong\u003e s3://'$S3_BUCKET'\u003c/p\u003e\n              \u003cp\u003e\u003cstrong\u003eAWS Region:\u003c/strong\u003e '$AWS_REGION'\u003c/p\u003e\n              \u003cp\u003eA simple check to verify EC2 is running and can reference its resources.\u003c/p\u003e\n              \u003cp\u003eActual S3/RDS connectivity requires app code (PHP/Python) to fully utilize the IAM role and database connection.\u003c/p\u003e\n            \u003c/body\u003e\n        \u003c/html\u003e' | sudo tee /var/www/html/index.html",
            "template": "#!/bin/bash\n# Install web server, PHP (for DB/S3 connection testing), and MariaDB client\nsudo dnf update -y\nsudo dnf install -y httpd wget php-fpm php-mysqli php-json php php-devel\n\n# No need to install mariadb105-server on the web server, only client is needed\n# sudo dnf install -y mariadb105-server # Not needed on web server\nsudo dnf install -y mariadb105-client # Install client for RDS connection test\n\n# Configure and Start HTTPD\nsudo systemctl enable httpd\nsudo systemctl start httpd\n\n# Set permissions\nsudo usermod -a -G apache ec2-user\nsudo chown -R ec2-user:apache /var/www\nsudo chmod 2775 /var/www\nfind /var/www -type d -exec sudo chmod 2775 {} \\;\nfind /var/www -type f -exec sudo chmod 0664 {} \\;\n\n# Create a test index.html with S3/RDS reference (for verification)\n# The RDS_ENDPOINT and S3_BUCKET are templated in by Terraform\nS3_BUCKET=\"${s3_bucket_name}\"\nRDS_ENDPOINT=\"${rds_endpoint}\"\nAWS_REGION=\"${aws_region}\"\n\necho '\u003chtml\u003e\n            \u003chead\u003e\u003ctitle\u003eCloud-2006 Web Server\u003c/title\u003e\u003c/head\u003e\n            \u003cbody\u003e\n              \u003ch1\u003eCloud-2006 Web Server (Cloud-2006)\u003c/h1\u003e\n              \u003ch2\u003eData Source Access Check\u003c/h2\u003e\n              \u003cp\u003e\u003cstrong\u003eRDS Endpoint:\u003c/strong\u003e '$RDS_ENDPOINT'\u003c/p\u003e\n              \u003cp\u003e\u003cstrong\u003eS3 Bucket:\u003c/strong\u003e s3://'$S3_BUCKET'\u003c/p\u003e\n              \u003cp\u003e\u003cstrong\u003eAWS Region:\u003c/strong\u003e '$AWS_REGION'\u003c/p\u003e\n              \u003cp\u003eA simple check to verify EC2 is running and can reference its resources.\u003c/p\u003e\n              \u003cp\u003eActual S3/RDS connectivity requires app code (PHP/Python) to fully utilize the IAM role and database connection.\u003c/p\u003e\n            \u003c/body\u003e\n        \u003c/html\u003e' | sudo tee /var/www/html/index.html",
            "vars": {
              "aws_region": "us-east-1",
              "rds_endpoint": "cloud-2006-db.cn4q042s0dlt.us-east-1.rds.amazonaws.com",
              "s3_bucket_name": "cloud-2006-static-files-tourism-poi"
            }
          },
          "sensitive_attributes": [],
          "identity_schema_version": 0
        }
      ]
    },
    {
      "mode": "managed",
      "type": "aws_db_instance",
      "name": "mysql_db",
      "provider": "provider[\"registry.terraform.io/hashicorp/aws\"]",
      "instances": [
        {
          "schema_version": 2,
          "attributes": {
            "address": "cloud-2006-db.cn4q042s0dlt.us-east-1.rds.amazonaws.com",
            "allocated_storage": 20,
            "allow_major_version_upgrade": null,
            "apply_immediately": false,
            "arn": "arn:aws:rds:us-east-1:058264464133:db:cloud-2006-db",
            "auto_minor_version_upgrade": true,
            "availability_zone": "us-east-1b",
            "backup_retention_period": 0,
            "backup_target": "region",
            "backup_window": "06:54-07:24",
            "blue_green_update": [],
            "ca_cert_identifier": "rds-ca-rsa2048-g1",
            "character_set_name": "",
            "copy_tags_to_snapshot": false,
            "custom_iam_instance_profile": "",
            "customer_owned_ip_enabled": false,
            "database_insights_mode": "standard",
            "db_name": "",
            "db_subnet_group_name": "cloud-2006-db-sg",
            "dedicated_log_volume": false,
            "delete_automated_backups": true,
            "deletion_protection": false,
            "domain": "",
            "domain_auth_secret_arn": "",
            "domain_dns_ips": null,
            "domain_fqdn": "",
            "domain_iam_role_name": "",
            "domain_ou": "",
            "enabled_cloudwatch_logs_exports": null,
            "endpoint": "cloud-2006-db.cn4q042s0dlt.us-east-1.rds.amazonaws.com:3306",
            "engine": "mysql",
            "engine_lifecycle_support": "open-source-rds-extended-support",
            "engine_version": "8.0",
            "engine_version_actual": "8.0.42",
            "final_snapshot_identifier": null,
            "hosted_zone_id": "Z2R2ITUGPM61AM",
            "iam_database_authentication_enabled": false,
            "id": "db-JMLSIVNFVWDUAOTWBDJNP7637Y",
            "identifier": "cloud-2006-db",
            "identifier_prefix": "",
            "instance_class": "db.t3.micro",
            "iops": 0,
            "kms_key_id": "",
            "latest_restorable_time": "",
            "license_model": "general-public-license",
            "listener_endpoint": [],
            "maintenance_window": "wed:07:29-wed:07:59",
            "manage_master_user_password": null,
            "master_user_secret": [],
            "master_user_secret_kms_key_id": null,
            "max_allocated_storage": 0,
            "monitoring_interval": 0,
            "monitoring_role_arn": "",
            "multi_az": false,
            "nchar_character_set_name": "",
            "network_type": "IPV4",
            "option_group_name": "default:mysql-8-0",
            "parameter_group_name": "default.mysql8.0",
            "password": "TourismPOI",
            "password_wo": null,
            "password_wo_version": null,
            "performance_insights_enabled": false,
            "performance_insights_kms_key_id": "",
            "performance_insights_retention_period": 0,
            "port": 3306,
            "publicly_accessible": false,
            "replica_mode": "",
            "replicas": [],
            "replicate_source_db": "",
            "resource_id": "db-JMLSIVNFVWDUAOTWBDJNP7637Y",
            "restore_to_point_in_time": [],
            "s3_import": [],
            "skip_final_snapshot": true,
            "snapshot_identifier": null,
            "status": "available",
            "storage_encrypted": false,
            "storage_throughput": 0,
            "storage_type": "gp2",
            "tags": {
              "Name": "cloud-2006-db"
            },
            "tags_all": {
              "Name": "cloud-2006-db"
            },
            "timeouts": null,
            "timezone": "",
            "upgrade_storage_config": null,
            "username": "clouddev",
            "vpc_security_group_ids": [
              "sg-0f32e1cf5bb9549b0"
            ]
          },
          "sensitive_attributes": [
            [
              {
                "type": "get_attr",
                "value": "password"
              }
            ],
            [
              {
                "type": "get_attr",
                "value": "password_wo"
              }
            ]
          ],
          "identity_schema_version": 0,
          "private": "eyJlMmJmYjczMC1lY2FhLTExZTYtOGY4OC0zNDM2M2JjN2M0YzAiOnsiY3JlYXRlIjozMDAwMDAwMDAwMDAwLCJkZWxldGUiOjM2MDAwMDAwMDAwMDAsInVwZGF0ZSI6NDgwMDAwMDAwMDAwMH0sInNjaGVtYV92ZXJzaW9uIjoiMiJ9",
          "dependencies": [
            "aws_db_subnet_group.db_sg",
            "aws_security_group.db_sg",
            "aws_security_group.web_sg",
            "aws_subnet.private_a",
            "aws_subnet.private_b",
            "aws_vpc.main"
          ]
        }
      ]
    },
    {
      "mode": "managed",
      "type": "aws_db_subnet_group",
      "name": "db_sg",
      "provider": "provider[\"registry.terraform.io/hashicorp/aws\"]",
      "instances": [
        {
          "schema_version": 0,
          "attributes": {
            "arn": "arn:aws:rds:us-east-1:058264464133:subgrp:cloud-2006-db-sg",
            "description": "DB Subnet Group",
            "id": "cloud-2006-db-sg",
            "name": "cloud-2006-db-sg",
            "name_prefix": "",
            "subnet_ids": [
              "subnet-01c864cb8b4c9462f",
              "subnet-05ac35953121ccd71"
            ],
            "supported_network_types": [
              "IPV4"
            ],
            "tags": {
              "Name": "Cloud-2006-DB-SG"
            },
            "tags_all": {
              "Name": "Cloud-2006-DB-SG"
            },
            "vpc_id": "vpc-000edc8770637eb14"
          },
          "sensitive_attributes": [],
          "identity_schema_version": 0,
          "private": "bnVsbA==",
          "dependencies": [
            "aws_subnet.private_a",
            "aws_subnet.private_b",
            "aws_vpc.main"
          ]
        }
      ]
    },
    {
      "mode": "managed",
      "type": "aws_iam_policy",
      "name": "s3_access_policy",
      "provider": "provider[\"registry.terraform.io/hashicorp/aws\"]",
      "instances": [
        {
          "schema_version": 0,
          "attributes": {
            "arn": "arn:aws:iam::058264464133:policy/Cloud-2006-S3-CRUD-Policy",
            "attachment_count": 0,
            "description": "",
            "id": "arn:aws:iam::058264464133:policy/Cloud-2006-S3-CRUD-Policy",
            "name": "Cloud-2006-S3-CRUD-Policy",
            "name_prefix": "",
            "path": "/",
            "policy": "{\"Statement\":[{\"Action\":[\"s3:PutObject\",\"s3:ListBucket\",\"s3:GetObject\",\"s3:DeleteObject\"],\"Effect\":\"Allow\",\"Resource\":[\"arn:aws:s3:::cloud-2006-static-files-tourism-poi/*\",\"arn:aws:s3:::cloud-2006-static-files-tourism-poi\"],\"Sid\":\"AllowS3Crud\"}],\"Version\":\"2012-10-17\"}",
            "policy_id": "ANPAQ3EGVFMCWCKUHWGVV",
            "tags": {},
            "tags_all": {}
          },
          "sensitive_attributes": [],
          "identity_schema_version": 0,
          "private": "bnVsbA==",
          "dependencies": [
            "aws_s3_bucket.static_files",
            "data.aws_iam_policy_document.s3_access_policy"
          ]
        }
      ]
    },
    {
      "mode": "managed",
      "type": "aws_internet_gateway",
      "name": "igw",
      "provider": "provider[\"registry.terraform.io/hashicorp/aws\"]",
      "instances": [
        {
          "schema_version": 0,
          "attributes": {
            "arn": "arn:aws:ec2:us-east-1:058264464133:internet-gateway/igw-0b14885ffc7781bf0",
            "id": "igw-0b14885ffc7781bf0",
            "owner_id": "058264464133",
            "tags": {
              "Name": "vpc-cloud-2006-igw"
            },
            "tags_all": {
              "Name": "vpc-cloud-2006-igw"
            },
            "timeouts": null,
            "vpc_id": "vpc-000edc8770637eb14"
          },
          "sensitive_attributes": [],
          "identity_schema_version": 0,
          "private": "eyJlMmJmYjczMC1lY2FhLTExZTYtOGY4OC0zNDM2M2JjN2M0YzAiOnsiY3JlYXRlIjoxMjAwMDAwMDAwMDAwLCJkZWxldGUiOjEyMDAwMDAwMDAwMDAsInVwZGF0ZSI6MTIwMDAwMDAwMDAwMH19",
          "dependencies": [
            "aws_vpc.main"
          ]
        }
      ]
    },
    {
      "mode": "managed",
      "type": "aws_key_pair",
      "name": "key_pair",
      "provider": "provider[\"registry.terraform.io/hashicorp/aws\"]",
      "instances": [
        {
          "schema_version": 1,
          "attributes": {
            "arn": "arn:aws:ec2:us-east-1:058264464133:key-pair/cloud-2006-key",
            "fingerprint": "7c:4b:c2:b9:d8:e6:d0:2b:d1:ea:b0:80:d0:93:f3:7c",
            "id": "cloud-2006-key",
            "key_name": "cloud-2006-key",
            "key_name_prefix": "",
            "key_pair_id": "key-09ad0b2f13315d1b7",
            "key_type": "rsa",
            "public_key": "ssh-rsa AAAAB3NzaC1yc2EAAAADAQABAAACAQCVERzsFz9LKccD816hQiGD7pwmOPfUC4c0bFIEo8KMHzl6zCp88aI6rK6DCFehacWI5oBHYcnXsGckCEoa0X2tmsqjKiIcWNsb+4oZ5LqyfUcWlqNL2fudGeARWsEDL4gYrK4AGwqgxJOV9S+JJebFRVKhxmP4BCeNw8xflwA5jQSZ0sdA2EWnFwQ9SwsK9zKdGJuuoZy3tSCpteqPBXLxSr0aTqwJql11NnUVVvnaCQ/HQD7jp8+xVJmyJ2vePDDzkYWoWWx2MPF9shX0q59d8qFMbvgi/pJbmLauvmlQMzQaTZviTeOjILMbxaoY9NMsqMjfgD0o5K9gK3UDD+5hn8lZE4dBVUbHSSkgGRKS+oNlQtGwlvAXZC9C8Zaygw44bv4yhFPM/24B2yJW/Gs9mhSnFJ2aiZUm6IRLewi+9H4e9FrrOEjWJrhIQsm5JkgdpOqJ/3zW9sXyUCp5RFhDES6MocS7CO/V7LZphLTbR6JoYYRUYGSMttkGMboZArAo8xhf3nm6E8bSPNn71wfJYUsZRAvqhZ1U/yUAZ4vRHCl4b4ktbKV0Di2ZJeVtXtmiqSEJyT1vwVko7X7v31Jxjbo8MHGycKSG6BQo5FwbSkslsr4yvduuKg9QpDW/jZZxRPJCklOdFbetwmLSWYqXzoRzZPr/qt+j2f1Um8Su2w== ongji@JINGXIANG",
            "tags": {},
            "tags_all": {}
          },
          "sensitive_attributes": [],
          "identity_schema_version": 0,
          "private": "eyJzY2hlbWFfdmVyc2lvbiI6IjEifQ=="
        }
      ]
    },
    {
      "mode": "managed",
      "type": "aws_lb",
      "name": "alb",
      "provider": "provider[\"registry.terraform.io/hashicorp/aws\"]",
      "instances": [
        {
          "schema_version": 0,
          "attributes": {
            "access_logs": [
              {
                "bucket": "",
                "enabled": false,
                "prefix": ""
              }
            ],
            "arn": "arn:aws:elasticloadbalancing:us-east-1:058264464133:loadbalancer/app/cloud-2006-alb/d0061bc69cdcdbba",
            "arn_suffix": "app/cloud-2006-alb/d0061bc69cdcdbba",
            "client_keep_alive": 3600,
            "connection_logs": [
              {
                "bucket": "",
                "enabled": false,
                "prefix": ""
              }
            ],
            "customer_owned_ipv4_pool": "",
            "desync_mitigation_mode": "defensive",
            "dns_name": "cloud-2006-alb-1311302657.us-east-1.elb.amazonaws.com",
            "dns_record_client_routing_policy": null,
            "drop_invalid_header_fields": false,
            "enable_cross_zone_load_balancing": true,
            "enable_deletion_protection": false,
            "enable_http2": true,
            "enable_tls_version_and_cipher_suite_headers": false,
            "enable_waf_fail_open": false,
            "enable_xff_client_port": false,
            "enable_zonal_shift": false,
            "enforce_security_group_inbound_rules_on_private_link_traffic": "",
            "id": "arn:aws:elasticloadbalancing:us-east-1:058264464133:loadbalancer/app/cloud-2006-alb/d0061bc69cdcdbba",
            "idle_timeout": 60,
            "internal": false,
            "ip_address_type": "ipv4",
            "ipam_pools": [],
            "load_balancer_type": "application",
            "minimum_load_balancer_capacity": [],
            "name": "cloud-2006-alb",
            "name_prefix": "",
            "preserve_host_header": false,
            "security_groups": [
              "sg-0546a90bf2a480463"
            ],
            "subnet_mapping": [
              {
                "allocation_id": "",
                "ipv6_address": "",
                "outpost_id": "",
                "private_ipv4_address": "",
                "subnet_id": "subnet-0b0d7ce76e61dce7f"
              },
              {
                "allocation_id": "",
                "ipv6_address": "",
                "outpost_id": "",
                "private_ipv4_address": "",
                "subnet_id": "subnet-0f8ea9468cdcd4c60"
              }
            ],
            "subnets": [
              "subnet-0b0d7ce76e61dce7f",
              "subnet-0f8ea9468cdcd4c60"
            ],
            "tags": {
              "Name": "cloud-2006-alb"
            },
            "tags_all": {
              "Name": "cloud-2006-alb"
            },
            "timeouts": null,
            "vpc_id": "vpc-000edc8770637eb14",
            "xff_header_processing_mode": "append",
            "zone_id": "Z35SXDOTRQ7X7K"
          },
          "sensitive_attributes": [],
          "identity_schema_version": 0,
          "private": "eyJlMmJmYjczMC1lY2FhLTExZTYtOGY4OC0zNDM2M2JjN2M0YzAiOnsiY3JlYXRlIjo2MDAwMDAwMDAwMDAsImRlbGV0ZSI6NjAwMDAwMDAwMDAwLCJ1cGRhdGUiOjYwMDAwMDAwMDAwMH19",
          "dependencies": [
            "aws_security_group.web_sg",
            "aws_subnet.public_a",
            "aws_subnet.public_b",
            "aws_vpc.main"
          ]
        }
      ]
    },
    {
      "mode": "managed",
      "type": "aws_lb_listener",
      "name": "http",
      "provider": "provider[\"registry.terraform.io/hashicorp/aws\"]",
      "instances": [
        {
          "schema_version": 0,
          "attributes": {
            "alpn_policy": null,
            "arn": "arn:aws:elasticloadbalancing:us-east-1:058264464133:listener/app/cloud-2006-alb/d0061bc69cdcdbba/f51694e659ac1fdb",
            "certificate_arn": null,
            "default_action": [
              {
                "authenticate_cognito": [],
                "authenticate_oidc": [],
                "fixed_response": [],
                "forward": [],
                "order": 1,
                "redirect": [],
                "target_group_arn": "arn:aws:elasticloadbalancing:us-east-1:058264464133:targetgroup/cloud-2006-tg/6e3e38a792196d86",
                "type": "forward"
              }
            ],
            "id": "arn:aws:elasticloadbalancing:us-east-1:058264464133:listener/app/cloud-2006-alb/d0061bc69cdcdbba/f51694e659ac1fdb",
            "load_balancer_arn": "arn:aws:elasticloadbalancing:us-east-1:058264464133:loadbalancer/app/cloud-2006-alb/d0061bc69cdcdbba",
            "mutual_authentication": [],
            "port": 80,
            "protocol": "HTTP",
            "routing_http_request_x_amzn_mtls_clientcert_header_name": null,
            "routing_http_request_x_amzn_mtls_clientcert_issuer_header_name": null,
            "routing_http_request_x_amzn_mtls_clientcert_leaf_header_name": null,
            "routing_http_request_x_amzn_mtls_clientcert_serial_number_header_name": null,
            "routing_http_request_x_amzn_mtls_clientcert_subject_header_name": null,
            "routing_http_request_x_amzn_mtls_clientcert_validity_header_name": null,
            "routing_http_request_x_amzn_tls_cipher_suite_header_name": null,
            "routing_http_request_x_amzn_tls_version_header_name": null,
            "routing_http_response_access_control_allow_credentials_header_value": "",
            "routing_http_response_access_control_allow_headers_header_value": "",
            "routing_http_response_access_control_allow_methods_header_value": "",
            "routing_http_response_access_control_allow_origin_header_value": "",
            "routing_http_response_access_control_expose_headers_header_value": "",
            "routing_http_response_access_control_max_age_header_value": "",
            "routing_http_response_content_security_policy_header_value": "",
            "routing_http_response_server_enabled": true,
            "routing_http_response_strict_transport_security_header_value": "",
            "routing_http_response_x_content_type_options_header_value": "",
            "routing_http_response_x_frame_options_header_value": "",
            "ssl_policy": "",
            "tags": {},
            "tags_all": {},
            "tcp_idle_timeout_seconds": null,
            "timeouts": null
          },
          "sensitive_attributes": [],
          "identity_schema_version": 0,
          "private": "eyJlMmJmYjczMC1lY2FhLTExZTYtOGY4OC0zNDM2M2JjN2M0YzAiOnsiY3JlYXRlIjozMDAwMDAwMDAwMDAsInVwZGF0ZSI6MzAwMDAwMDAwMDAwfX0=",
          "dependencies": [
            "aws_lb.alb",
            "aws_lb_target_group.tg",
            "aws_security_group.web_sg",
            "aws_subnet.public_a",
            "aws_subnet.public_b",
            "aws_vpc.main"
          ]
        }
      ]
    },
    {
      "mode": "managed",
      "type": "aws_lb_target_group",
      "name": "tg",
      "provider": "provider[\"registry.terraform.io/hashicorp/aws\"]",
      "instances": [
        {
          "schema_version": 0,
          "attributes": {
            "arn": "arn:aws:elasticloadbalancing:us-east-1:058264464133:targetgroup/cloud-2006-tg/6e3e38a792196d86",
            "arn_suffix": "targetgroup/cloud-2006-tg/6e3e38a792196d86",
            "connection_termination": null,
            "deregistration_delay": "300",
            "health_check": [
              {
                "enabled": true,
                "healthy_threshold": 3,
                "interval": 30,
                "matcher": "200",
                "path": "/",
                "port": "traffic-port",
                "protocol": "HTTP",
                "timeout": 5,
                "unhealthy_threshold": 3
              }
            ],
            "id": "arn:aws:elasticloadbalancing:us-east-1:058264464133:targetgroup/cloud-2006-tg/6e3e38a792196d86",
            "ip_address_type": "ipv4",
            "lambda_multi_value_headers_enabled": false,
            "load_balancer_arns": [
              "arn:aws:elasticloadbalancing:us-east-1:058264464133:loadbalancer/app/cloud-2006-alb/d0061bc69cdcdbba"
            ],
            "load_balancing_algorithm_type": "round_robin",
            "load_balancing_anomaly_mitigation": "off",
            "load_balancing_cross_zone_enabled": "use_load_balancer_configuration",
            "name": "cloud-2006-tg",
            "name_prefix": "",
            "port": 80,
            "preserve_client_ip": null,
            "protocol": "HTTP",
            "protocol_version": "HTTP1",
            "proxy_protocol_v2": false,
            "slow_start": 0,
            "stickiness": [
              {
                "cookie_duration": 86400,
                "cookie_name": "",
                "enabled": false,
                "type": "lb_cookie"
              }
            ],
            "tags": {
              "Name": "cloud-2006-tg"
            },
            "tags_all": {
              "Name": "cloud-2006-tg"
            },
            "target_failover": [
              {
                "on_deregistration": null,
                "on_unhealthy": null
              }
            ],
            "target_group_health": [
              {
                "dns_failover": [
                  {
                    "minimum_healthy_targets_count": "1",
                    "minimum_healthy_targets_percentage": "off"
                  }
                ],
                "unhealthy_state_routing": [
                  {
                    "minimum_healthy_targets_count": 1,
                    "minimum_healthy_targets_percentage": "off"
                  }
                ]
              }
            ],
            "target_health_state": [
              {
                "enable_unhealthy_connection_termination": null,
                "unhealthy_draining_interval": null
              }
            ],
            "target_type": "instance",
            "vpc_id": "vpc-000edc8770637eb14"
          },
          "sensitive_attributes": [],
          "identity_schema_version": 0,
          "private": "bnVsbA==",
          "dependencies": [
            "aws_vpc.main"
          ]
        }
      ]
    },
    {
      "mode": "managed",
      "type": "aws_route_table",
      "name": "private",
      "provider": "provider[\"registry.terraform.io/hashicorp/aws\"]",
      "instances": [
        {
          "schema_version": 0,
          "attributes": {
            "arn": "arn:aws:ec2:us-east-1:058264464133:route-table/rtb-0cb1c3704aab24ad6",
            "id": "rtb-0cb1c3704aab24ad6",
            "owner_id": "058264464133",
            "propagating_vgws": [],
            "route": [],
            "tags": {
              "Name": "cloud-2006-private-rt"
            },
            "tags_all": {
              "Name": "cloud-2006-private-rt"
            },
            "timeouts": null,
            "vpc_id": "vpc-000edc8770637eb14"
          },
          "sensitive_attributes": [],
          "identity_schema_version": 0,
          "private": "eyJlMmJmYjczMC1lY2FhLTExZTYtOGY4OC0zNDM2M2JjN2M0YzAiOnsiY3JlYXRlIjozMDAwMDAwMDAwMDAsImRlbGV0ZSI6MzAwMDAwMDAwMDAwLCJ1cGRhdGUiOjEyMDAwMDAwMDAwMH19",
          "dependencies": [
            "aws_vpc.main"
          ]
        }
      ]
    },
    {
      "mode": "managed",
      "type": "aws_route_table",
      "name": "public",
      "provider": "provider[\"registry.terraform.io/hashicorp/aws\"]",
      "instances": [
        {
          "schema_version": 0,
          "attributes": {
            "arn": "arn:aws:ec2:us-east-1:058264464133:route-table/rtb-0acb25d89af83054f",
            "id": "rtb-0acb25d89af83054f",
            "owner_id": "058264464133",
            "propagating_vgws": [],
            "route": [
              {
                "carrier_gateway_id": "",
                "cidr_block": "0.0.0.0/0",
                "core_network_arn": "",
                "destination_prefix_list_id": "",
                "egress_only_gateway_id": "",
                "gateway_id": "igw-0b14885ffc7781bf0",
                "ipv6_cidr_block": "",
                "local_gateway_id": "",
                "nat_gateway_id": "",
                "network_interface_id": "",
                "transit_gateway_id": "",
                "vpc_endpoint_id": "",
                "vpc_peering_connection_id": ""
              }
            ],
            "tags": {
              "Name": "cloud-2006-public-rt"
            },
            "tags_all": {
              "Name": "cloud-2006-public-rt"
            },
            "timeouts": null,
            "vpc_id": "vpc-000edc8770637eb14"
          },
          "sensitive_attributes": [],
          "identity_schema_version": 0,
          "private": "eyJlMmJmYjczMC1lY2FhLTExZTYtOGY4OC0zNDM2M2JjN2M0YzAiOnsiY3JlYXRlIjozMDAwMDAwMDAwMDAsImRlbGV0ZSI6MzAwMDAwMDAwMDAwLCJ1cGRhdGUiOjEyMDAwMDAwMDAwMH19",
          "dependencies": [
            "aws_internet_gateway.igw",
            "aws_vpc.main"
          ]
        }
      ]
    },
    {
      "mode": "managed",
      "type": "aws_route_table_association",
      "name": "private_a",
      "provider": "provider[\"registry.terraform.io/hashicorp/aws\"]",
      "instances": [
        {
          "schema_version": 0,
          "attributes": {
            "gateway_id": "",
            "id": "rtbassoc-020ba0014f823e9b1",
            "route_table_id": "rtb-0cb1c3704aab24ad6",
            "subnet_id": "subnet-01c864cb8b4c9462f",
            "timeouts": null
          },
          "sensitive_attributes": [],
          "identity_schema_version": 0,
          "private": "eyJlMmJmYjczMC1lY2FhLTExZTYtOGY4OC0zNDM2M2JjN2M0YzAiOnsiY3JlYXRlIjozMDAwMDAwMDAwMDAsImRlbGV0ZSI6MzAwMDAwMDAwMDAwLCJ1cGRhdGUiOjEyMDAwMDAwMDAwMH19",
          "dependencies": [
            "aws_route_table.private",
            "aws_subnet.private_a",
            "aws_vpc.main"
          ]
        }
      ]
    },
    {
      "mode": "managed",
      "type": "aws_route_table_association",
      "name": "private_b",
      "provider": "provider[\"registry.terraform.io/hashicorp/aws\"]",
      "instances": [
        {
          "schema_version": 0,
          "attributes": {
            "gateway_id": "",
            "id": "rtbassoc-09b8a4d4fb31b54a8",
            "route_table_id": "rtb-0cb1c3704aab24ad6",
            "subnet_id": "subnet-05ac35953121ccd71",
            "timeouts": null
          },
          "sensitive_attributes": [],
          "identity_schema_version": 0,
          "private": "eyJlMmJmYjczMC1lY2FhLTExZTYtOGY4OC0zNDM2M2JjN2M0YzAiOnsiY3JlYXRlIjozMDAwMDAwMDAwMDAsImRlbGV0ZSI6MzAwMDAwMDAwMDAwLCJ1cGRhdGUiOjEyMDAwMDAwMDAwMH19",
          "dependencies": [
            "aws_route_table.private",
            "aws_subnet.private_b",
            "aws_vpc.main"
          ]
        }
      ]
    },
    {
      "mode": "managed",
      "type": "aws_route_table_association",
      "name": "public_a",
      "provider": "provider[\"registry.terraform.io/hashicorp/aws\"]",
      "instances": [
        {
          "schema_version": 0,
          "attributes": {
            "gateway_id": "",
            "id": "rtbassoc-066ac591c835a7ca4",
            "route_table_id": "rtb-0acb25d89af83054f",
            "subnet_id": "subnet-0b0d7ce76e61dce7f",
            "timeouts": null
          },
          "sensitive_attributes": [],
          "identity_schema_version": 0,
          "private": "eyJlMmJmYjczMC1lY2FhLTExZTYtOGY4OC0zNDM2M2JjN2M0YzAiOnsiY3JlYXRlIjozMDAwMDAwMDAwMDAsImRlbGV0ZSI6MzAwMDAwMDAwMDAwLCJ1cGRhdGUiOjEyMDAwMDAwMDAwMH19",
          "dependencies": [
            "aws_internet_gateway.igw",
            "aws_route_table.public",
            "aws_subnet.public_a",
            "aws_vpc.main"
          ]
        }
      ]
    },
    {
      "mode": "managed",
      "type": "aws_route_table_association",
      "name": "public_b",
      "provider": "provider[\"registry.terraform.io/hashicorp/aws\"]",
      "instances": [
        {
          "schema_version": 0,
          "attributes": {
            "gateway_id": "",
            "id": "rtbassoc-0fd106ea1b0df75a7",
            "route_table_id": "rtb-0acb25d89af83054f",
            "subnet_id": "subnet-0f8ea9468cdcd4c60",
            "timeouts": null
          },
          "sensitive_attributes": [],
          "identity_schema_version": 0,
          "private": "eyJlMmJmYjczMC1lY2FhLTExZTYtOGY4OC0zNDM2M2JjN2M0YzAiOnsiY3JlYXRlIjozMDAwMDAwMDAwMDAsImRlbGV0ZSI6MzAwMDAwMDAwMDAwLCJ1cGRhdGUiOjEyMDAwMDAwMDAwMH19",
          "dependencies": [
            "aws_internet_gateway.igw",
            "aws_route_table.public",
            "aws_subnet.public_b",
            "aws_vpc.main"
          ]
        }
      ]
    },
    {
      "mode": "managed",
      "type": "aws_s3_bucket",
      "name": "static_files",
      "provider": "provider[\"registry.terraform.io/hashicorp/aws\"]",
      "instances": [
        {
          "schema_version": 0,
          "attributes": {
            "acceleration_status": "",
            "acl": null,
            "arn": "arn:aws:s3:::cloud-2006-static-files-tourism-poi",
            "bucket": "cloud-2006-static-files-tourism-poi",
            "bucket_domain_name": "cloud-2006-static-files-tourism-poi.s3.amazonaws.com",
            "bucket_prefix": "",
            "bucket_regional_domain_name": "cloud-2006-static-files-tourism-poi.s3.us-east-1.amazonaws.com",
            "cors_rule": [],
            "force_destroy": false,
            "grant": [
              {
                "id": "5d888f0bab8e2ecc3f98d59e4deb95e3e65ba33b44caad594725f36f9cef95d6",
                "permissions": [
                  "FULL_CONTROL"
                ],
                "type": "CanonicalUser",
                "uri": ""
              }
            ],
            "hosted_zone_id": "Z3AQBSTGFYJSTF",
            "id": "cloud-2006-static-files-tourism-poi",
            "lifecycle_rule": [],
            "logging": [],
            "object_lock_configuration": [],
            "object_lock_enabled": false,
            "policy": "",
            "region": "us-east-1",
            "replication_configuration": [],
            "request_payer": "BucketOwner",
            "server_side_encryption_configuration": [
              {
                "rule": [
                  {
                    "apply_server_side_encryption_by_default": [
                      {
                        "kms_master_key_id": "",
                        "sse_algorithm": "AES256"
                      }
                    ],
                    "bucket_key_enabled": false
                  }
                ]
              }
            ],
            "tags": {
              "Name": "cloud-2006-static-files",
              "Project": "cloud-2006"
            },
            "tags_all": {
              "Name": "cloud-2006-static-files",
              "Project": "cloud-2006"
            },
            "timeouts": null,
            "versioning": [
              {
                "enabled": false,
                "mfa_delete": false
              }
            ],
            "website": [],
            "website_domain": null,
            "website_endpoint": null
          },
          "sensitive_attributes": [],
          "identity_schema_version": 0,
          "private": "eyJlMmJmYjczMC1lY2FhLTExZTYtOGY4OC0zNDM2M2JjN2M0YzAiOnsiY3JlYXRlIjoxMjAwMDAwMDAwMDAwLCJkZWxldGUiOjM2MDAwMDAwMDAwMDAsInJlYWQiOjEyMDAwMDAwMDAwMDAsInVwZGF0ZSI6MTIwMDAwMDAwMDAwMH19"
        }
      ]
    },
    {
      "mode": "managed",
      "type": "aws_s3_bucket_acl",
      "name": "static_files_acl",
      "provider": "provider[\"registry.terraform.io/hashicorp/aws\"]",
      "instances": [
        {
          "schema_version": 0,
          "attributes": {
            "access_control_policy": [
              {
                "grant": [
                  {
                    "grantee": [
                      {
                        "display_name": "awslabsc0w7077656t1706093953",
                        "email_address": "",
                        "id": "5d888f0bab8e2ecc3f98d59e4deb95e3e65ba33b44caad594725f36f9cef95d6",
                        "type": "CanonicalUser",
                        "uri": ""
                      }
                    ],
                    "permission": "FULL_CONTROL"
                  }
                ],
                "owner": [
                  {
                    "display_name": "awslabsc0w7077656t1706093953",
                    "id": "5d888f0bab8e2ecc3f98d59e4deb95e3e65ba33b44caad594725f36f9cef95d6"
                  }
                ]
              }
            ],
            "acl": "private",
            "bucket": "cloud-2006-static-files-tourism-poi",
            "expected_bucket_owner": "",
            "id": "cloud-2006-static-files-tourism-poi,private"
          },
          "sensitive_attributes": [],
          "identity_schema_version": 0,
          "private": "bnVsbA==",
          "dependencies": [
            "aws_s3_bucket.static_files",
            "aws_s3_bucket_ownership_controls.static_files_ownership"
          ]
        }
      ]
    },
    {
      "mode": "managed",
      "type": "aws_s3_bucket_ownership_controls",
      "name": "static_files_ownership",
      "provider": "provider[\"registry.terraform.io/hashicorp/aws\"]",
      "instances": [
        {
          "schema_version": 0,
          "attributes": {
            "bucket": "cloud-2006-static-files-tourism-poi",
            "id": "cloud-2006-static-files-tourism-poi",
            "rule": [
              {
                "object_ownership": "ObjectWriter"
              }
            ]
          },
          "sensitive_attributes": [],
          "identity_schema_version": 0,
          "private": "bnVsbA==",
          "dependencies": [
            "aws_s3_bucket.static_files"
          ]
        }
      ]
    },
    {
      "mode": "managed",
      "type": "aws_security_group",
      "name": "db_sg",
      "provider": "provider[\"registry.terraform.io/hashicorp/aws\"]",
      "instances": [
        {
          "schema_version": 1,
          "attributes": {
            "arn": "arn:aws:ec2:us-east-1:058264464133:security-group/sg-0f32e1cf5bb9549b0",
            "description": "Allow access from Web Security Group",
            "egress": [
              {
                "cidr_blocks": [
                  "0.0.0.0/0"
                ],
                "description": "",
                "from_port": 0,
                "ipv6_cidr_blocks": [],
                "prefix_list_ids": [],
                "protocol": "-1",
                "security_groups": [],
                "self": false,
                "to_port": 0
              }
            ],
            "id": "sg-0f32e1cf5bb9549b0",
            "ingress": [
              {
                "cidr_blocks": [],
                "description": "MySQL/Aurora access from Web Servers",
                "from_port": 3306,
                "ipv6_cidr_blocks": [],
                "prefix_list_ids": [],
                "protocol": "tcp",
                "security_groups": [
                  "sg-0546a90bf2a480463"
                ],
                "self": false,
                "to_port": 3306
              }
            ],
            "name": "Cloud-2006 DB security group",
            "name_prefix": "",
            "owner_id": "058264464133",
            "revoke_rules_on_delete": false,
            "tags": {
              "Name": "Cloud-2006 DB security group"
            },
            "tags_all": {
              "Name": "Cloud-2006 DB security group"
            },
            "timeouts": null,
            "vpc_id": "vpc-000edc8770637eb14"
          },
          "sensitive_attributes": [],
          "identity_schema_version": 0,
          "private": "eyJlMmJmYjczMC1lY2FhLTExZTYtOGY4OC0zNDM2M2JjN2M0YzAiOnsiY3JlYXRlIjo2MDAwMDAwMDAwMDAsImRlbGV0ZSI6OTAwMDAwMDAwMDAwfSwic2NoZW1hX3ZlcnNpb24iOiIxIn0=",
          "dependencies": [
            "aws_security_group.web_sg",
            "aws_vpc.main"
          ]
        }
      ]
    },
    {
      "mode": "managed",
      "type": "aws_security_group",
      "name": "web_sg",
      "provider": "provider[\"registry.terraform.io/hashicorp/aws\"]",
      "instances": [
        {
          "schema_version": 1,
          "attributes": {
            "arn": "arn:aws:ec2:us-east-1:058264464133:security-group/sg-0546a90bf2a480463",
            "description": "Allow SSH, HTTP, HTTPS, MySQL access from anywhere",
            "egress": [
              {
                "cidr_blocks": [
                  "0.0.0.0/0"
                ],
                "description": "",
                "from_port": 0,
                "ipv6_cidr_blocks": [],
                "prefix_list_ids": [],
                "protocol": "-1",
                "security_groups": [],
                "self": false,
                "to_port": 0
              }
            ],
            "id": "sg-0546a90bf2a480463",
            "ingress": [
              {
                "cidr_blocks": [
                  "0.0.0.0/0"
                ],
                "description": "HTTP Access",
                "from_port": 80,
                "ipv6_cidr_blocks": [],
                "prefix_list_ids": [],
                "protocol": "tcp",
                "security_groups": [],
                "self": false,
                "to_port": 80
              },
              {
                "cidr_blocks": [
                  "0.0.0.0/0"
                ],
                "description": "HTTPS Access",
                "from_port": 443,
                "ipv6_cidr_blocks": [],
                "prefix_list_ids": [],
                "protocol": "tcp",
                "security_groups": [],
                "self": false,
                "to_port": 443
              },
              {
                "cidr_blocks": [
                  "0.0.0.0/0"
                ],
                "description": "MySQL/Aurora (for Workbench or App)",
                "from_port": 3306,
                "ipv6_cidr_blocks": [],
                "prefix_list_ids": [],
                "protocol": "tcp",
                "security_groups": [],
                "self": false,
                "to_port": 3306
              },
              {
                "cidr_blocks": [
                  "0.0.0.0/0"
                ],
                "description": "SSH Access (for you/SFTP/Tunneling)",
                "from_port": 22,
                "ipv6_cidr_blocks": [],
                "prefix_list_ids": [],
                "protocol": "tcp",
                "security_groups": [],
                "self": false,
                "to_port": 22
              }
            ],
            "name": "Cloud-2006 Web-sg",
            "name_prefix": "",
            "owner_id": "058264464133",
            "revoke_rules_on_delete": false,
            "tags": {
              "Name": "Cloud-2006 Web-sg"
            },
            "tags_all": {
              "Name": "Cloud-2006 Web-sg"
            },
            "timeouts": null,
            "vpc_id": "vpc-000edc8770637eb14"
          },
          "sensitive_attributes": [],
          "identity_schema_version": 0,
          "private": "eyJlMmJmYjczMC1lY2FhLTExZTYtOGY4OC0zNDM2M2JjN2M0YzAiOnsiY3JlYXRlIjo2MDAwMDAwMDAwMDAsImRlbGV0ZSI6OTAwMDAwMDAwMDAwfSwic2NoZW1hX3ZlcnNpb24iOiIxIn0=",
          "dependencies": [
            "aws_vpc.main"
          ]
        }
      ]
    },
    {
      "mode": "managed",
      "type": "aws_subnet",
      "name": "private_a",
      "provider": "provider[\"registry.terraform.io/hashicorp/aws\"]",
      "instances": [
        {
          "schema_version": 1,
          "attributes": {
            "arn": "arn:aws:ec2:us-east-1:058264464133:subnet/subnet-01c864cb8b4c9462f",
            "assign_ipv6_address_on_creation": false,
            "availability_zone": "us-east-1a",
            "availability_zone_id": "use1-az6",
            "cidr_block": "10.0.128.0/20",
            "customer_owned_ipv4_pool": "",
            "enable_dns64": false,
            "enable_lni_at_device_index": 0,
            "enable_resource_name_dns_a_record_on_launch": false,
            "enable_resource_name_dns_aaaa_record_on_launch": false,
            "id": "subnet-01c864cb8b4c9462f",
            "ipv6_cidr_block": "",
            "ipv6_cidr_block_association_id": "",
            "ipv6_native": false,
            "map_customer_owned_ip_on_launch": false,
            "map_public_ip_on_launch": false,
            "outpost_arn": "",
            "owner_id": "058264464133",
            "private_dns_hostname_type_on_launch": "ip-name",
            "tags": {
              "Name": "cloud-2006-private-a",
              "Tier": "Private"
            },
            "tags_all": {
              "Name": "cloud-2006-private-a",
              "Tier": "Private"
            },
            "timeouts": null,
            "vpc_id": "vpc-000edc8770637eb14"
          },
          "sensitive_attributes": [],
          "identity_schema_version": 0,
          "private": "eyJlMmJmYjczMC1lY2FhLTExZTYtOGY4OC0zNDM2M2JjN2M0YzAiOnsiY3JlYXRlIjo2MDAwMDAwMDAwMDAsImRlbGV0ZSI6MTIwMDAwMDAwMDAwMH0sInNjaGVtYV92ZXJzaW9uIjoiMSJ9",
          "dependencies": [
            "aws_vpc.main"
          ]
        }
      ]
    },
    {
      "mode": "managed",
      "type": "aws_subnet",
      "name": "private_b",
      "provider": "provider[\"registry.terraform.io/hashicorp/aws\"]",
      "instances": [
        {
          "schema_version": 1,
          "attributes": {
            "arn": "arn:aws:ec2:us-east-1:058264464133:subnet/subnet-05ac35953121ccd71",
            "assign_ipv6_address_on_creation": false,
            "availability_zone": "us-east-1b",
            "availability_zone_id": "use1-az1",
            "cidr_block": "10.0.144.0/20",
            "customer_owned_ipv4_pool": "",
            "enable_dns64": false,
            "enable_lni_at_device_index": 0,
            "enable_resource_name_dns_a_record_on_launch": false,
            "enable_resource_name_dns_aaaa_record_on_launch": false,
            "id": "subnet-05ac35953121ccd71",
            "ipv6_cidr_block": "",
            "ipv6_cidr_block_association_id": "",
            "ipv6_native": false,
            "map_customer_owned_ip_on_launch": false,
            "map_public_ip_on_launch": false,
            "outpost_arn": "",
            "owner_id": "058264464133",
            "private_dns_hostname_type_on_launch": "ip-name",
            "tags": {
              "Name": "cloud-2006-private-b",
              "Tier": "Private"
            },
            "tags_all": {
              "Name": "cloud-2006-private-b",
              "Tier": "Private"
            },
            "timeouts": null,
            "vpc_id": "vpc-000edc8770637eb14"
          },
          "sensitive_attributes": [],
          "identity_schema_version": 0,
          "private": "eyJlMmJmYjczMC1lY2FhLTExZTYtOGY4OC0zNDM2M2JjN2M0YzAiOnsiY3JlYXRlIjo2MDAwMDAwMDAwMDAsImRlbGV0ZSI6MTIwMDAwMDAwMDAwMH0sInNjaGVtYV92ZXJzaW9uIjoiMSJ9",
          "dependencies": [
            "aws_vpc.main"
          ]
        }
      ]
    },
    {
      "mode": "managed",
      "type": "aws_subnet",
      "name": "public_a",
      "provider": "provider[\"registry.terraform.io/hashicorp/aws\"]",
      "instances": [
        {
          "schema_version": 1,
          "attributes": {
            "arn": "arn:aws:ec2:us-east-1:058264464133:subnet/subnet-0b0d7ce76e61dce7f",
            "assign_ipv6_address_on_creation": false,
            "availability_zone": "us-east-1a",
            "availability_zone_id": "use1-az6",
            "cidr_block": "10.0.0.0/20",
            "customer_owned_ipv4_pool": "",
            "enable_dns64": false,
            "enable_lni_at_device_index": 0,
            "enable_resource_name_dns_a_record_on_launch": false,
            "enable_resource_name_dns_aaaa_record_on_launch": false,
            "id": "subnet-0b0d7ce76e61dce7f",
            "ipv6_cidr_block": "",
            "ipv6_cidr_block_association_id": "",
            "ipv6_native": false,
            "map_customer_owned_ip_on_launch": false,
            "map_public_ip_on_launch": true,
            "outpost_arn": "",
            "owner_id": "058264464133",
            "private_dns_hostname_type_on_launch": "ip-name",
            "tags": {
              "Name": "cloud-2006-public-a",
              "Tier": "Public"
            },
            "tags_all": {
              "Name": "cloud-2006-public-a",
              "Tier": "Public"
            },
            "timeouts": null,
            "vpc_id": "vpc-000edc8770637eb14"
          },
          "sensitive_attributes": [],
          "identity_schema_version": 0,
          "private": "eyJlMmJmYjczMC1lY2FhLTExZTYtOGY4OC0zNDM2M2JjN2M0YzAiOnsiY3JlYXRlIjo2MDAwMDAwMDAwMDAsImRlbGV0ZSI6MTIwMDAwMDAwMDAwMH0sInNjaGVtYV92ZXJzaW9uIjoiMSJ9",
          "dependencies": [
            "aws_vpc.main"
          ]
        }
      ]
    },
    {
      "mode": "managed",
      "type": "aws_subnet",
      "name": "public_b",
      "provider": "provider[\"registry.terraform.io/hashicorp/aws\"]",
      "instances": [
        {
          "schema_version": 1,
          "attributes": {
            "arn": "arn:aws:ec2:us-east-1:058264464133:subnet/subnet-0f8ea9468cdcd4c60",
            "assign_ipv6_address_on_creation": false,
            "availability_zone": "us-east-1b",
            "availability_zone_id": "use1-az1",
            "cidr_block": "10.0.16.0/20",
            "customer_owned_ipv4_pool": "",
            "enable_dns64": false,
            "enable_lni_at_device_index": 0,
            "enable_resource_name_dns_a_record_on_launch": false,
            "enable_resource_name_dns_aaaa_record_on_launch": false,
            "id": "subnet-0f8ea9468cdcd4c60",
            "ipv6_cidr_block": "",
            "ipv6_cidr_block_association_id": "",
            "ipv6_native": false,
            "map_customer_owned_ip_on_launch": false,
            "map_public_ip_on_launch": true,
            "outpost_arn": "",
            "owner_id": "058264464133",
            "private_dns_hostname_type_on_launch": "ip-name",
            "tags": {
              "Name": "cloud-2006-public-b",
              "Tier": "Public"
            },
            "tags_all": {
              "Name": "cloud-2006-public-b",
              "Tier": "Public"
            },
            "timeouts": null,
            "vpc_id": "vpc-000edc8770637eb14"
          },
          "sensitive_attributes": [],
          "identity_schema_version": 0,
          "private": "eyJlMmJmYjczMC1lY2FhLTExZTYtOGY4OC0zNDM2M2JjN2M0YzAiOnsiY3JlYXRlIjo2MDAwMDAwMDAwMDAsImRlbGV0ZSI6MTIwMDAwMDAwMDAwMH0sInNjaGVtYV92ZXJzaW9uIjoiMSJ9",
          "dependencies": [
            "aws_vpc.main"
          ]
        }
      ]
    },
    {
      "mode": "managed",
      "type": "aws_vpc",
      "name": "main",
      "provider": "provider[\"registry.terraform.io/hashicorp/aws\"]",
      "instances": [
        {
          "schema_version": 1,
          "attributes": {
            "arn": "arn:aws:ec2:us-east-1:058264464133:vpc/vpc-000edc8770637eb14",
            "assign_generated_ipv6_cidr_block": false,
            "cidr_block": "10.0.0.0/16",
            "default_network_acl_id": "acl-0948597b988b33561",
            "default_route_table_id": "rtb-0c5e2c8297ece8e3c",
            "default_security_group_id": "sg-0db7a5c9c1e9ac79f",
            "dhcp_options_id": "dopt-06e4595633379d7f2",
            "enable_dns_hostnames": true,
            "enable_dns_support": true,
            "enable_network_address_usage_metrics": false,
            "id": "vpc-000edc8770637eb14",
            "instance_tenancy": "default",
            "ipv4_ipam_pool_id": null,
            "ipv4_netmask_length": null,
            "ipv6_association_id": "",
            "ipv6_cidr_block": "",
            "ipv6_cidr_block_network_border_group": "",
            "ipv6_ipam_pool_id": "",
            "ipv6_netmask_length": 0,
            "main_route_table_id": "rtb-0c5e2c8297ece8e3c",
            "owner_id": "058264464133",
            "tags": {
              "Name": "vpc-cloud-2006",
              "Project": "cloud-2006"
            },
            "tags_all": {
              "Name": "vpc-cloud-2006",
              "Project": "cloud-2006"
            }
          },
          "sensitive_attributes": [],
          "identity_schema_version": 0,
          "private": "eyJzY2hlbWFfdmVyc2lvbiI6IjEifQ=="
        }
      ]
    }
  ],
  "check_results": null
}
