{
  "version": 4,
  "terraform_version": "1.13.3",
  "serial": 37,
  "lineage": "7d7ddbe8-c995-f9d9-533f-a547363be1e5",
  "outputs": {
    "alb_dns_name": {
      "value": "cloud-2006-alb-1311302657.us-east-1.elb.amazonaws.com",
      "type": "string"
    },
    "rds_endpoint": {
      "value": "cloud-2006-db.cn4q042s0dlt.us-east-1.rds.amazonaws.com",
      "type": "string"
    },
    "web_server_public_dns": {
      "value": "ec2-107-22-58-217.compute-1.amazonaws.com",
      "type": "string"
    },
    "web_server_public_ip": {
      "value": "107.22.58.217",
      "type": "string"
    }
  },
  "resources": [
    {
      "mode": "data",
      "type": "aws_ami",
      "name": "al2023",
      "provider": "provider[\"registry.terraform.io/hashicorp/aws\"]",
      "instances": [
        {
          "schema_version": 0,
          "attributes": {
            "architecture": "x86_64",
            "arn": "arn:aws:ec2:us-east-1::image/ami-08982f1c5bf93d976",
            "block_device_mappings": [
              {
                "device_name": "/dev/xvda",
                "ebs": {
                  "delete_on_termination": "true",
                  "encrypted": "false",
                  "iops": "3000",
                  "snapshot_id": "snap-0e8ae436bb016efb5",
                  "throughput": "125",
                  "volume_initialization_rate": "0",
                  "volume_size": "8",
                  "volume_type": "gp3"
                },
                "no_device": "",
                "virtual_name": ""
              }
            ],
            "boot_mode": "uefi-preferred",
            "creation_date": "2025-09-10T19:09:27.000Z",
            "deprecation_time": "2025-12-09T19:09:00.000Z",
            "description": "Amazon Linux 2023 AMI 2023.8.20250915.0 x86_64 HVM kernel-6.1",
            "ena_support": true,
            "executable_users": null,
            "filter": [
              {
                "name": "name",
                "values": [
                  "al2023-ami-2023.*-x86_64"
                ]
              },
              {
                "name": "virtualization-type",
                "values": [
                  "hvm"
                ]
              }
            ],
            "hypervisor": "xen",
            "id": "ami-08982f1c5bf93d976",
            "image_id": "ami-08982f1c5bf93d976",
            "image_location": "amazon/al2023-ami-2023.8.20250915.0-kernel-6.1-x86_64",
            "image_owner_alias": "amazon",
            "image_type": "machine",
            "imds_support": "v2.0",
            "include_deprecated": false,
            "kernel_id": "",
            "last_launched_time": "",
            "most_recent": true,
            "name": "al2023-ami-2023.8.20250915.0-kernel-6.1-x86_64",
            "name_regex": null,
            "owner_id": "137112412989",
            "owners": [
              "amazon"
            ],
            "platform": "",
            "platform_details": "Linux/UNIX",
            "product_codes": [],
            "public": true,
            "ramdisk_id": "",
            "root_device_name": "/dev/xvda",
            "root_device_type": "ebs",
            "root_snapshot_id": "snap-0e8ae436bb016efb5",
            "sriov_net_support": "simple",
            "state": "available",
            "state_reason": {
              "code": "UNSET",
              "message": "UNSET"
            },
            "tags": {},
            "timeouts": null,
            "tpm_support": "",
            "uefi_data": null,
            "usage_operation": "RunInstances",
            "virtualization_type": "hvm"
          },
          "sensitive_attributes": [],
          "identity_schema_version": 0
        }
      ]
    },
    {
      "mode": "data",
      "type": "aws_iam_instance_profile",
      "name": "lab_profile",
      "provider": "provider[\"registry.terraform.io/hashicorp/aws\"]",
      "instances": [
        {
          "schema_version": 0,
          "attributes": {
            "arn": "arn:aws:iam::058264464133:instance-profile/EMR_EC2_DefaultRole",
            "create_date": "2025-04-14 06:18:39 +0000 UTC",
            "id": "AIPAQ3EGVFMCQ35OPG6SF",
            "name": "EMR_EC2_DefaultRole",
            "path": "/",
            "role_arn": "arn:aws:iam::058264464133:role/EMR_EC2_DefaultRole",
            "role_id": "AROAQ3EGVFMCXB26PONKX",
            "role_name": "EMR_EC2_DefaultRole"
          },
          "sensitive_attributes": [],
          "identity_schema_version": 0
        }
      ]
    },
    {
      "mode": "data",
      "type": "aws_region",
      "name": "current",
      "provider": "provider[\"registry.terraform.io/hashicorp/aws\"]",
      "instances": [
        {
          "schema_version": 0,
          "attributes": {
            "description": "US East (N. Virginia)",
            "endpoint": "ec2.us-east-1.amazonaws.com",
            "id": "us-east-1",
            "name": "us-east-1"
          },
          "sensitive_attributes": [],
          "identity_schema_version": 0
        }
      ]
    },
    {
      "mode": "data",
      "type": "template_file",
      "name": "user_data",
      "provider": "provider[\"registry.terraform.io/hashicorp/template\"]",
      "instances": [
        {
          "schema_version": 0,
          "attributes": {
            "filename": null,
            "id": "10d0369af2499f0704fd94f52a01a7a4c2de2ac2f4a3558030b990650c8f1c91",
            "rendered": "#!/bin/bash\n# Install web server, PHP (for DB/S3 connection testing), and MariaDB client\nsudo dnf update -y\nsudo dnf install -y httpd wget php-fpm php-mysqli php-json php php-devel\n\n# No need to install mariadb105-server on the web server, only client is needed\n# sudo dnf install -y mariadb105-server # Not needed on web server\nsudo dnf install -y mariadb105-client # Install client for RDS connection test\n\n# Configure and Start HTTPD\nsudo systemctl enable httpd\nsudo systemctl start httpd\n\n# Set permissions\nsudo usermod -a -G apache ec2-user\nsudo chown -R ec2-user:apache /var/www\nsudo chmod 2775 /var/www\nfind /var/www -type d -exec sudo chmod 2775 {} \\;\nfind /var/www -type f -exec sudo chmod 0664 {} \\;\n\n# Create a test index.html with S3/RDS reference (for verification)\n# The RDS_ENDPOINT and S3_BUCKET are templated in by Terraform\nS3_BUCKET=\"cloud-2006-static-files-tourism-poi\"\nRDS_ENDPOINT=\"cloud-2006-db.cn4q042s0dlt.us-east-1.rds.amazonaws.com\"\nAWS_REGION=\"us-east-1\"\n\necho '\u003chtml\u003e\n            \u003chead\u003e\u003ctitle\u003eCloud-2006 Web Server\u003c/title\u003e\u003c/head\u003e\n            \u003cbody\u003e\n              \u003ch1\u003eCloud-2006 Web Server (Cloud-2006)\u003c/h1\u003e\n              \u003ch2\u003eData Source Access Check\u003c/h2\u003e\n              \u003cp\u003e\u003cstrong\u003eRDS Endpoint:\u003c/strong\u003e '$RDS_ENDPOINT'\u003c/p\u003e\n              \u003cp\u003e\u003cstrong\u003eS3 Bucket:\u003c/strong\u003e s3://'$S3_BUCKET'\u003c/p\u003e\n              \u003cp\u003e\u003cstrong\u003eAWS Region:\u003c/strong\u003e '$AWS_REGION'\u003c/p\u003e\n              \u003cp\u003eA simple check to verify EC2 is running and can reference its resources.\u003c/p\u003e\n              \u003cp\u003eActual S3/RDS connectivity requires app code (PHP/Python) to fully utilize the IAM role and database connection.\u003c/p\u003e\n            \u003c/body\u003e\n        \u003c/html\u003e' | sudo tee /var/www/html/index.html",
            "template": "#!/bin/bash\n# Install web server, PHP (for DB/S3 connection testing), and MariaDB client\nsudo dnf update -y\nsudo dnf install -y httpd wget php-fpm php-mysqli php-json php php-devel\n\n# No need to install mariadb105-server on the web server, only client is needed\n# sudo dnf install -y mariadb105-server # Not needed on web server\nsudo dnf install -y mariadb105-client # Install client for RDS connection test\n\n# Configure and Start HTTPD\nsudo systemctl enable httpd\nsudo systemctl start httpd\n\n# Set permissions\nsudo usermod -a -G apache ec2-user\nsudo chown -R ec2-user:apache /var/www\nsudo chmod 2775 /var/www\nfind /var/www -type d -exec sudo chmod 2775 {} \\;\nfind /var/www -type f -exec sudo chmod 0664 {} \\;\n\n# Create a test index.html with S3/RDS reference (for verification)\n# The RDS_ENDPOINT and S3_BUCKET are templated in by Terraform\nS3_BUCKET=\"${s3_bucket_name}\"\nRDS_ENDPOINT=\"${rds_endpoint}\"\nAWS_REGION=\"${aws_region}\"\n\necho '\u003chtml\u003e\n            \u003chead\u003e\u003ctitle\u003eCloud-2006 Web Server\u003c/title\u003e\u003c/head\u003e\n            \u003cbody\u003e\n              \u003ch1\u003eCloud-2006 Web Server (Cloud-2006)\u003c/h1\u003e\n              \u003ch2\u003eData Source Access Check\u003c/h2\u003e\n              \u003cp\u003e\u003cstrong\u003eRDS Endpoint:\u003c/strong\u003e '$RDS_ENDPOINT'\u003c/p\u003e\n              \u003cp\u003e\u003cstrong\u003eS3 Bucket:\u003c/strong\u003e s3://'$S3_BUCKET'\u003c/p\u003e\n              \u003cp\u003e\u003cstrong\u003eAWS Region:\u003c/strong\u003e '$AWS_REGION'\u003c/p\u003e\n              \u003cp\u003eA simple check to verify EC2 is running and can reference its resources.\u003c/p\u003e\n              \u003cp\u003eActual S3/RDS connectivity requires app code (PHP/Python) to fully utilize the IAM role and database connection.\u003c/p\u003e\n            \u003c/body\u003e\n        \u003c/html\u003e' | sudo tee /var/www/html/index.html",
            "vars": {
              "aws_region": "us-east-1",
              "rds_endpoint": "cloud-2006-db.cn4q042s0dlt.us-east-1.rds.amazonaws.com",
              "s3_bucket_name": "cloud-2006-static-files-tourism-poi"
            }
          },
          "sensitive_attributes": [],
          "identity_schema_version": 0
        }
      ]
    },
    {
      "mode": "managed",
      "type": "aws_autoscaling_group",
      "name": "asg",
      "provider": "provider[\"registry.terraform.io/hashicorp/aws\"]",
      "instances": [
        {
          "schema_version": 1,
          "attributes": {
            "arn": "arn:aws:autoscaling:us-east-1:058264464133:autoScalingGroup:0a4a2de4-4782-4549-a1f3-03ed1fdbcad3:autoScalingGroupName/cloud-2006-asg",
            "availability_zone_distribution": [
              {
                "capacity_distribution_strategy": "balanced-best-effort"
              }
            ],
            "availability_zones": [
              "us-east-1a",
              "us-east-1b"
            ],
            "capacity_rebalance": false,
            "capacity_reservation_specification": [
              {
                "capacity_reservation_preference": "default",
                "capacity_reservation_target": []
              }
            ],
            "context": "",
            "default_cooldown": 300,
            "default_instance_warmup": 0,
            "desired_capacity": 1,
            "desired_capacity_type": "",
            "enabled_metrics": null,
            "force_delete": false,
            "force_delete_warm_pool": false,
            "health_check_grace_period": 300,
            "health_check_type": "ELB",
            "id": "cloud-2006-asg",
            "ignore_failed_scaling_activities": false,
            "initial_lifecycle_hook": [],
            "instance_maintenance_policy": [],
            "instance_refresh": [],
            "launch_configuration": "",
            "launch_template": [
              {
                "id": "lt-006ec057d539f9399",
                "name": "cloud-2006-lt-20250926065858326800000002",
                "version": "$Latest"
              }
            ],
            "load_balancers": [],
            "max_instance_lifetime": 0,
            "max_size": 2,
            "metrics_granularity": "1Minute",
            "min_elb_capacity": null,
            "min_size": 1,
            "mixed_instances_policy": [],
            "name": "cloud-2006-asg",
            "name_prefix": "",
            "placement_group": "",
            "predicted_capacity": 0,
            "protect_from_scale_in": false,
            "service_linked_role_arn": "arn:aws:iam::058264464133:role/aws-service-role/autoscaling.amazonaws.com/AWSServiceRoleForAutoScaling",
            "suspended_processes": null,
            "tag": [
              {
                "key": "Name",
                "propagate_at_launch": true,
                "value": "Cloud-2006 ASG Instance"
              }
            ],
            "target_group_arns": [
              "arn:aws:elasticloadbalancing:us-east-1:058264464133:targetgroup/cloud-2006-tg/6e3e38a792196d86"
            ],
            "termination_policies": null,
            "timeouts": null,
            "traffic_source": [
              {
                "identifier": "arn:aws:elasticloadbalancing:us-east-1:058264464133:targetgroup/cloud-2006-tg/6e3e38a792196d86",
                "type": "elbv2"
              }
            ],
            "vpc_zone_identifier": [
              "subnet-0b0d7ce76e61dce7f",
              "subnet-0f8ea9468cdcd4c60"
            ],
            "wait_for_capacity_timeout": "10m",
            "wait_for_elb_capacity": null,
            "warm_pool": [],
            "warm_pool_size": 0
          },
          "sensitive_attributes": [],
          "identity_schema_version": 0,
          "private": "eyJlMmJmYjczMC1lY2FhLTExZTYtOGY4OC0zNDM2M2JjN2M0YzAiOnsiZGVsZXRlIjo2MDAwMDAwMDAwMDAsInVwZGF0ZSI6NjAwMDAwMDAwMDAwfSwic2NoZW1hX3ZlcnNpb24iOiIxIn0=",
          "dependencies": [
            "aws_db_instance.mysql_db",
            "aws_db_subnet_group.db_sg",
            "aws_launch_template.lt",
            "aws_lb_target_group.tg",
            "aws_security_group.db_sg",
            "aws_security_group.web_sg",
            "aws_subnet.private_a",
            "aws_subnet.private_b",
            "aws_subnet.public_a",
            "aws_subnet.public_b",
            "aws_vpc.main",
            "data.aws_ami.al2023",
            "data.aws_iam_instance_profile.lab_profile",
            "data.aws_region.current",
            "data.template_file.user_data"
          ]
        }
      ]
    },
    {
      "mode": "managed",
      "type": "aws_db_instance",
      "name": "mysql_db",
      "provider": "provider[\"registry.terraform.io/hashicorp/aws\"]",
      "instances": [
        {
          "schema_version": 2,
          "attributes": {
            "address": "cloud-2006-db.cn4q042s0dlt.us-east-1.rds.amazonaws.com",
            "allocated_storage": 20,
            "allow_major_version_upgrade": null,
            "apply_immediately": false,
            "arn": "arn:aws:rds:us-east-1:058264464133:db:cloud-2006-db",
            "auto_minor_version_upgrade": true,
            "availability_zone": "us-east-1b",
            "backup_retention_period": 0,
            "backup_target": "region",
            "backup_window": "06:54-07:24",
            "blue_green_update": [],
            "ca_cert_identifier": "rds-ca-rsa2048-g1",
            "character_set_name": "",
            "copy_tags_to_snapshot": false,
            "custom_iam_instance_profile": "",
            "customer_owned_ip_enabled": false,
            "database_insights_mode": "standard",
            "db_name": "",
            "db_subnet_group_name": "cloud-2006-db-sg",
            "dedicated_log_volume": false,
            "delete_automated_backups": true,
            "deletion_protection": false,
            "domain": "",
            "domain_auth_secret_arn": "",
            "domain_dns_ips": [],
            "domain_fqdn": "",
            "domain_iam_role_name": "",
            "domain_ou": "",
            "enabled_cloudwatch_logs_exports": [],
            "endpoint": "cloud-2006-db.cn4q042s0dlt.us-east-1.rds.amazonaws.com:3306",
            "engine": "mysql",
            "engine_lifecycle_support": "open-source-rds-extended-support",
            "engine_version": "8.0",
            "engine_version_actual": "8.0.42",
            "final_snapshot_identifier": null,
            "hosted_zone_id": "Z2R2ITUGPM61AM",
            "iam_database_authentication_enabled": false,
            "id": "db-JMLSIVNFVWDUAOTWBDJNP7637Y",
            "identifier": "cloud-2006-db",
            "identifier_prefix": "",
            "instance_class": "db.t3.micro",
            "iops": 0,
            "kms_key_id": "",
            "latest_restorable_time": "",
            "license_model": "general-public-license",
            "listener_endpoint": [],
            "maintenance_window": "wed:07:29-wed:07:59",
            "manage_master_user_password": null,
            "master_user_secret": [],
            "master_user_secret_kms_key_id": null,
            "max_allocated_storage": 0,
            "monitoring_interval": 0,
            "monitoring_role_arn": "",
            "multi_az": false,
            "nchar_character_set_name": "",
            "network_type": "IPV4",
            "option_group_name": "default:mysql-8-0",
            "parameter_group_name": "default.mysql8.0",
            "password": "TourismPOI",
            "password_wo": null,
            "password_wo_version": null,
            "performance_insights_enabled": false,
            "performance_insights_kms_key_id": "",
            "performance_insights_retention_period": 0,
            "port": 3306,
            "publicly_accessible": false,
            "replica_mode": "",
            "replicas": [],
            "replicate_source_db": "",
            "resource_id": "db-JMLSIVNFVWDUAOTWBDJNP7637Y",
            "restore_to_point_in_time": [],
            "s3_import": [],
            "skip_final_snapshot": true,
            "snapshot_identifier": null,
            "status": "available",
            "storage_encrypted": false,
            "storage_throughput": 0,
            "storage_type": "gp2",
            "tags": {
              "Name": "cloud-2006-db"
            },
            "tags_all": {
              "Name": "cloud-2006-db"
            },
            "timeouts": null,
            "timezone": "",
            "upgrade_storage_config": null,
            "username": "clouddev",
            "vpc_security_group_ids": [
              "sg-0f32e1cf5bb9549b0"
            ]
          },
          "sensitive_attributes": [
            [
              {
                "type": "get_attr",
                "value": "password"
              }
            ],
            [
              {
                "type": "get_attr",
                "value": "password_wo"
              }
            ]
          ],
          "identity_schema_version": 0,
          "private": "eyJlMmJmYjczMC1lY2FhLTExZTYtOGY4OC0zNDM2M2JjN2M0YzAiOnsiY3JlYXRlIjozMDAwMDAwMDAwMDAwLCJkZWxldGUiOjM2MDAwMDAwMDAwMDAsInVwZGF0ZSI6NDgwMDAwMDAwMDAwMH0sInNjaGVtYV92ZXJzaW9uIjoiMiJ9",
          "dependencies": [
            "aws_db_subnet_group.db_sg",
            "aws_security_group.db_sg",
            "aws_security_group.web_sg",
            "aws_subnet.private_a",
            "aws_subnet.private_b",
            "aws_vpc.main"
          ]
        }
      ]
    },
    {
      "mode": "managed",
      "type": "aws_db_subnet_group",
      "name": "db_sg",
      "provider": "provider[\"registry.terraform.io/hashicorp/aws\"]",
      "instances": [
        {
          "schema_version": 0,
          "attributes": {
            "arn": "arn:aws:rds:us-east-1:058264464133:subgrp:cloud-2006-db-sg",
            "description": "DB Subnet Group",
            "id": "cloud-2006-db-sg",
            "name": "cloud-2006-db-sg",
            "name_prefix": "",
            "subnet_ids": [
              "subnet-01c864cb8b4c9462f",
              "subnet-05ac35953121ccd71"
            ],
            "supported_network_types": [
              "IPV4"
            ],
            "tags": {
              "Name": "Cloud-2006-DB-SG"
            },
            "tags_all": {
              "Name": "Cloud-2006-DB-SG"
            },
            "vpc_id": "vpc-000edc8770637eb14"
          },
          "sensitive_attributes": [],
          "identity_schema_version": 0,
          "private": "bnVsbA==",
          "dependencies": [
            "aws_subnet.private_a",
            "aws_subnet.private_b",
            "aws_vpc.main"
          ]
        }
      ]
    },
    {
      "mode": "managed",
      "type": "aws_instance",
      "name": "web_server",
      "provider": "provider[\"registry.terraform.io/hashicorp/aws\"]",
      "instances": [
        {
          "schema_version": 1,
          "attributes": {
            "ami": "ami-08982f1c5bf93d976",
            "arn": "arn:aws:ec2:us-east-1:058264464133:instance/i-033d8fd115ab38d5c",
            "associate_public_ip_address": true,
            "availability_zone": "us-east-1a",
            "capacity_reservation_specification": [
              {
                "capacity_reservation_preference": "open",
                "capacity_reservation_target": []
              }
            ],
            "cpu_core_count": 1,
            "cpu_options": [
              {
                "amd_sev_snp": "",
                "core_count": 1,
                "threads_per_core": 2
              }
            ],
            "cpu_threads_per_core": 2,
            "credit_specification": [
              {
                "cpu_credits": "unlimited"
              }
            ],
            "disable_api_stop": false,
            "disable_api_termination": false,
            "ebs_block_device": [],
            "ebs_optimized": false,
            "enable_primary_ipv6": null,
            "enclave_options": [
              {
                "enabled": false
              }
            ],
            "ephemeral_block_device": [],
            "get_password_data": false,
            "hibernation": false,
            "host_id": "",
            "host_resource_group_arn": null,
            "iam_instance_profile": "EMR_EC2_DefaultRole",
            "id": "i-033d8fd115ab38d5c",
            "instance_initiated_shutdown_behavior": "stop",
            "instance_lifecycle": "",
            "instance_market_options": [],
            "instance_state": "running",
            "instance_type": "t3.micro",
            "ipv6_address_count": 0,
            "ipv6_addresses": [],
            "key_name": "cloud-2006-key",
            "launch_template": [],
            "maintenance_options": [
              {
                "auto_recovery": "default"
              }
            ],
            "metadata_options": [
              {
                "http_endpoint": "enabled",
                "http_protocol_ipv6": "disabled",
                "http_put_response_hop_limit": 2,
                "http_tokens": "required",
                "instance_metadata_tags": "disabled"
              }
            ],
            "monitoring": false,
            "network_interface": [],
            "outpost_arn": "",
            "password_data": "",
            "placement_group": "",
            "placement_partition_number": 0,
            "primary_network_interface_id": "eni-0f92cbd4900182b81",
            "private_dns": "ip-10-0-3-210.ec2.internal",
            "private_dns_name_options": [
              {
                "enable_resource_name_dns_a_record": false,
                "enable_resource_name_dns_aaaa_record": false,
                "hostname_type": "ip-name"
              }
            ],
            "private_ip": "10.0.3.210",
            "public_dns": "ec2-107-22-58-217.compute-1.amazonaws.com",
            "public_ip": "107.22.58.217",
            "root_block_device": [
              {
                "delete_on_termination": true,
                "device_name": "/dev/xvda",
                "encrypted": false,
                "iops": 3000,
                "kms_key_id": "",
                "tags": {},
                "tags_all": {},
                "throughput": 125,
                "volume_id": "vol-01fd2dd449a19863f",
                "volume_size": 8,
                "volume_type": "gp3"
              }
            ],
            "secondary_private_ips": [],
            "security_groups": [
              "sg-0546a90bf2a480463"
            ],
            "source_dest_check": true,
            "spot_instance_request_id": "",
            "subnet_id": "subnet-0b0d7ce76e61dce7f",
            "tags": {
              "Environment": "Dev",
              "Name": "Cloud-2006 Web Server - DEV",
              "Project": "cloud-2006"
            },
            "tags_all": {
              "Environment": "Dev",
              "Name": "Cloud-2006 Web Server - DEV",
              "Project": "cloud-2006"
            },
            "tenancy": "default",
            "timeouts": null,
            "user_data": "bb2feea993c709126d6ab12880527debe72c52d6",
            "user_data_base64": null,
            "user_data_replace_on_change": false,
            "volume_tags": null,
            "vpc_security_group_ids": [
              "sg-0546a90bf2a480463"
            ]
          },
          "sensitive_attributes": [],
          "identity_schema_version": 0,
          "private": "eyJlMmJmYjczMC1lY2FhLTExZTYtOGY4OC0zNDM2M2JjN2M0YzAiOnsiY3JlYXRlIjo2MDAwMDAwMDAwMDAsImRlbGV0ZSI6MTIwMDAwMDAwMDAwMCwicmVhZCI6OTAwMDAwMDAwMDAwLCJ1cGRhdGUiOjYwMDAwMDAwMDAwMH0sInNjaGVtYV92ZXJzaW9uIjoiMSJ9",
          "dependencies": [
            "aws_db_instance.mysql_db",
            "aws_db_subnet_group.db_sg",
            "aws_security_group.db_sg",
            "aws_security_group.web_sg",
            "aws_subnet.private_a",
            "aws_subnet.private_b",
            "aws_subnet.public_a",
            "aws_vpc.main",
            "data.aws_ami.al2023",
            "data.aws_iam_instance_profile.lab_profile",
            "data.aws_region.current",
            "data.template_file.user_data"
          ]
        }
      ]
    },
    {
      "mode": "managed",
      "type": "aws_internet_gateway",
      "name": "igw",
      "provider": "provider[\"registry.terraform.io/hashicorp/aws\"]",
      "instances": [
        {
          "schema_version": 0,
          "attributes": {
            "arn": "arn:aws:ec2:us-east-1:058264464133:internet-gateway/igw-0b14885ffc7781bf0",
            "id": "igw-0b14885ffc7781bf0",
            "owner_id": "058264464133",
            "tags": {
              "Name": "vpc-cloud-2006-igw"
            },
            "tags_all": {
              "Name": "vpc-cloud-2006-igw"
            },
            "timeouts": null,
            "vpc_id": "vpc-000edc8770637eb14"
          },
          "sensitive_attributes": [],
          "identity_schema_version": 0,
          "private": "eyJlMmJmYjczMC1lY2FhLTExZTYtOGY4OC0zNDM2M2JjN2M0YzAiOnsiY3JlYXRlIjoxMjAwMDAwMDAwMDAwLCJkZWxldGUiOjEyMDAwMDAwMDAwMDAsInVwZGF0ZSI6MTIwMDAwMDAwMDAwMH19",
          "dependencies": [
            "aws_vpc.main"
          ]
        }
      ]
    },
    {
      "mode": "managed",
      "type": "aws_key_pair",
      "name": "key_pair",
      "provider": "provider[\"registry.terraform.io/hashicorp/aws\"]",
      "instances": [
        {
          "schema_version": 1,
          "attributes": {
            "arn": "arn:aws:ec2:us-east-1:058264464133:key-pair/cloud-2006-key",
            "fingerprint": "7c:4b:c2:b9:d8:e6:d0:2b:d1:ea:b0:80:d0:93:f3:7c",
            "id": "cloud-2006-key",
            "key_name": "cloud-2006-key",
            "key_name_prefix": "",
            "key_pair_id": "key-09ad0b2f13315d1b7",
            "key_type": "rsa",
            "public_key": "ssh-rsa AAAAB3NzaC1yc2EAAAADAQABAAACAQCVERzsFz9LKccD816hQiGD7pwmOPfUC4c0bFIEo8KMHzl6zCp88aI6rK6DCFehacWI5oBHYcnXsGckCEoa0X2tmsqjKiIcWNsb+4oZ5LqyfUcWlqNL2fudGeARWsEDL4gYrK4AGwqgxJOV9S+JJebFRVKhxmP4BCeNw8xflwA5jQSZ0sdA2EWnFwQ9SwsK9zKdGJuuoZy3tSCpteqPBXLxSr0aTqwJql11NnUVVvnaCQ/HQD7jp8+xVJmyJ2vePDDzkYWoWWx2MPF9shX0q59d8qFMbvgi/pJbmLauvmlQMzQaTZviTeOjILMbxaoY9NMsqMjfgD0o5K9gK3UDD+5hn8lZE4dBVUbHSSkgGRKS+oNlQtGwlvAXZC9C8Zaygw44bv4yhFPM/24B2yJW/Gs9mhSnFJ2aiZUm6IRLewi+9H4e9FrrOEjWJrhIQsm5JkgdpOqJ/3zW9sXyUCp5RFhDES6MocS7CO/V7LZphLTbR6JoYYRUYGSMttkGMboZArAo8xhf3nm6E8bSPNn71wfJYUsZRAvqhZ1U/yUAZ4vRHCl4b4ktbKV0Di2ZJeVtXtmiqSEJyT1vwVko7X7v31Jxjbo8MHGycKSG6BQo5FwbSkslsr4yvduuKg9QpDW/jZZxRPJCklOdFbetwmLSWYqXzoRzZPr/qt+j2f1Um8Su2w== ongji@JINGXIANG",
            "tags": {},
            "tags_all": {}
          },
          "sensitive_attributes": [],
          "identity_schema_version": 0,
          "private": "eyJzY2hlbWFfdmVyc2lvbiI6IjEifQ=="
        }
      ]
    },
    {
      "mode": "managed",
      "type": "aws_launch_template",
      "name": "lt",
      "provider": "provider[\"registry.terraform.io/hashicorp/aws\"]",
      "instances": [
        {
          "schema_version": 0,
          "attributes": {
            "arn": "arn:aws:ec2:us-east-1:058264464133:launch-template/lt-006ec057d539f9399",
            "block_device_mappings": [],
            "capacity_reservation_specification": [],
            "cpu_options": [],
            "credit_specification": [],
            "default_version": 1,
            "description": "",
            "disable_api_stop": false,
            "disable_api_termination": false,
            "ebs_optimized": "",
            "elastic_gpu_specifications": [],
            "elastic_inference_accelerator": [],
            "enclave_options": [],
            "hibernation_options": [],
            "iam_instance_profile": [
              {
                "arn": "",
                "name": "EMR_EC2_DefaultRole"
              }
            ],
            "id": "lt-006ec057d539f9399",
            "image_id": "ami-08982f1c5bf93d976",
            "instance_initiated_shutdown_behavior": "",
            "instance_market_options": [],
            "instance_requirements": [],
            "instance_type": "t3.micro",
            "kernel_id": "",
            "key_name": "",
            "latest_version": 1,
            "license_specification": [],
            "maintenance_options": [],
            "metadata_options": [],
            "monitoring": [],
            "name": "cloud-2006-lt-20250926065858326800000002",
            "name_prefix": "cloud-2006-lt-",
            "network_interfaces": [
              {
                "associate_carrier_ip_address": "",
                "associate_public_ip_address": "true",
                "connection_tracking_specification": [],
                "delete_on_termination": "",
                "description": "",
                "device_index": 0,
                "ena_srd_specification": [],
                "interface_type": "",
                "ipv4_address_count": 0,
                "ipv4_addresses": null,
                "ipv4_prefix_count": 0,
                "ipv4_prefixes": null,
                "ipv6_address_count": 0,
                "ipv6_addresses": null,
                "ipv6_prefix_count": 0,
                "ipv6_prefixes": null,
                "network_card_index": 0,
                "network_interface_id": "",
                "primary_ipv6": "",
                "private_ip_address": "",
                "security_groups": [
                  "sg-0546a90bf2a480463"
                ],
                "subnet_id": "subnet-0b0d7ce76e61dce7f"
              }
            ],
            "placement": [],
            "private_dns_name_options": [],
            "ram_disk_id": "",
            "security_group_names": null,
            "tag_specifications": [
              {
                "resource_type": "instance",
                "tags": {
                  "Environment": "Prod",
                  "Name": "Cloud-2006 ASG Instance - PROD",
                  "Project": "cloud-2006"
                }
              }
            ],
            "tags": null,
            "tags_all": {},
            "update_default_version": null,
            "user_data": "IyEvYmluL2Jhc2gKIyBJbnN0YWxsIHdlYiBzZXJ2ZXIsIFBIUCAoZm9yIERCL1MzIGNvbm5lY3Rpb24gdGVzdGluZyksIGFuZCBNYXJpYURCIGNsaWVudApzdWRvIGRuZiB1cGRhdGUgLXkKc3VkbyBkbmYgaW5zdGFsbCAteSBodHRwZCB3Z2V0IHBocC1mcG0gcGhwLW15c3FsaSBwaHAtanNvbiBwaHAgcGhwLWRldmVsCgojIE5vIG5lZWQgdG8gaW5zdGFsbCBtYXJpYWRiMTA1LXNlcnZlciBvbiB0aGUgd2ViIHNlcnZlciwgb25seSBjbGllbnQgaXMgbmVlZGVkCiMgc3VkbyBkbmYgaW5zdGFsbCAteSBtYXJpYWRiMTA1LXNlcnZlciAjIE5vdCBuZWVkZWQgb24gd2ViIHNlcnZlcgpzdWRvIGRuZiBpbnN0YWxsIC15IG1hcmlhZGIxMDUtY2xpZW50ICMgSW5zdGFsbCBjbGllbnQgZm9yIFJEUyBjb25uZWN0aW9uIHRlc3QKCiMgQ29uZmlndXJlIGFuZCBTdGFydCBIVFRQRApzdWRvIHN5c3RlbWN0bCBlbmFibGUgaHR0cGQKc3VkbyBzeXN0ZW1jdGwgc3RhcnQgaHR0cGQKCiMgU2V0IHBlcm1pc3Npb25zCnN1ZG8gdXNlcm1vZCAtYSAtRyBhcGFjaGUgZWMyLXVzZXIKc3VkbyBjaG93biAtUiBlYzItdXNlcjphcGFjaGUgL3Zhci93d3cKc3VkbyBjaG1vZCAyNzc1IC92YXIvd3d3CmZpbmQgL3Zhci93d3cgLXR5cGUgZCAtZXhlYyBzdWRvIGNobW9kIDI3NzUge30gXDsKZmluZCAvdmFyL3d3dyAtdHlwZSBmIC1leGVjIHN1ZG8gY2htb2QgMDY2NCB7fSBcOwoKIyBDcmVhdGUgYSB0ZXN0IGluZGV4Lmh0bWwgd2l0aCBTMy9SRFMgcmVmZXJlbmNlIChmb3IgdmVyaWZpY2F0aW9uKQojIFRoZSBSRFNfRU5EUE9JTlQgYW5kIFMzX0JVQ0tFVCBhcmUgdGVtcGxhdGVkIGluIGJ5IFRlcnJhZm9ybQpTM19CVUNLRVQ9ImNsb3VkLTIwMDYtc3RhdGljLWZpbGVzLXRvdXJpc20tcG9pIgpSRFNfRU5EUE9JTlQ9ImNsb3VkLTIwMDYtZGIuY240cTA0MnMwZGx0LnVzLWVhc3QtMS5yZHMuYW1hem9uYXdzLmNvbSIKQVdTX1JFR0lPTj0idXMtZWFzdC0xIgoKZWNobyAnPGh0bWw+CiAgICAgICAgICAgIDxoZWFkPjx0aXRsZT5DbG91ZC0yMDA2IFdlYiBTZXJ2ZXI8L3RpdGxlPjwvaGVhZD4KICAgICAgICAgICAgPGJvZHk+CiAgICAgICAgICAgICAgPGgxPkNsb3VkLTIwMDYgV2ViIFNlcnZlciAoQ2xvdWQtMjAwNik8L2gxPgogICAgICAgICAgICAgIDxoMj5EYXRhIFNvdXJjZSBBY2Nlc3MgQ2hlY2s8L2gyPgogICAgICAgICAgICAgIDxwPjxzdHJvbmc+UkRTIEVuZHBvaW50Ojwvc3Ryb25nPiAnJFJEU19FTkRQT0lOVCc8L3A+CiAgICAgICAgICAgICAgPHA+PHN0cm9uZz5TMyBCdWNrZXQ6PC9zdHJvbmc+IHMzOi8vJyRTM19CVUNLRVQnPC9wPgogICAgICAgICAgICAgIDxwPjxzdHJvbmc+QVdTIFJlZ2lvbjo8L3N0cm9uZz4gJyRBV1NfUkVHSU9OJzwvcD4KICAgICAgICAgICAgICA8cD5BIHNpbXBsZSBjaGVjayB0byB2ZXJpZnkgRUMyIGlzIHJ1bm5pbmcgYW5kIGNhbiByZWZlcmVuY2UgaXRzIHJlc291cmNlcy48L3A+CiAgICAgICAgICAgICAgPHA+QWN0dWFsIFMzL1JEUyBjb25uZWN0aXZpdHkgcmVxdWlyZXMgYXBwIGNvZGUgKFBIUC9QeXRob24pIHRvIGZ1bGx5IHV0aWxpemUgdGhlIElBTSByb2xlIGFuZCBkYXRhYmFzZSBjb25uZWN0aW9uLjwvcD4KICAgICAgICAgICAgPC9ib2R5PgogICAgICAgIDwvaHRtbD4nIHwgc3VkbyB0ZWUgL3Zhci93d3cvaHRtbC9pbmRleC5odG1s",
            "vpc_security_group_ids": null
          },
          "sensitive_attributes": [],
          "identity_schema_version": 0,
          "private": "bnVsbA==",
          "dependencies": [
            "aws_db_instance.mysql_db",
            "aws_db_subnet_group.db_sg",
            "aws_security_group.db_sg",
            "aws_security_group.web_sg",
            "aws_subnet.private_a",
            "aws_subnet.private_b",
            "aws_subnet.public_a",
            "aws_vpc.main",
            "data.aws_ami.al2023",
            "data.aws_iam_instance_profile.lab_profile",
            "data.aws_region.current",
            "data.template_file.user_data"
          ]
        }
      ]
    },
    {
      "mode": "managed",
      "type": "aws_lb",
      "name": "alb",
      "provider": "provider[\"registry.terraform.io/hashicorp/aws\"]",
      "instances": [
        {
          "schema_version": 0,
          "attributes": {
            "access_logs": [
              {
                "bucket": "",
                "enabled": false,
                "prefix": ""
              }
            ],
            "arn": "arn:aws:elasticloadbalancing:us-east-1:058264464133:loadbalancer/app/cloud-2006-alb/d0061bc69cdcdbba",
            "arn_suffix": "app/cloud-2006-alb/d0061bc69cdcdbba",
            "client_keep_alive": 3600,
            "connection_logs": [
              {
                "bucket": "",
                "enabled": false,
                "prefix": ""
              }
            ],
            "customer_owned_ipv4_pool": "",
            "desync_mitigation_mode": "defensive",
            "dns_name": "cloud-2006-alb-1311302657.us-east-1.elb.amazonaws.com",
            "dns_record_client_routing_policy": null,
            "drop_invalid_header_fields": false,
            "enable_cross_zone_load_balancing": true,
            "enable_deletion_protection": false,
            "enable_http2": true,
            "enable_tls_version_and_cipher_suite_headers": false,
            "enable_waf_fail_open": false,
            "enable_xff_client_port": false,
            "enable_zonal_shift": false,
            "enforce_security_group_inbound_rules_on_private_link_traffic": "",
            "id": "arn:aws:elasticloadbalancing:us-east-1:058264464133:loadbalancer/app/cloud-2006-alb/d0061bc69cdcdbba",
            "idle_timeout": 60,
            "internal": false,
            "ip_address_type": "ipv4",
            "ipam_pools": [],
            "load_balancer_type": "application",
            "minimum_load_balancer_capacity": [],
            "name": "cloud-2006-alb",
            "name_prefix": "",
            "preserve_host_header": false,
            "security_groups": [
              "sg-0546a90bf2a480463"
            ],
            "subnet_mapping": [
              {
                "allocation_id": "",
                "ipv6_address": "",
                "outpost_id": "",
                "private_ipv4_address": "",
                "subnet_id": "subnet-0b0d7ce76e61dce7f"
              },
              {
                "allocation_id": "",
                "ipv6_address": "",
                "outpost_id": "",
                "private_ipv4_address": "",
                "subnet_id": "subnet-0f8ea9468cdcd4c60"
              }
            ],
            "subnets": [
              "subnet-0b0d7ce76e61dce7f",
              "subnet-0f8ea9468cdcd4c60"
            ],
            "tags": {
              "Name": "cloud-2006-alb"
            },
            "tags_all": {
              "Name": "cloud-2006-alb"
            },
            "timeouts": null,
            "vpc_id": "vpc-000edc8770637eb14",
            "xff_header_processing_mode": "append",
            "zone_id": "Z35SXDOTRQ7X7K"
          },
          "sensitive_attributes": [],
          "identity_schema_version": 0,
          "private": "eyJlMmJmYjczMC1lY2FhLTExZTYtOGY4OC0zNDM2M2JjN2M0YzAiOnsiY3JlYXRlIjo2MDAwMDAwMDAwMDAsImRlbGV0ZSI6NjAwMDAwMDAwMDAwLCJ1cGRhdGUiOjYwMDAwMDAwMDAwMH19",
          "dependencies": [
            "aws_security_group.web_sg",
            "aws_subnet.public_a",
            "aws_subnet.public_b",
            "aws_vpc.main"
          ]
        }
      ]
    },
    {
      "mode": "managed",
      "type": "aws_lb_listener",
      "name": "http",
      "provider": "provider[\"registry.terraform.io/hashicorp/aws\"]",
      "instances": [
        {
          "schema_version": 0,
          "attributes": {
            "alpn_policy": null,
            "arn": "arn:aws:elasticloadbalancing:us-east-1:058264464133:listener/app/cloud-2006-alb/d0061bc69cdcdbba/f51694e659ac1fdb",
            "certificate_arn": null,
            "default_action": [
              {
                "authenticate_cognito": [],
                "authenticate_oidc": [],
                "fixed_response": [],
                "forward": [],
                "order": 1,
                "redirect": [],
                "target_group_arn": "arn:aws:elasticloadbalancing:us-east-1:058264464133:targetgroup/cloud-2006-tg/6e3e38a792196d86",
                "type": "forward"
              }
            ],
            "id": "arn:aws:elasticloadbalancing:us-east-1:058264464133:listener/app/cloud-2006-alb/d0061bc69cdcdbba/f51694e659ac1fdb",
            "load_balancer_arn": "arn:aws:elasticloadbalancing:us-east-1:058264464133:loadbalancer/app/cloud-2006-alb/d0061bc69cdcdbba",
            "mutual_authentication": [],
            "port": 80,
            "protocol": "HTTP",
            "routing_http_request_x_amzn_mtls_clientcert_header_name": null,
            "routing_http_request_x_amzn_mtls_clientcert_issuer_header_name": null,
            "routing_http_request_x_amzn_mtls_clientcert_leaf_header_name": null,
            "routing_http_request_x_amzn_mtls_clientcert_serial_number_header_name": null,
            "routing_http_request_x_amzn_mtls_clientcert_subject_header_name": null,
            "routing_http_request_x_amzn_mtls_clientcert_validity_header_name": null,
            "routing_http_request_x_amzn_tls_cipher_suite_header_name": null,
            "routing_http_request_x_amzn_tls_version_header_name": null,
            "routing_http_response_access_control_allow_credentials_header_value": "",
            "routing_http_response_access_control_allow_headers_header_value": "",
            "routing_http_response_access_control_allow_methods_header_value": "",
            "routing_http_response_access_control_allow_origin_header_value": "",
            "routing_http_response_access_control_expose_headers_header_value": "",
            "routing_http_response_access_control_max_age_header_value": "",
            "routing_http_response_content_security_policy_header_value": "",
            "routing_http_response_server_enabled": true,
            "routing_http_response_strict_transport_security_header_value": "",
            "routing_http_response_x_content_type_options_header_value": "",
            "routing_http_response_x_frame_options_header_value": "",
            "ssl_policy": "",
            "tags": {},
            "tags_all": {},
            "tcp_idle_timeout_seconds": null,
            "timeouts": null
          },
          "sensitive_attributes": [],
          "identity_schema_version": 0,
          "private": "eyJlMmJmYjczMC1lY2FhLTExZTYtOGY4OC0zNDM2M2JjN2M0YzAiOnsiY3JlYXRlIjozMDAwMDAwMDAwMDAsInVwZGF0ZSI6MzAwMDAwMDAwMDAwfX0=",
          "dependencies": [
            "aws_lb.alb",
            "aws_lb_target_group.tg",
            "aws_security_group.web_sg",
            "aws_subnet.public_a",
            "aws_subnet.public_b",
            "aws_vpc.main"
          ]
        }
      ]
    },
    {
      "mode": "managed",
      "type": "aws_lb_target_group",
      "name": "tg",
      "provider": "provider[\"registry.terraform.io/hashicorp/aws\"]",
      "instances": [
        {
          "schema_version": 0,
          "attributes": {
            "arn": "arn:aws:elasticloadbalancing:us-east-1:058264464133:targetgroup/cloud-2006-tg/6e3e38a792196d86",
            "arn_suffix": "targetgroup/cloud-2006-tg/6e3e38a792196d86",
            "connection_termination": null,
            "deregistration_delay": "300",
            "health_check": [
              {
                "enabled": true,
                "healthy_threshold": 3,
                "interval": 30,
                "matcher": "200",
                "path": "/",
                "port": "traffic-port",
                "protocol": "HTTP",
                "timeout": 5,
                "unhealthy_threshold": 3
              }
            ],
            "id": "arn:aws:elasticloadbalancing:us-east-1:058264464133:targetgroup/cloud-2006-tg/6e3e38a792196d86",
            "ip_address_type": "ipv4",
            "lambda_multi_value_headers_enabled": false,
            "load_balancer_arns": [
              "arn:aws:elasticloadbalancing:us-east-1:058264464133:loadbalancer/app/cloud-2006-alb/d0061bc69cdcdbba"
            ],
            "load_balancing_algorithm_type": "round_robin",
            "load_balancing_anomaly_mitigation": "off",
            "load_balancing_cross_zone_enabled": "use_load_balancer_configuration",
            "name": "cloud-2006-tg",
            "name_prefix": "",
            "port": 80,
            "preserve_client_ip": null,
            "protocol": "HTTP",
            "protocol_version": "HTTP1",
            "proxy_protocol_v2": false,
            "slow_start": 0,
            "stickiness": [
              {
                "cookie_duration": 86400,
                "cookie_name": "",
                "enabled": false,
                "type": "lb_cookie"
              }
            ],
            "tags": {
              "Name": "cloud-2006-tg"
            },
            "tags_all": {
              "Name": "cloud-2006-tg"
            },
            "target_failover": [
              {
                "on_deregistration": null,
                "on_unhealthy": null
              }
            ],
            "target_group_health": [
              {
                "dns_failover": [
                  {
                    "minimum_healthy_targets_count": "1",
                    "minimum_healthy_targets_percentage": "off"
                  }
                ],
                "unhealthy_state_routing": [
                  {
                    "minimum_healthy_targets_count": 1,
                    "minimum_healthy_targets_percentage": "off"
                  }
                ]
              }
            ],
            "target_health_state": [
              {
                "enable_unhealthy_connection_termination": null,
                "unhealthy_draining_interval": null
              }
            ],
            "target_type": "instance",
            "vpc_id": "vpc-000edc8770637eb14"
          },
          "sensitive_attributes": [],
          "identity_schema_version": 0,
          "private": "bnVsbA==",
          "dependencies": [
            "aws_vpc.main"
          ]
        }
      ]
    },
    {
      "mode": "managed",
      "type": "aws_route_table",
      "name": "private",
      "provider": "provider[\"registry.terraform.io/hashicorp/aws\"]",
      "instances": [
        {
          "schema_version": 0,
          "attributes": {
            "arn": "arn:aws:ec2:us-east-1:058264464133:route-table/rtb-0cb1c3704aab24ad6",
            "id": "rtb-0cb1c3704aab24ad6",
            "owner_id": "058264464133",
            "propagating_vgws": [],
            "route": [],
            "tags": {
              "Name": "cloud-2006-private-rt"
            },
            "tags_all": {
              "Name": "cloud-2006-private-rt"
            },
            "timeouts": null,
            "vpc_id": "vpc-000edc8770637eb14"
          },
          "sensitive_attributes": [],
          "identity_schema_version": 0,
          "private": "eyJlMmJmYjczMC1lY2FhLTExZTYtOGY4OC0zNDM2M2JjN2M0YzAiOnsiY3JlYXRlIjozMDAwMDAwMDAwMDAsImRlbGV0ZSI6MzAwMDAwMDAwMDAwLCJ1cGRhdGUiOjEyMDAwMDAwMDAwMH19",
          "dependencies": [
            "aws_vpc.main"
          ]
        }
      ]
    },
    {
      "mode": "managed",
      "type": "aws_route_table",
      "name": "public",
      "provider": "provider[\"registry.terraform.io/hashicorp/aws\"]",
      "instances": [
        {
          "schema_version": 0,
          "attributes": {
            "arn": "arn:aws:ec2:us-east-1:058264464133:route-table/rtb-0acb25d89af83054f",
            "id": "rtb-0acb25d89af83054f",
            "owner_id": "058264464133",
            "propagating_vgws": [],
            "route": [
              {
                "carrier_gateway_id": "",
                "cidr_block": "0.0.0.0/0",
                "core_network_arn": "",
                "destination_prefix_list_id": "",
                "egress_only_gateway_id": "",
                "gateway_id": "igw-0b14885ffc7781bf0",
                "ipv6_cidr_block": "",
                "local_gateway_id": "",
                "nat_gateway_id": "",
                "network_interface_id": "",
                "transit_gateway_id": "",
                "vpc_endpoint_id": "",
                "vpc_peering_connection_id": ""
              }
            ],
            "tags": {
              "Name": "cloud-2006-public-rt"
            },
            "tags_all": {
              "Name": "cloud-2006-public-rt"
            },
            "timeouts": null,
            "vpc_id": "vpc-000edc8770637eb14"
          },
          "sensitive_attributes": [],
          "identity_schema_version": 0,
          "private": "eyJlMmJmYjczMC1lY2FhLTExZTYtOGY4OC0zNDM2M2JjN2M0YzAiOnsiY3JlYXRlIjozMDAwMDAwMDAwMDAsImRlbGV0ZSI6MzAwMDAwMDAwMDAwLCJ1cGRhdGUiOjEyMDAwMDAwMDAwMH19",
          "dependencies": [
            "aws_internet_gateway.igw",
            "aws_vpc.main"
          ]
        }
      ]
    },
    {
      "mode": "managed",
      "type": "aws_route_table_association",
      "name": "private_a",
      "provider": "provider[\"registry.terraform.io/hashicorp/aws\"]",
      "instances": [
        {
          "schema_version": 0,
          "attributes": {
            "gateway_id": "",
            "id": "rtbassoc-020ba0014f823e9b1",
            "route_table_id": "rtb-0cb1c3704aab24ad6",
            "subnet_id": "subnet-01c864cb8b4c9462f",
            "timeouts": null
          },
          "sensitive_attributes": [],
          "identity_schema_version": 0,
          "private": "eyJlMmJmYjczMC1lY2FhLTExZTYtOGY4OC0zNDM2M2JjN2M0YzAiOnsiY3JlYXRlIjozMDAwMDAwMDAwMDAsImRlbGV0ZSI6MzAwMDAwMDAwMDAwLCJ1cGRhdGUiOjEyMDAwMDAwMDAwMH19",
          "dependencies": [
            "aws_route_table.private",
            "aws_subnet.private_a",
            "aws_vpc.main"
          ]
        }
      ]
    },
    {
      "mode": "managed",
      "type": "aws_route_table_association",
      "name": "private_b",
      "provider": "provider[\"registry.terraform.io/hashicorp/aws\"]",
      "instances": [
        {
          "schema_version": 0,
          "attributes": {
            "gateway_id": "",
            "id": "rtbassoc-09b8a4d4fb31b54a8",
            "route_table_id": "rtb-0cb1c3704aab24ad6",
            "subnet_id": "subnet-05ac35953121ccd71",
            "timeouts": null
          },
          "sensitive_attributes": [],
          "identity_schema_version": 0,
          "private": "eyJlMmJmYjczMC1lY2FhLTExZTYtOGY4OC0zNDM2M2JjN2M0YzAiOnsiY3JlYXRlIjozMDAwMDAwMDAwMDAsImRlbGV0ZSI6MzAwMDAwMDAwMDAwLCJ1cGRhdGUiOjEyMDAwMDAwMDAwMH19",
          "dependencies": [
            "aws_route_table.private",
            "aws_subnet.private_b",
            "aws_vpc.main"
          ]
        }
      ]
    },
    {
      "mode": "managed",
      "type": "aws_route_table_association",
      "name": "public_a",
      "provider": "provider[\"registry.terraform.io/hashicorp/aws\"]",
      "instances": [
        {
          "schema_version": 0,
          "attributes": {
            "gateway_id": "",
            "id": "rtbassoc-066ac591c835a7ca4",
            "route_table_id": "rtb-0acb25d89af83054f",
            "subnet_id": "subnet-0b0d7ce76e61dce7f",
            "timeouts": null
          },
          "sensitive_attributes": [],
          "identity_schema_version": 0,
          "private": "eyJlMmJmYjczMC1lY2FhLTExZTYtOGY4OC0zNDM2M2JjN2M0YzAiOnsiY3JlYXRlIjozMDAwMDAwMDAwMDAsImRlbGV0ZSI6MzAwMDAwMDAwMDAwLCJ1cGRhdGUiOjEyMDAwMDAwMDAwMH19",
          "dependencies": [
            "aws_internet_gateway.igw",
            "aws_route_table.public",
            "aws_subnet.public_a",
            "aws_vpc.main"
          ]
        }
      ]
    },
    {
      "mode": "managed",
      "type": "aws_route_table_association",
      "name": "public_b",
      "provider": "provider[\"registry.terraform.io/hashicorp/aws\"]",
      "instances": [
        {
          "schema_version": 0,
          "attributes": {
            "gateway_id": "",
            "id": "rtbassoc-0fd106ea1b0df75a7",
            "route_table_id": "rtb-0acb25d89af83054f",
            "subnet_id": "subnet-0f8ea9468cdcd4c60",
            "timeouts": null
          },
          "sensitive_attributes": [],
          "identity_schema_version": 0,
          "private": "eyJlMmJmYjczMC1lY2FhLTExZTYtOGY4OC0zNDM2M2JjN2M0YzAiOnsiY3JlYXRlIjozMDAwMDAwMDAwMDAsImRlbGV0ZSI6MzAwMDAwMDAwMDAwLCJ1cGRhdGUiOjEyMDAwMDAwMDAwMH19",
          "dependencies": [
            "aws_internet_gateway.igw",
            "aws_route_table.public",
            "aws_subnet.public_b",
            "aws_vpc.main"
          ]
        }
      ]
    },
    {
      "mode": "managed",
      "type": "aws_s3_bucket",
      "name": "static_files",
      "provider": "provider[\"registry.terraform.io/hashicorp/aws\"]",
      "instances": [
        {
          "schema_version": 0,
          "attributes": {
            "acceleration_status": "",
            "acl": null,
            "arn": "arn:aws:s3:::cloud-2006-static-files-tourism-poi",
            "bucket": "cloud-2006-static-files-tourism-poi",
            "bucket_domain_name": "cloud-2006-static-files-tourism-poi.s3.amazonaws.com",
            "bucket_prefix": "",
            "bucket_regional_domain_name": "cloud-2006-static-files-tourism-poi.s3.us-east-1.amazonaws.com",
            "cors_rule": [],
            "force_destroy": false,
            "grant": [
              {
                "id": "5d888f0bab8e2ecc3f98d59e4deb95e3e65ba33b44caad594725f36f9cef95d6",
                "permissions": [
                  "FULL_CONTROL"
                ],
                "type": "CanonicalUser",
                "uri": ""
              }
            ],
            "hosted_zone_id": "Z3AQBSTGFYJSTF",
            "id": "cloud-2006-static-files-tourism-poi",
            "lifecycle_rule": [],
            "logging": [],
            "object_lock_configuration": [],
            "object_lock_enabled": false,
            "policy": "",
            "region": "us-east-1",
            "replication_configuration": [],
            "request_payer": "BucketOwner",
            "server_side_encryption_configuration": [
              {
                "rule": [
                  {
                    "apply_server_side_encryption_by_default": [
                      {
                        "kms_master_key_id": "",
                        "sse_algorithm": "AES256"
                      }
                    ],
                    "bucket_key_enabled": false
                  }
                ]
              }
            ],
            "tags": {
              "Name": "cloud-2006-static-files",
              "Project": "cloud-2006"
            },
            "tags_all": {
              "Name": "cloud-2006-static-files",
              "Project": "cloud-2006"
            },
            "timeouts": null,
            "versioning": [
              {
                "enabled": false,
                "mfa_delete": false
              }
            ],
            "website": [],
            "website_domain": null,
            "website_endpoint": null
          },
          "sensitive_attributes": [],
          "identity_schema_version": 0,
          "private": "eyJlMmJmYjczMC1lY2FhLTExZTYtOGY4OC0zNDM2M2JjN2M0YzAiOnsiY3JlYXRlIjoxMjAwMDAwMDAwMDAwLCJkZWxldGUiOjM2MDAwMDAwMDAwMDAsInJlYWQiOjEyMDAwMDAwMDAwMDAsInVwZGF0ZSI6MTIwMDAwMDAwMDAwMH19"
        }
      ]
    },
    {
      "mode": "managed",
      "type": "aws_s3_bucket_acl",
      "name": "static_files_acl",
      "provider": "provider[\"registry.terraform.io/hashicorp/aws\"]",
      "instances": [
        {
          "schema_version": 0,
          "attributes": {
            "access_control_policy": [
              {
                "grant": [
                  {
                    "grantee": [
                      {
                        "display_name": "awslabsc0w7077656t1706093953",
                        "email_address": "",
                        "id": "5d888f0bab8e2ecc3f98d59e4deb95e3e65ba33b44caad594725f36f9cef95d6",
                        "type": "CanonicalUser",
                        "uri": ""
                      }
                    ],
                    "permission": "FULL_CONTROL"
                  }
                ],
                "owner": [
                  {
                    "display_name": "awslabsc0w7077656t1706093953",
                    "id": "5d888f0bab8e2ecc3f98d59e4deb95e3e65ba33b44caad594725f36f9cef95d6"
                  }
                ]
              }
            ],
            "acl": "private",
            "bucket": "cloud-2006-static-files-tourism-poi",
            "expected_bucket_owner": "",
            "id": "cloud-2006-static-files-tourism-poi,private"
          },
          "sensitive_attributes": [],
          "identity_schema_version": 0,
          "private": "bnVsbA==",
          "dependencies": [
            "aws_s3_bucket.static_files",
            "aws_s3_bucket_ownership_controls.static_files_ownership"
          ]
        }
      ]
    },
    {
      "mode": "managed",
      "type": "aws_s3_bucket_ownership_controls",
      "name": "static_files_ownership",
      "provider": "provider[\"registry.terraform.io/hashicorp/aws\"]",
      "instances": [
        {
          "schema_version": 0,
          "attributes": {
            "bucket": "cloud-2006-static-files-tourism-poi",
            "id": "cloud-2006-static-files-tourism-poi",
            "rule": [
              {
                "object_ownership": "ObjectWriter"
              }
            ]
          },
          "sensitive_attributes": [],
          "identity_schema_version": 0,
          "private": "bnVsbA==",
          "dependencies": [
            "aws_s3_bucket.static_files"
          ]
        }
      ]
    },
    {
      "mode": "managed",
      "type": "aws_security_group",
      "name": "db_sg",
      "provider": "provider[\"registry.terraform.io/hashicorp/aws\"]",
      "instances": [
        {
          "schema_version": 1,
          "attributes": {
            "arn": "arn:aws:ec2:us-east-1:058264464133:security-group/sg-0f32e1cf5bb9549b0",
            "description": "Allow access from Web Security Group",
            "egress": [
              {
                "cidr_blocks": [
                  "0.0.0.0/0"
                ],
                "description": "",
                "from_port": 0,
                "ipv6_cidr_blocks": [],
                "prefix_list_ids": [],
                "protocol": "-1",
                "security_groups": [],
                "self": false,
                "to_port": 0
              }
            ],
            "id": "sg-0f32e1cf5bb9549b0",
            "ingress": [
              {
                "cidr_blocks": [],
                "description": "MySQL/Aurora access from Web Servers",
                "from_port": 3306,
                "ipv6_cidr_blocks": [],
                "prefix_list_ids": [],
                "protocol": "tcp",
                "security_groups": [
                  "sg-0546a90bf2a480463"
                ],
                "self": false,
                "to_port": 3306
              }
            ],
            "name": "Cloud-2006 DB security group",
            "name_prefix": "",
            "owner_id": "058264464133",
            "revoke_rules_on_delete": false,
            "tags": {
              "Name": "Cloud-2006 DB security group"
            },
            "tags_all": {
              "Name": "Cloud-2006 DB security group"
            },
            "timeouts": null,
            "vpc_id": "vpc-000edc8770637eb14"
          },
          "sensitive_attributes": [],
          "identity_schema_version": 0,
          "private": "eyJlMmJmYjczMC1lY2FhLTExZTYtOGY4OC0zNDM2M2JjN2M0YzAiOnsiY3JlYXRlIjo2MDAwMDAwMDAwMDAsImRlbGV0ZSI6OTAwMDAwMDAwMDAwfSwic2NoZW1hX3ZlcnNpb24iOiIxIn0=",
          "dependencies": [
            "aws_security_group.web_sg",
            "aws_vpc.main"
          ]
        }
      ]
    },
    {
      "mode": "managed",
      "type": "aws_security_group",
      "name": "web_sg",
      "provider": "provider[\"registry.terraform.io/hashicorp/aws\"]",
      "instances": [
        {
          "schema_version": 1,
          "attributes": {
            "arn": "arn:aws:ec2:us-east-1:058264464133:security-group/sg-0546a90bf2a480463",
            "description": "Allow SSH, HTTP, HTTPS, MySQL access from anywhere",
            "egress": [
              {
                "cidr_blocks": [
                  "0.0.0.0/0"
                ],
                "description": "",
                "from_port": 0,
                "ipv6_cidr_blocks": [],
                "prefix_list_ids": [],
                "protocol": "-1",
                "security_groups": [],
                "self": false,
                "to_port": 0
              }
            ],
            "id": "sg-0546a90bf2a480463",
            "ingress": [
              {
                "cidr_blocks": [
                  "0.0.0.0/0"
                ],
                "description": "HTTP Access",
                "from_port": 80,
                "ipv6_cidr_blocks": [],
                "prefix_list_ids": [],
                "protocol": "tcp",
                "security_groups": [],
                "self": false,
                "to_port": 80
              },
              {
                "cidr_blocks": [
                  "0.0.0.0/0"
                ],
                "description": "HTTPS Access",
                "from_port": 443,
                "ipv6_cidr_blocks": [],
                "prefix_list_ids": [],
                "protocol": "tcp",
                "security_groups": [],
                "self": false,
                "to_port": 443
              },
              {
                "cidr_blocks": [
                  "0.0.0.0/0"
                ],
                "description": "MySQL/Aurora (for Workbench or App)",
                "from_port": 3306,
                "ipv6_cidr_blocks": [],
                "prefix_list_ids": [],
                "protocol": "tcp",
                "security_groups": [],
                "self": false,
                "to_port": 3306
              },
              {
                "cidr_blocks": [
                  "0.0.0.0/0"
                ],
                "description": "SSH Access (for you/SFTP/Tunneling)",
                "from_port": 22,
                "ipv6_cidr_blocks": [],
                "prefix_list_ids": [],
                "protocol": "tcp",
                "security_groups": [],
                "self": false,
                "to_port": 22
              }
            ],
            "name": "Cloud-2006 Web-sg",
            "name_prefix": "",
            "owner_id": "058264464133",
            "revoke_rules_on_delete": false,
            "tags": {
              "Name": "Cloud-2006 Web-sg"
            },
            "tags_all": {
              "Name": "Cloud-2006 Web-sg"
            },
            "timeouts": null,
            "vpc_id": "vpc-000edc8770637eb14"
          },
          "sensitive_attributes": [],
          "identity_schema_version": 0,
          "private": "eyJlMmJmYjczMC1lY2FhLTExZTYtOGY4OC0zNDM2M2JjN2M0YzAiOnsiY3JlYXRlIjo2MDAwMDAwMDAwMDAsImRlbGV0ZSI6OTAwMDAwMDAwMDAwfSwic2NoZW1hX3ZlcnNpb24iOiIxIn0=",
          "dependencies": [
            "aws_vpc.main"
          ]
        }
      ]
    },
    {
      "mode": "managed",
      "type": "aws_subnet",
      "name": "private_a",
      "provider": "provider[\"registry.terraform.io/hashicorp/aws\"]",
      "instances": [
        {
          "schema_version": 1,
          "attributes": {
            "arn": "arn:aws:ec2:us-east-1:058264464133:subnet/subnet-01c864cb8b4c9462f",
            "assign_ipv6_address_on_creation": false,
            "availability_zone": "us-east-1a",
            "availability_zone_id": "use1-az6",
            "cidr_block": "10.0.128.0/20",
            "customer_owned_ipv4_pool": "",
            "enable_dns64": false,
            "enable_lni_at_device_index": 0,
            "enable_resource_name_dns_a_record_on_launch": false,
            "enable_resource_name_dns_aaaa_record_on_launch": false,
            "id": "subnet-01c864cb8b4c9462f",
            "ipv6_cidr_block": "",
            "ipv6_cidr_block_association_id": "",
            "ipv6_native": false,
            "map_customer_owned_ip_on_launch": false,
            "map_public_ip_on_launch": false,
            "outpost_arn": "",
            "owner_id": "058264464133",
            "private_dns_hostname_type_on_launch": "ip-name",
            "tags": {
              "Name": "cloud-2006-private-a",
              "Tier": "Private"
            },
            "tags_all": {
              "Name": "cloud-2006-private-a",
              "Tier": "Private"
            },
            "timeouts": null,
            "vpc_id": "vpc-000edc8770637eb14"
          },
          "sensitive_attributes": [],
          "identity_schema_version": 0,
          "private": "eyJlMmJmYjczMC1lY2FhLTExZTYtOGY4OC0zNDM2M2JjN2M0YzAiOnsiY3JlYXRlIjo2MDAwMDAwMDAwMDAsImRlbGV0ZSI6MTIwMDAwMDAwMDAwMH0sInNjaGVtYV92ZXJzaW9uIjoiMSJ9",
          "dependencies": [
            "aws_vpc.main"
          ]
        }
      ]
    },
    {
      "mode": "managed",
      "type": "aws_subnet",
      "name": "private_b",
      "provider": "provider[\"registry.terraform.io/hashicorp/aws\"]",
      "instances": [
        {
          "schema_version": 1,
          "attributes": {
            "arn": "arn:aws:ec2:us-east-1:058264464133:subnet/subnet-05ac35953121ccd71",
            "assign_ipv6_address_on_creation": false,
            "availability_zone": "us-east-1b",
            "availability_zone_id": "use1-az1",
            "cidr_block": "10.0.144.0/20",
            "customer_owned_ipv4_pool": "",
            "enable_dns64": false,
            "enable_lni_at_device_index": 0,
            "enable_resource_name_dns_a_record_on_launch": false,
            "enable_resource_name_dns_aaaa_record_on_launch": false,
            "id": "subnet-05ac35953121ccd71",
            "ipv6_cidr_block": "",
            "ipv6_cidr_block_association_id": "",
            "ipv6_native": false,
            "map_customer_owned_ip_on_launch": false,
            "map_public_ip_on_launch": false,
            "outpost_arn": "",
            "owner_id": "058264464133",
            "private_dns_hostname_type_on_launch": "ip-name",
            "tags": {
              "Name": "cloud-2006-private-b",
              "Tier": "Private"
            },
            "tags_all": {
              "Name": "cloud-2006-private-b",
              "Tier": "Private"
            },
            "timeouts": null,
            "vpc_id": "vpc-000edc8770637eb14"
          },
          "sensitive_attributes": [],
          "identity_schema_version": 0,
          "private": "eyJlMmJmYjczMC1lY2FhLTExZTYtOGY4OC0zNDM2M2JjN2M0YzAiOnsiY3JlYXRlIjo2MDAwMDAwMDAwMDAsImRlbGV0ZSI6MTIwMDAwMDAwMDAwMH0sInNjaGVtYV92ZXJzaW9uIjoiMSJ9",
          "dependencies": [
            "aws_vpc.main"
          ]
        }
      ]
    },
    {
      "mode": "managed",
      "type": "aws_subnet",
      "name": "public_a",
      "provider": "provider[\"registry.terraform.io/hashicorp/aws\"]",
      "instances": [
        {
          "schema_version": 1,
          "attributes": {
            "arn": "arn:aws:ec2:us-east-1:058264464133:subnet/subnet-0b0d7ce76e61dce7f",
            "assign_ipv6_address_on_creation": false,
            "availability_zone": "us-east-1a",
            "availability_zone_id": "use1-az6",
            "cidr_block": "10.0.0.0/20",
            "customer_owned_ipv4_pool": "",
            "enable_dns64": false,
            "enable_lni_at_device_index": 0,
            "enable_resource_name_dns_a_record_on_launch": false,
            "enable_resource_name_dns_aaaa_record_on_launch": false,
            "id": "subnet-0b0d7ce76e61dce7f",
            "ipv6_cidr_block": "",
            "ipv6_cidr_block_association_id": "",
            "ipv6_native": false,
            "map_customer_owned_ip_on_launch": false,
            "map_public_ip_on_launch": true,
            "outpost_arn": "",
            "owner_id": "058264464133",
            "private_dns_hostname_type_on_launch": "ip-name",
            "tags": {
              "Name": "cloud-2006-public-a",
              "Tier": "Public"
            },
            "tags_all": {
              "Name": "cloud-2006-public-a",
              "Tier": "Public"
            },
            "timeouts": null,
            "vpc_id": "vpc-000edc8770637eb14"
          },
          "sensitive_attributes": [],
          "identity_schema_version": 0,
          "private": "eyJlMmJmYjczMC1lY2FhLTExZTYtOGY4OC0zNDM2M2JjN2M0YzAiOnsiY3JlYXRlIjo2MDAwMDAwMDAwMDAsImRlbGV0ZSI6MTIwMDAwMDAwMDAwMH0sInNjaGVtYV92ZXJzaW9uIjoiMSJ9",
          "dependencies": [
            "aws_vpc.main"
          ]
        }
      ]
    },
    {
      "mode": "managed",
      "type": "aws_subnet",
      "name": "public_b",
      "provider": "provider[\"registry.terraform.io/hashicorp/aws\"]",
      "instances": [
        {
          "schema_version": 1,
          "attributes": {
            "arn": "arn:aws:ec2:us-east-1:058264464133:subnet/subnet-0f8ea9468cdcd4c60",
            "assign_ipv6_address_on_creation": false,
            "availability_zone": "us-east-1b",
            "availability_zone_id": "use1-az1",
            "cidr_block": "10.0.16.0/20",
            "customer_owned_ipv4_pool": "",
            "enable_dns64": false,
            "enable_lni_at_device_index": 0,
            "enable_resource_name_dns_a_record_on_launch": false,
            "enable_resource_name_dns_aaaa_record_on_launch": false,
            "id": "subnet-0f8ea9468cdcd4c60",
            "ipv6_cidr_block": "",
            "ipv6_cidr_block_association_id": "",
            "ipv6_native": false,
            "map_customer_owned_ip_on_launch": false,
            "map_public_ip_on_launch": true,
            "outpost_arn": "",
            "owner_id": "058264464133",
            "private_dns_hostname_type_on_launch": "ip-name",
            "tags": {
              "Name": "cloud-2006-public-b",
              "Tier": "Public"
            },
            "tags_all": {
              "Name": "cloud-2006-public-b",
              "Tier": "Public"
            },
            "timeouts": null,
            "vpc_id": "vpc-000edc8770637eb14"
          },
          "sensitive_attributes": [],
          "identity_schema_version": 0,
          "private": "eyJlMmJmYjczMC1lY2FhLTExZTYtOGY4OC0zNDM2M2JjN2M0YzAiOnsiY3JlYXRlIjo2MDAwMDAwMDAwMDAsImRlbGV0ZSI6MTIwMDAwMDAwMDAwMH0sInNjaGVtYV92ZXJzaW9uIjoiMSJ9",
          "dependencies": [
            "aws_vpc.main"
          ]
        }
      ]
    },
    {
      "mode": "managed",
      "type": "aws_vpc",
      "name": "main",
      "provider": "provider[\"registry.terraform.io/hashicorp/aws\"]",
      "instances": [
        {
          "schema_version": 1,
          "attributes": {
            "arn": "arn:aws:ec2:us-east-1:058264464133:vpc/vpc-000edc8770637eb14",
            "assign_generated_ipv6_cidr_block": false,
            "cidr_block": "10.0.0.0/16",
            "default_network_acl_id": "acl-0948597b988b33561",
            "default_route_table_id": "rtb-0c5e2c8297ece8e3c",
            "default_security_group_id": "sg-0db7a5c9c1e9ac79f",
            "dhcp_options_id": "dopt-06e4595633379d7f2",
            "enable_dns_hostnames": true,
            "enable_dns_support": true,
            "enable_network_address_usage_metrics": false,
            "id": "vpc-000edc8770637eb14",
            "instance_tenancy": "default",
            "ipv4_ipam_pool_id": null,
            "ipv4_netmask_length": null,
            "ipv6_association_id": "",
            "ipv6_cidr_block": "",
            "ipv6_cidr_block_network_border_group": "",
            "ipv6_ipam_pool_id": "",
            "ipv6_netmask_length": 0,
            "main_route_table_id": "rtb-0c5e2c8297ece8e3c",
            "owner_id": "058264464133",
            "tags": {
              "Name": "vpc-cloud-2006",
              "Project": "cloud-2006"
            },
            "tags_all": {
              "Name": "vpc-cloud-2006",
              "Project": "cloud-2006"
            }
          },
          "sensitive_attributes": [],
          "identity_schema_version": 0,
          "private": "eyJzY2hlbWFfdmVyc2lvbiI6IjEifQ=="
        }
      ]
    }
  ],
  "check_results": null
}
