{
  "version": 4,
  "terraform_version": "1.13.3",
  "serial": 61,
  "lineage": "c5bfefc8-71b0-50d7-35ed-2431b89aebf2",
  "outputs": {
    "dev_instance_public_ip": {
      "value": "23.23.169.253",
      "type": "string"
    },
    "key_pair_name": {
      "value": "cloud-2006-key",
      "type": "string"
    },
    "private_key_filename": {
      "value": "cloud-2006-key.pem",
      "type": "string"
    },
    "prod_load_balancer_dns": {
      "value": "cloud-2006-alb-1984414295.us-east-1.elb.amazonaws.com",
      "type": "string"
    },
    "rds_database_endpoint": {
      "value": "cloud-2006-db.cqjw6syca6c3.us-east-1.rds.amazonaws.com:3306",
      "type": "string"
    },
    "s3_bucket_name": {
      "value": "cloud-2006-bucket-vf6xtl9u",
      "type": "string"
    }
  },
  "resources": [
    {
      "mode": "data",
      "type": "aws_ami",
      "name": "amazon_linux_2023",
      "provider": "provider[\"registry.terraform.io/hashicorp/aws\"]",
      "instances": [
        {
          "schema_version": 0,
          "attributes": {
            "architecture": "x86_64",
            "arn": "arn:aws:ec2:us-east-1::image/ami-0b9755dd9758b73ce",
            "block_device_mappings": [
              {
                "device_name": "/dev/xvda",
                "ebs": {
                  "delete_on_termination": "true",
                  "encrypted": "false",
                  "iops": "3000",
                  "snapshot_id": "snap-0a973e41a50cf1b1e",
                  "throughput": "125",
                  "volume_initialization_rate": "0",
                  "volume_size": "30",
                  "volume_type": "gp3"
                },
                "no_device": "",
                "virtual_name": ""
              }
            ],
            "boot_mode": "uefi-preferred",
            "creation_date": "2025-09-23T23:37:56.000Z",
            "deprecation_time": "2027-09-23T23:37:56.000Z",
            "description": "Amazon Linux AMI 2023.0.20250923 x86_64 ECS HVM EBS",
            "ena_support": true,
            "executable_users": null,
            "filter": [
              {
                "name": "name",
                "values": [
                  "al2023-ami-*-x86_64"
                ]
              },
              {
                "name": "virtualization-type",
                "values": [
                  "hvm"
                ]
              }
            ],
            "hypervisor": "xen",
            "id": "ami-0b9755dd9758b73ce",
            "image_id": "ami-0b9755dd9758b73ce",
            "image_location": "amazon/al2023-ami-ecs-neuron-hvm-2023.0.20250923-kernel-6.1-x86_64",
            "image_owner_alias": "amazon",
            "image_type": "machine",
            "imds_support": "v2.0",
            "include_deprecated": false,
            "kernel_id": "",
            "last_launched_time": "",
            "most_recent": true,
            "name": "al2023-ami-ecs-neuron-hvm-2023.0.20250923-kernel-6.1-x86_64",
            "name_regex": null,
            "owner_id": "591542846629",
            "owners": [
              "amazon"
            ],
            "platform": "",
            "platform_details": "Linux/UNIX",
            "product_codes": [],
            "public": true,
            "ramdisk_id": "",
            "root_device_name": "/dev/xvda",
            "root_device_type": "ebs",
            "root_snapshot_id": "snap-0a973e41a50cf1b1e",
            "sriov_net_support": "simple",
            "state": "available",
            "state_reason": {
              "code": "UNSET",
              "message": "UNSET"
            },
            "tags": {},
            "timeouts": null,
            "tpm_support": "",
            "uefi_data": null,
            "usage_operation": "RunInstances",
            "virtualization_type": "hvm"
          },
          "sensitive_attributes": [],
          "identity_schema_version": 0
        }
      ]
    },
    {
      "mode": "managed",
      "type": "aws_autoscaling_group",
      "name": "main",
      "provider": "provider[\"registry.terraform.io/hashicorp/aws\"]",
      "instances": [
        {
          "schema_version": 1,
          "attributes": {
            "arn": "arn:aws:autoscaling:us-east-1:620812304387:autoScalingGroup:9280476e-46d3-46fc-861f-7d5ed54b2edf:autoScalingGroupName/cloud-2006-asg",
            "availability_zone_distribution": [
              {
                "capacity_distribution_strategy": "balanced-best-effort"
              }
            ],
            "availability_zones": [
              "us-east-1a",
              "us-east-1b"
            ],
            "capacity_rebalance": false,
            "capacity_reservation_specification": [
              {
                "capacity_reservation_preference": "default",
                "capacity_reservation_target": []
              }
            ],
            "context": "",
            "default_cooldown": 300,
            "default_instance_warmup": 0,
            "desired_capacity": 1,
            "desired_capacity_type": "",
            "enabled_metrics": [],
            "force_delete": false,
            "force_delete_warm_pool": false,
            "health_check_grace_period": 300,
            "health_check_type": "EC2",
            "id": "cloud-2006-asg",
            "ignore_failed_scaling_activities": false,
            "initial_lifecycle_hook": [],
            "instance_maintenance_policy": [],
            "instance_refresh": [],
            "launch_configuration": "",
            "launch_template": [
              {
                "id": "lt-09b48ac58bfae518b",
                "name": "cloud-2006-lt-20250927054203696800000001",
                "version": "$Latest"
              }
            ],
            "load_balancers": [],
            "max_instance_lifetime": 0,
            "max_size": 1,
            "metrics_granularity": "1Minute",
            "min_elb_capacity": null,
            "min_size": 1,
            "mixed_instances_policy": [],
            "name": "cloud-2006-asg",
            "name_prefix": "",
            "placement_group": "",
            "predicted_capacity": 0,
            "protect_from_scale_in": false,
            "service_linked_role_arn": "arn:aws:iam::620812304387:role/aws-service-role/autoscaling.amazonaws.com/AWSServiceRoleForAutoScaling",
            "suspended_processes": [],
            "tag": [],
            "target_group_arns": [
              "arn:aws:elasticloadbalancing:us-east-1:620812304387:targetgroup/cloud-2006-tg/68ed1970b7f4ac8f"
            ],
            "termination_policies": [],
            "timeouts": null,
            "traffic_source": [
              {
                "identifier": "arn:aws:elasticloadbalancing:us-east-1:620812304387:targetgroup/cloud-2006-tg/68ed1970b7f4ac8f",
                "type": "elbv2"
              }
            ],
            "vpc_zone_identifier": [
              "subnet-0990e6d10bb556a47",
              "subnet-0f9e36fb6cab61161"
            ],
            "wait_for_capacity_timeout": "10m",
            "wait_for_elb_capacity": null,
            "warm_pool": [],
            "warm_pool_size": 0
          },
          "sensitive_attributes": [],
          "identity_schema_version": 0,
          "private": "eyJlMmJmYjczMC1lY2FhLTExZTYtOGY4OC0zNDM2M2JjN2M0YzAiOnsiZGVsZXRlIjo2MDAwMDAwMDAwMDAsInVwZGF0ZSI6NjAwMDAwMDAwMDAwfSwic2NoZW1hX3ZlcnNpb24iOiIxIn0=",
          "dependencies": [
            "aws_iam_instance_profile.ec2_profile",
            "aws_iam_role.ec2_s3_role",
            "aws_key_pair.key_pair",
            "aws_launch_template.web_server_template",
            "aws_lb_target_group.main",
            "aws_security_group.web_sg",
            "aws_subnet.public_a",
            "aws_subnet.public_b",
            "aws_vpc.main",
            "tls_private_key.pk"
          ]
        }
      ]
    },
    {
      "mode": "managed",
      "type": "aws_db_instance",
      "name": "main",
      "provider": "provider[\"registry.terraform.io/hashicorp/aws\"]",
      "instances": [
        {
          "schema_version": 2,
          "attributes": {
            "address": "cloud-2006-db.cqjw6syca6c3.us-east-1.rds.amazonaws.com",
            "allocated_storage": 20,
            "allow_major_version_upgrade": null,
            "apply_immediately": false,
            "arn": "arn:aws:rds:us-east-1:620812304387:db:cloud-2006-db",
            "auto_minor_version_upgrade": true,
            "availability_zone": "us-east-1a",
            "backup_retention_period": 0,
            "backup_target": "region",
            "backup_window": "03:21-03:51",
            "blue_green_update": [],
            "ca_cert_identifier": "rds-ca-rsa2048-g1",
            "character_set_name": "",
            "copy_tags_to_snapshot": false,
            "custom_iam_instance_profile": "",
            "customer_owned_ip_enabled": false,
            "database_insights_mode": "standard",
            "db_name": "cloud2006db",
            "db_subnet_group_name": "cloud-2006-db-subnet-group",
            "dedicated_log_volume": false,
            "delete_automated_backups": true,
            "deletion_protection": false,
            "domain": "",
            "domain_auth_secret_arn": "",
            "domain_dns_ips": [],
            "domain_fqdn": "",
            "domain_iam_role_name": "",
            "domain_ou": "",
            "enabled_cloudwatch_logs_exports": [],
            "endpoint": "cloud-2006-db.cqjw6syca6c3.us-east-1.rds.amazonaws.com:3306",
            "engine": "mysql",
            "engine_lifecycle_support": "open-source-rds-extended-support",
            "engine_version": "8.0",
            "engine_version_actual": "8.0.42",
            "final_snapshot_identifier": null,
            "hosted_zone_id": "Z2R2ITUGPM61AM",
            "iam_database_authentication_enabled": false,
            "id": "db-2IRSLRZHYPF6RMJMSFIYD4LP4M",
            "identifier": "cloud-2006-db",
            "identifier_prefix": "",
            "instance_class": "db.t3.micro",
            "iops": 0,
            "kms_key_id": "",
            "latest_restorable_time": "",
            "license_model": "general-public-license",
            "listener_endpoint": [],
            "maintenance_window": "thu:08:04-thu:08:34",
            "manage_master_user_password": null,
            "master_user_secret": [],
            "master_user_secret_kms_key_id": null,
            "max_allocated_storage": 0,
            "monitoring_interval": 0,
            "monitoring_role_arn": "",
            "multi_az": false,
            "nchar_character_set_name": "",
            "network_type": "IPV4",
            "option_group_name": "default:mysql-8-0",
            "parameter_group_name": "default.mysql8.0",
            "password": "TourismPOI",
            "password_wo": null,
            "password_wo_version": null,
            "performance_insights_enabled": false,
            "performance_insights_kms_key_id": "",
            "performance_insights_retention_period": 0,
            "port": 3306,
            "publicly_accessible": false,
            "replica_mode": "",
            "replicas": [],
            "replicate_source_db": "",
            "resource_id": "db-2IRSLRZHYPF6RMJMSFIYD4LP4M",
            "restore_to_point_in_time": [],
            "s3_import": [],
            "skip_final_snapshot": true,
            "snapshot_identifier": null,
            "status": "available",
            "storage_encrypted": false,
            "storage_throughput": 0,
            "storage_type": "gp2",
            "tags": {
              "Name": "cloud-2006-db"
            },
            "tags_all": {
              "Name": "cloud-2006-db"
            },
            "timeouts": null,
            "timezone": "",
            "upgrade_storage_config": null,
            "username": "cloud_dev",
            "vpc_security_group_ids": [
              "sg-0d332ecfdae3fd4c3"
            ]
          },
          "sensitive_attributes": [
            [
              {
                "type": "get_attr",
                "value": "password"
              }
            ],
            [
              {
                "type": "get_attr",
                "value": "password_wo"
              }
            ]
          ],
          "identity_schema_version": 0,
          "private": "eyJlMmJmYjczMC1lY2FhLTExZTYtOGY4OC0zNDM2M2JjN2M0YzAiOnsiY3JlYXRlIjozMDAwMDAwMDAwMDAwLCJkZWxldGUiOjM2MDAwMDAwMDAwMDAsInVwZGF0ZSI6NDgwMDAwMDAwMDAwMH0sInNjaGVtYV92ZXJzaW9uIjoiMiJ9",
          "dependencies": [
            "aws_db_subnet_group.db_subnet_group",
            "aws_security_group.db_sg",
            "aws_security_group.web_sg",
            "aws_subnet.private_a",
            "aws_subnet.private_b",
            "aws_vpc.main"
          ]
        }
      ]
    },
    {
      "mode": "managed",
      "type": "aws_db_subnet_group",
      "name": "db_subnet_group",
      "provider": "provider[\"registry.terraform.io/hashicorp/aws\"]",
      "instances": [
        {
          "schema_version": 0,
          "attributes": {
            "arn": "arn:aws:rds:us-east-1:620812304387:subgrp:cloud-2006-db-subnet-group",
            "description": "Managed by Terraform",
            "id": "cloud-2006-db-subnet-group",
            "name": "cloud-2006-db-subnet-group",
            "name_prefix": "",
            "subnet_ids": [
              "subnet-063eab9935717d290",
              "subnet-0a666ce5c559e0925"
            ],
            "supported_network_types": [
              "IPV4"
            ],
            "tags": {
              "Name": "cloud-2006-db-subnet-group"
            },
            "tags_all": {
              "Name": "cloud-2006-db-subnet-group"
            },
            "vpc_id": "vpc-04db7ca0c63668576"
          },
          "sensitive_attributes": [],
          "identity_schema_version": 0,
          "private": "bnVsbA==",
          "dependencies": [
            "aws_subnet.private_a",
            "aws_subnet.private_b",
            "aws_vpc.main"
          ]
        }
      ]
    },
    {
      "mode": "managed",
      "type": "aws_eip",
      "name": "dev_eip",
      "provider": "provider[\"registry.terraform.io/hashicorp/aws\"]",
      "instances": [
        {
          "schema_version": 0,
          "attributes": {
            "address": null,
            "allocation_id": "eipalloc-083f94fec712c3c08",
            "arn": "arn:aws:ec2:us-east-1:620812304387:elastic-ip/eipalloc-083f94fec712c3c08",
            "associate_with_private_ip": null,
            "association_id": "eipassoc-04d87bc9a29d57245",
            "carrier_ip": "",
            "customer_owned_ip": "",
            "customer_owned_ipv4_pool": "",
            "domain": "vpc",
            "id": "eipalloc-083f94fec712c3c08",
            "instance": "i-064111bef05318510",
            "ipam_pool_id": null,
            "network_border_group": "us-east-1",
            "network_interface": "eni-018ad6b1e64e5662a",
            "private_dns": "ip-10-0-1-13.ec2.internal",
            "private_ip": "10.0.1.13",
            "ptr_record": "",
            "public_dns": "ec2-23-23-169-253.compute-1.amazonaws.com",
            "public_ip": "23.23.169.253",
            "public_ipv4_pool": "amazon",
            "tags": {
              "Name": "cloud-2006-dev-eip"
            },
            "tags_all": {
              "Name": "cloud-2006-dev-eip"
            },
            "timeouts": null,
            "vpc": true
          },
          "sensitive_attributes": [],
          "identity_schema_version": 0,
          "private": "eyJlMmJmYjczMC1lY2FhLTExZTYtOGY4OC0zNDM2M2JjN2M0YzAiOnsiZGVsZXRlIjoxODAwMDAwMDAwMDAsInJlYWQiOjkwMDAwMDAwMDAwMCwidXBkYXRlIjozMDAwMDAwMDAwMDB9fQ=="
        }
      ]
    },
    {
      "mode": "managed",
      "type": "aws_eip_association",
      "name": "dev_eip_assoc",
      "provider": "provider[\"registry.terraform.io/hashicorp/aws\"]",
      "instances": [
        {
          "schema_version": 0,
          "attributes": {
            "allocation_id": "eipalloc-083f94fec712c3c08",
            "allow_reassociation": null,
            "id": "eipassoc-04d87bc9a29d57245",
            "instance_id": "i-064111bef05318510",
            "network_interface_id": "eni-018ad6b1e64e5662a",
            "private_ip_address": "10.0.1.13",
            "public_ip": "23.23.169.253"
          },
          "sensitive_attributes": [],
          "identity_schema_version": 0,
          "private": "bnVsbA==",
          "dependencies": [
            "aws_eip.dev_eip",
            "aws_iam_instance_profile.ec2_profile",
            "aws_iam_role.ec2_s3_role",
            "aws_instance.web_server_dev",
            "aws_key_pair.key_pair",
            "aws_security_group.web_sg",
            "aws_subnet.public_a",
            "aws_vpc.main",
            "data.aws_ami.amazon_linux_2023",
            "tls_private_key.pk"
          ]
        }
      ]
    },
    {
      "mode": "managed",
      "type": "aws_iam_instance_profile",
      "name": "ec2_profile",
      "provider": "provider[\"registry.terraform.io/hashicorp/aws\"]",
      "instances": [
        {
          "schema_version": 0,
          "attributes": {
            "arn": "arn:aws:iam::620812304387:instance-profile/ec2-s3-instance-profile-cloud-2006",
            "create_date": "2025-09-26T18:45:47Z",
            "id": "ec2-s3-instance-profile-cloud-2006",
            "name": "ec2-s3-instance-profile-cloud-2006",
            "name_prefix": "",
            "path": "/",
            "role": "ec2-s3-access-role-cloud-2006",
            "tags": {},
            "tags_all": {},
            "unique_id": "AIPAZBC2MAAB2ZM5LJSOF"
          },
          "sensitive_attributes": [],
          "identity_schema_version": 0,
          "private": "bnVsbA==",
          "dependencies": [
            "aws_iam_role.ec2_s3_role"
          ]
        }
      ]
    },
    {
      "mode": "managed",
      "type": "aws_iam_role",
      "name": "ec2_s3_role",
      "provider": "provider[\"registry.terraform.io/hashicorp/aws\"]",
      "instances": [
        {
          "schema_version": 0,
          "attributes": {
            "arn": "arn:aws:iam::620812304387:role/ec2-s3-access-role-cloud-2006",
            "assume_role_policy": "{\"Statement\":[{\"Action\":\"sts:AssumeRole\",\"Effect\":\"Allow\",\"Principal\":{\"Service\":\"ec2.amazonaws.com\"}}],\"Version\":\"2012-10-17\"}",
            "create_date": "2025-09-26T18:45:46Z",
            "description": "",
            "force_detach_policies": false,
            "id": "ec2-s3-access-role-cloud-2006",
            "inline_policy": [],
            "managed_policy_arns": [
              "arn:aws:iam::aws:policy/AmazonS3FullAccess"
            ],
            "max_session_duration": 3600,
            "name": "ec2-s3-access-role-cloud-2006",
            "name_prefix": "",
            "path": "/",
            "permissions_boundary": "",
            "tags": {},
            "tags_all": {},
            "unique_id": "AROAZBC2MAABVVZVKD5X4"
          },
          "sensitive_attributes": [],
          "identity_schema_version": 0,
          "private": "bnVsbA=="
        }
      ]
    },
    {
      "mode": "managed",
      "type": "aws_iam_role_policy_attachment",
      "name": "s3_policy_attach",
      "provider": "provider[\"registry.terraform.io/hashicorp/aws\"]",
      "instances": [
        {
          "schema_version": 0,
          "attributes": {
            "id": "ec2-s3-access-role-cloud-2006-20250926184548235100000001",
            "policy_arn": "arn:aws:iam::aws:policy/AmazonS3FullAccess",
            "role": "ec2-s3-access-role-cloud-2006"
          },
          "sensitive_attributes": [],
          "identity_schema_version": 0,
          "private": "bnVsbA==",
          "dependencies": [
            "aws_iam_role.ec2_s3_role"
          ]
        }
      ]
    },
    {
      "mode": "managed",
      "type": "aws_instance",
      "name": "web_server_dev",
      "provider": "provider[\"registry.terraform.io/hashicorp/aws\"]",
      "instances": [
        {
          "schema_version": 1,
          "attributes": {
            "ami": "ami-0b9755dd9758b73ce",
            "arn": "arn:aws:ec2:us-east-1:620812304387:instance/i-064111bef05318510",
            "associate_public_ip_address": true,
            "availability_zone": "us-east-1a",
            "capacity_reservation_specification": [
              {
                "capacity_reservation_preference": "open",
                "capacity_reservation_target": []
              }
            ],
            "cpu_core_count": 1,
            "cpu_options": [
              {
                "amd_sev_snp": "",
                "core_count": 1,
                "threads_per_core": 2
              }
            ],
            "cpu_threads_per_core": 2,
            "credit_specification": [
              {
                "cpu_credits": "unlimited"
              }
            ],
            "disable_api_stop": false,
            "disable_api_termination": false,
            "ebs_block_device": [],
            "ebs_optimized": false,
            "enable_primary_ipv6": null,
            "enclave_options": [
              {
                "enabled": false
              }
            ],
            "ephemeral_block_device": [],
            "get_password_data": false,
            "hibernation": false,
            "host_id": "",
            "host_resource_group_arn": null,
            "iam_instance_profile": "ec2-s3-instance-profile-cloud-2006",
            "id": "i-064111bef05318510",
            "instance_initiated_shutdown_behavior": "stop",
            "instance_lifecycle": "",
            "instance_market_options": [],
            "instance_state": "running",
            "instance_type": "t3.micro",
            "ipv6_address_count": 0,
            "ipv6_addresses": [],
            "key_name": "cloud-2006-key",
            "launch_template": [],
            "maintenance_options": [
              {
                "auto_recovery": "default"
              }
            ],
            "metadata_options": [
              {
                "http_endpoint": "enabled",
                "http_protocol_ipv6": "disabled",
                "http_put_response_hop_limit": 2,
                "http_tokens": "required",
                "instance_metadata_tags": "disabled"
              }
            ],
            "monitoring": false,
            "network_interface": [],
            "outpost_arn": "",
            "password_data": "",
            "placement_group": "",
            "placement_partition_number": 0,
            "primary_network_interface_id": "eni-018ad6b1e64e5662a",
            "private_dns": "ip-10-0-1-13.ec2.internal",
            "private_dns_name_options": [
              {
                "enable_resource_name_dns_a_record": false,
                "enable_resource_name_dns_aaaa_record": false,
                "hostname_type": "ip-name"
              }
            ],
            "private_ip": "10.0.1.13",
            "public_dns": "ec2-23-23-169-253.compute-1.amazonaws.com",
            "public_ip": "23.23.169.253",
            "root_block_device": [
              {
                "delete_on_termination": true,
                "device_name": "/dev/xvda",
                "encrypted": false,
                "iops": 3000,
                "kms_key_id": "",
                "tags": {},
                "tags_all": {},
                "throughput": 125,
                "volume_id": "vol-0c2ade151a184c926",
                "volume_size": 30,
                "volume_type": "gp3"
              }
            ],
            "secondary_private_ips": [],
            "security_groups": [],
            "source_dest_check": true,
            "spot_instance_request_id": "",
            "subnet_id": "subnet-0990e6d10bb556a47",
            "tags": {
              "Name": "cloud-2006-web-server-dev"
            },
            "tags_all": {
              "Name": "cloud-2006-web-server-dev"
            },
            "tenancy": "default",
            "timeouts": null,
            "user_data": "922e24399a39504a59c81fe0c4b5cd6eed6ecd63",
            "user_data_base64": null,
            "user_data_replace_on_change": false,
            "volume_tags": null,
            "vpc_security_group_ids": [
              "sg-0efa4abcb3aa0fa85"
            ]
          },
          "sensitive_attributes": [],
          "identity_schema_version": 0,
          "private": "eyJlMmJmYjczMC1lY2FhLTExZTYtOGY4OC0zNDM2M2JjN2M0YzAiOnsiY3JlYXRlIjo2MDAwMDAwMDAwMDAsImRlbGV0ZSI6MTIwMDAwMDAwMDAwMCwicmVhZCI6OTAwMDAwMDAwMDAwLCJ1cGRhdGUiOjYwMDAwMDAwMDAwMH0sInNjaGVtYV92ZXJzaW9uIjoiMSJ9",
          "dependencies": [
            "aws_iam_instance_profile.ec2_profile",
            "aws_iam_role.ec2_s3_role",
            "aws_key_pair.key_pair",
            "aws_security_group.web_sg",
            "aws_subnet.public_a",
            "aws_vpc.main",
            "data.aws_ami.amazon_linux_2023",
            "tls_private_key.pk"
          ]
        }
      ]
    },
    {
      "mode": "managed",
      "type": "aws_internet_gateway",
      "name": "igw",
      "provider": "provider[\"registry.terraform.io/hashicorp/aws\"]",
      "instances": [
        {
          "schema_version": 0,
          "attributes": {
            "arn": "arn:aws:ec2:us-east-1:620812304387:internet-gateway/igw-0f16a3aae2e5b3cf1",
            "id": "igw-0f16a3aae2e5b3cf1",
            "owner_id": "620812304387",
            "tags": {
              "Name": "igw-cloud-2006"
            },
            "tags_all": {
              "Name": "igw-cloud-2006"
            },
            "timeouts": null,
            "vpc_id": "vpc-04db7ca0c63668576"
          },
          "sensitive_attributes": [],
          "identity_schema_version": 0,
          "private": "eyJlMmJmYjczMC1lY2FhLTExZTYtOGY4OC0zNDM2M2JjN2M0YzAiOnsiY3JlYXRlIjoxMjAwMDAwMDAwMDAwLCJkZWxldGUiOjEyMDAwMDAwMDAwMDAsInVwZGF0ZSI6MTIwMDAwMDAwMDAwMH19",
          "dependencies": [
            "aws_vpc.main"
          ]
        }
      ]
    },
    {
      "mode": "managed",
      "type": "aws_key_pair",
      "name": "key_pair",
      "provider": "provider[\"registry.terraform.io/hashicorp/aws\"]",
      "instances": [
        {
          "schema_version": 1,
          "attributes": {
            "arn": "arn:aws:ec2:us-east-1:620812304387:key-pair/cloud-2006-key",
            "fingerprint": "69:6d:ef:0a:eb:5b:d6:39:21:f2:3d:88:56:27:ac:ec",
            "id": "cloud-2006-key",
            "key_name": "cloud-2006-key",
            "key_name_prefix": "",
            "key_pair_id": "key-0d0cadf2ed677c64d",
            "key_type": "rsa",
            "public_key": "ssh-rsa AAAAB3NzaC1yc2EAAAADAQABAAACAQDRNrqU6H1FNHQP+WFCoqPLMWhzDpyUs91qny0zXe8D8NrhDyNEkYmakZop7qXaI8SRb8fQOwqiRyGoxKjwbFHFNwzCN6tJpW0tR8JOflWXLBhV/OovtzKSLLD6pLZtUowDg+mEyaq6wKgOSPdvuzV4CbVEcOCQW7bZ0TeKpCUO2sqEq91s9mYSJeSC46BLxsKEnDlBvPycO/c07UO/d1x0xS1omJ+uEvVoZ0/HpCksi2+0iR0HQtabU3noaPVB2xubcXMqBD5pX9AK2lM1d2nh968NPb+OAfWz0Fn+mRPossq75r3mnGoqM9uaMxbRDWRzonYi8H366Glpb0Fvml2ZqGJAq1S55gB0Xb+20c4LKKdsJLiQ42Ww1ubAaSc02kPjkhPBESlNQz9udmfwT3ItJAWYnE0d4Rz3+Dh0sgdlmqqujxvxPXEQRfRSB/VvO/JOBgPcmU2ZYO6/i6sTjOgLZnCfeE0q2dWmqgpp0++wJR0+h5kbrv8Q+FSEE7K4uCokdx+jya3dCHY1aXHFyC6KiCHj9RxtJAR3D6kYN6uKfPLLRf6nes5hva/s+IarLE7JlbVqcso01eNIKxFDMVrv6yfS4zbEj8eDRT9cbNzi7pPkIdLZaCnVIzmRrvh1HHids8syDUO1Oo/6zuhXVo4klbIhfbfoDlg1UqmGUlMVIw==",
            "tags": {},
            "tags_all": {}
          },
          "sensitive_attributes": [],
          "identity_schema_version": 0,
          "private": "eyJzY2hlbWFfdmVyc2lvbiI6IjEifQ==",
          "dependencies": [
            "tls_private_key.pk"
          ]
        }
      ]
    },
    {
      "mode": "managed",
      "type": "aws_launch_template",
      "name": "web_server_template",
      "provider": "provider[\"registry.terraform.io/hashicorp/aws\"]",
      "instances": [
        {
          "schema_version": 0,
          "attributes": {
            "arn": "arn:aws:ec2:us-east-1:620812304387:launch-template/lt-09b48ac58bfae518b",
            "block_device_mappings": [],
            "capacity_reservation_specification": [],
            "cpu_options": [],
            "credit_specification": [],
            "default_version": 1,
            "description": "",
            "disable_api_stop": false,
            "disable_api_termination": false,
            "ebs_optimized": "",
            "elastic_gpu_specifications": [],
            "elastic_inference_accelerator": [],
            "enclave_options": [],
            "hibernation_options": [],
            "iam_instance_profile": [
              {
                "arn": "",
                "name": "ec2-s3-instance-profile-cloud-2006"
              }
            ],
            "id": "lt-09b48ac58bfae518b",
            "image_id": "ami-027ccae0f843e1ab5",
            "instance_initiated_shutdown_behavior": "",
            "instance_market_options": [],
            "instance_requirements": [],
            "instance_type": "t3.micro",
            "kernel_id": "",
            "key_name": "cloud-2006-key",
            "latest_version": 1,
            "license_specification": [],
            "maintenance_options": [],
            "metadata_options": [],
            "monitoring": [],
            "name": "cloud-2006-lt-20250927054203696800000001",
            "name_prefix": "cloud-2006-lt-",
            "network_interfaces": [
              {
                "associate_carrier_ip_address": "",
                "associate_public_ip_address": "true",
                "connection_tracking_specification": [],
                "delete_on_termination": "",
                "description": "",
                "device_index": 0,
                "ena_srd_specification": [],
                "interface_type": "",
                "ipv4_address_count": 0,
                "ipv4_addresses": [],
                "ipv4_prefix_count": 0,
                "ipv4_prefixes": [],
                "ipv6_address_count": 0,
                "ipv6_addresses": [],
                "ipv6_prefix_count": 0,
                "ipv6_prefixes": [],
                "network_card_index": 0,
                "network_interface_id": "",
                "primary_ipv6": "",
                "private_ip_address": "",
                "security_groups": [
                  "sg-0efa4abcb3aa0fa85"
                ],
                "subnet_id": ""
              }
            ],
            "placement": [],
            "private_dns_name_options": [],
            "ram_disk_id": "",
            "security_group_names": [],
            "tag_specifications": [
              {
                "resource_type": "instance",
                "tags": {
                  "Name": "cloud-2006-prod-instance"
                }
              }
            ],
            "tags": {},
            "tags_all": {},
            "update_default_version": null,
            "user_data": "",
            "vpc_security_group_ids": []
          },
          "sensitive_attributes": [],
          "identity_schema_version": 0,
          "private": "bnVsbA==",
          "dependencies": [
            "aws_iam_instance_profile.ec2_profile",
            "aws_iam_role.ec2_s3_role",
            "aws_key_pair.key_pair",
            "aws_security_group.web_sg",
            "aws_vpc.main",
            "tls_private_key.pk"
          ]
        }
      ]
    },
    {
      "mode": "managed",
      "type": "aws_lb",
      "name": "main",
      "provider": "provider[\"registry.terraform.io/hashicorp/aws\"]",
      "instances": [
        {
          "schema_version": 0,
          "attributes": {
            "access_logs": [
              {
                "bucket": "",
                "enabled": false,
                "prefix": ""
              }
            ],
            "arn": "arn:aws:elasticloadbalancing:us-east-1:620812304387:loadbalancer/app/cloud-2006-alb/8ebb66cc66b7bbd5",
            "arn_suffix": "app/cloud-2006-alb/8ebb66cc66b7bbd5",
            "client_keep_alive": 3600,
            "connection_logs": [
              {
                "bucket": "",
                "enabled": false,
                "prefix": ""
              }
            ],
            "customer_owned_ipv4_pool": "",
            "desync_mitigation_mode": "defensive",
            "dns_name": "cloud-2006-alb-1984414295.us-east-1.elb.amazonaws.com",
            "dns_record_client_routing_policy": null,
            "drop_invalid_header_fields": false,
            "enable_cross_zone_load_balancing": true,
            "enable_deletion_protection": false,
            "enable_http2": true,
            "enable_tls_version_and_cipher_suite_headers": false,
            "enable_waf_fail_open": false,
            "enable_xff_client_port": false,
            "enable_zonal_shift": false,
            "enforce_security_group_inbound_rules_on_private_link_traffic": "",
            "id": "arn:aws:elasticloadbalancing:us-east-1:620812304387:loadbalancer/app/cloud-2006-alb/8ebb66cc66b7bbd5",
            "idle_timeout": 60,
            "internal": false,
            "ip_address_type": "ipv4",
            "ipam_pools": [],
            "load_balancer_type": "application",
            "minimum_load_balancer_capacity": [],
            "name": "cloud-2006-alb",
            "name_prefix": "",
            "preserve_host_header": false,
            "security_groups": [
              "sg-0efa4abcb3aa0fa85"
            ],
            "subnet_mapping": [
              {
                "allocation_id": "",
                "ipv6_address": "",
                "outpost_id": "",
                "private_ipv4_address": "",
                "subnet_id": "subnet-0990e6d10bb556a47"
              },
              {
                "allocation_id": "",
                "ipv6_address": "",
                "outpost_id": "",
                "private_ipv4_address": "",
                "subnet_id": "subnet-0f9e36fb6cab61161"
              }
            ],
            "subnets": [
              "subnet-0990e6d10bb556a47",
              "subnet-0f9e36fb6cab61161"
            ],
            "tags": {},
            "tags_all": {},
            "timeouts": null,
            "vpc_id": "vpc-04db7ca0c63668576",
            "xff_header_processing_mode": "append",
            "zone_id": "Z35SXDOTRQ7X7K"
          },
          "sensitive_attributes": [],
          "identity_schema_version": 0,
          "private": "eyJlMmJmYjczMC1lY2FhLTExZTYtOGY4OC0zNDM2M2JjN2M0YzAiOnsiY3JlYXRlIjo2MDAwMDAwMDAwMDAsImRlbGV0ZSI6NjAwMDAwMDAwMDAwLCJ1cGRhdGUiOjYwMDAwMDAwMDAwMH19",
          "dependencies": [
            "aws_security_group.web_sg",
            "aws_subnet.public_a",
            "aws_subnet.public_b",
            "aws_vpc.main"
          ]
        }
      ]
    },
    {
      "mode": "managed",
      "type": "aws_lb_listener",
      "name": "http",
      "provider": "provider[\"registry.terraform.io/hashicorp/aws\"]",
      "instances": [
        {
          "schema_version": 0,
          "attributes": {
            "alpn_policy": null,
            "arn": "arn:aws:elasticloadbalancing:us-east-1:620812304387:listener/app/cloud-2006-alb/8ebb66cc66b7bbd5/45a66b36e757b350",
            "certificate_arn": null,
            "default_action": [
              {
                "authenticate_cognito": [],
                "authenticate_oidc": [],
                "fixed_response": [],
                "forward": [],
                "order": 1,
                "redirect": [],
                "target_group_arn": "arn:aws:elasticloadbalancing:us-east-1:620812304387:targetgroup/cloud-2006-tg/68ed1970b7f4ac8f",
                "type": "forward"
              }
            ],
            "id": "arn:aws:elasticloadbalancing:us-east-1:620812304387:listener/app/cloud-2006-alb/8ebb66cc66b7bbd5/45a66b36e757b350",
            "load_balancer_arn": "arn:aws:elasticloadbalancing:us-east-1:620812304387:loadbalancer/app/cloud-2006-alb/8ebb66cc66b7bbd5",
            "mutual_authentication": [],
            "port": 80,
            "protocol": "HTTP",
            "routing_http_request_x_amzn_mtls_clientcert_header_name": null,
            "routing_http_request_x_amzn_mtls_clientcert_issuer_header_name": null,
            "routing_http_request_x_amzn_mtls_clientcert_leaf_header_name": null,
            "routing_http_request_x_amzn_mtls_clientcert_serial_number_header_name": null,
            "routing_http_request_x_amzn_mtls_clientcert_subject_header_name": null,
            "routing_http_request_x_amzn_mtls_clientcert_validity_header_name": null,
            "routing_http_request_x_amzn_tls_cipher_suite_header_name": null,
            "routing_http_request_x_amzn_tls_version_header_name": null,
            "routing_http_response_access_control_allow_credentials_header_value": "",
            "routing_http_response_access_control_allow_headers_header_value": "",
            "routing_http_response_access_control_allow_methods_header_value": "",
            "routing_http_response_access_control_allow_origin_header_value": "",
            "routing_http_response_access_control_expose_headers_header_value": "",
            "routing_http_response_access_control_max_age_header_value": "",
            "routing_http_response_content_security_policy_header_value": "",
            "routing_http_response_server_enabled": true,
            "routing_http_response_strict_transport_security_header_value": "",
            "routing_http_response_x_content_type_options_header_value": "",
            "routing_http_response_x_frame_options_header_value": "",
            "ssl_policy": "",
            "tags": {},
            "tags_all": {},
            "tcp_idle_timeout_seconds": null,
            "timeouts": null
          },
          "sensitive_attributes": [],
          "identity_schema_version": 0,
          "private": "eyJlMmJmYjczMC1lY2FhLTExZTYtOGY4OC0zNDM2M2JjN2M0YzAiOnsiY3JlYXRlIjozMDAwMDAwMDAwMDAsInVwZGF0ZSI6MzAwMDAwMDAwMDAwfX0=",
          "dependencies": [
            "aws_lb.main",
            "aws_lb_target_group.main",
            "aws_security_group.web_sg",
            "aws_subnet.public_a",
            "aws_subnet.public_b",
            "aws_vpc.main"
          ]
        }
      ]
    },
    {
      "mode": "managed",
      "type": "aws_lb_target_group",
      "name": "main",
      "provider": "provider[\"registry.terraform.io/hashicorp/aws\"]",
      "instances": [
        {
          "schema_version": 0,
          "attributes": {
            "arn": "arn:aws:elasticloadbalancing:us-east-1:620812304387:targetgroup/cloud-2006-tg/68ed1970b7f4ac8f",
            "arn_suffix": "targetgroup/cloud-2006-tg/68ed1970b7f4ac8f",
            "connection_termination": null,
            "deregistration_delay": "300",
            "health_check": [
              {
                "enabled": true,
                "healthy_threshold": 5,
                "interval": 30,
                "matcher": "200",
                "path": "/",
                "port": "traffic-port",
                "protocol": "HTTP",
                "timeout": 5,
                "unhealthy_threshold": 2
              }
            ],
            "id": "arn:aws:elasticloadbalancing:us-east-1:620812304387:targetgroup/cloud-2006-tg/68ed1970b7f4ac8f",
            "ip_address_type": "ipv4",
            "lambda_multi_value_headers_enabled": false,
            "load_balancer_arns": [
              "arn:aws:elasticloadbalancing:us-east-1:620812304387:loadbalancer/app/cloud-2006-alb/8ebb66cc66b7bbd5"
            ],
            "load_balancing_algorithm_type": "round_robin",
            "load_balancing_anomaly_mitigation": "off",
            "load_balancing_cross_zone_enabled": "use_load_balancer_configuration",
            "name": "cloud-2006-tg",
            "name_prefix": "",
            "port": 80,
            "preserve_client_ip": null,
            "protocol": "HTTP",
            "protocol_version": "HTTP1",
            "proxy_protocol_v2": false,
            "slow_start": 0,
            "stickiness": [
              {
                "cookie_duration": 86400,
                "cookie_name": "",
                "enabled": false,
                "type": "lb_cookie"
              }
            ],
            "tags": {},
            "tags_all": {},
            "target_failover": [
              {
                "on_deregistration": null,
                "on_unhealthy": null
              }
            ],
            "target_group_health": [
              {
                "dns_failover": [
                  {
                    "minimum_healthy_targets_count": "1",
                    "minimum_healthy_targets_percentage": "off"
                  }
                ],
                "unhealthy_state_routing": [
                  {
                    "minimum_healthy_targets_count": 1,
                    "minimum_healthy_targets_percentage": "off"
                  }
                ]
              }
            ],
            "target_health_state": [
              {
                "enable_unhealthy_connection_termination": null,
                "unhealthy_draining_interval": null
              }
            ],
            "target_type": "instance",
            "vpc_id": "vpc-04db7ca0c63668576"
          },
          "sensitive_attributes": [],
          "identity_schema_version": 0,
          "private": "bnVsbA==",
          "dependencies": [
            "aws_vpc.main"
          ]
        }
      ]
    },
    {
      "mode": "managed",
      "type": "aws_route_table",
      "name": "public",
      "provider": "provider[\"registry.terraform.io/hashicorp/aws\"]",
      "instances": [
        {
          "schema_version": 0,
          "attributes": {
            "arn": "arn:aws:ec2:us-east-1:620812304387:route-table/rtb-03677f6b2aed25c7e",
            "id": "rtb-03677f6b2aed25c7e",
            "owner_id": "620812304387",
            "propagating_vgws": [],
            "route": [
              {
                "carrier_gateway_id": "",
                "cidr_block": "0.0.0.0/0",
                "core_network_arn": "",
                "destination_prefix_list_id": "",
                "egress_only_gateway_id": "",
                "gateway_id": "igw-0f16a3aae2e5b3cf1",
                "ipv6_cidr_block": "",
                "local_gateway_id": "",
                "nat_gateway_id": "",
                "network_interface_id": "",
                "transit_gateway_id": "",
                "vpc_endpoint_id": "",
                "vpc_peering_connection_id": ""
              }
            ],
            "tags": {
              "Name": "public-route-table"
            },
            "tags_all": {
              "Name": "public-route-table"
            },
            "timeouts": null,
            "vpc_id": "vpc-04db7ca0c63668576"
          },
          "sensitive_attributes": [],
          "identity_schema_version": 0,
          "private": "eyJlMmJmYjczMC1lY2FhLTExZTYtOGY4OC0zNDM2M2JjN2M0YzAiOnsiY3JlYXRlIjozMDAwMDAwMDAwMDAsImRlbGV0ZSI6MzAwMDAwMDAwMDAwLCJ1cGRhdGUiOjEyMDAwMDAwMDAwMH19",
          "dependencies": [
            "aws_internet_gateway.igw",
            "aws_vpc.main"
          ]
        }
      ]
    },
    {
      "mode": "managed",
      "type": "aws_route_table_association",
      "name": "public_a",
      "provider": "provider[\"registry.terraform.io/hashicorp/aws\"]",
      "instances": [
        {
          "schema_version": 0,
          "attributes": {
            "gateway_id": "",
            "id": "rtbassoc-0798e018d9d27847f",
            "route_table_id": "rtb-03677f6b2aed25c7e",
            "subnet_id": "subnet-0990e6d10bb556a47",
            "timeouts": null
          },
          "sensitive_attributes": [],
          "identity_schema_version": 0,
          "private": "eyJlMmJmYjczMC1lY2FhLTExZTYtOGY4OC0zNDM2M2JjN2M0YzAiOnsiY3JlYXRlIjozMDAwMDAwMDAwMDAsImRlbGV0ZSI6MzAwMDAwMDAwMDAwLCJ1cGRhdGUiOjEyMDAwMDAwMDAwMH19",
          "dependencies": [
            "aws_internet_gateway.igw",
            "aws_route_table.public",
            "aws_subnet.public_a",
            "aws_vpc.main"
          ]
        }
      ]
    },
    {
      "mode": "managed",
      "type": "aws_route_table_association",
      "name": "public_b",
      "provider": "provider[\"registry.terraform.io/hashicorp/aws\"]",
      "instances": [
        {
          "schema_version": 0,
          "attributes": {
            "gateway_id": "",
            "id": "rtbassoc-083d73d565155eadc",
            "route_table_id": "rtb-03677f6b2aed25c7e",
            "subnet_id": "subnet-0f9e36fb6cab61161",
            "timeouts": null
          },
          "sensitive_attributes": [],
          "identity_schema_version": 0,
          "private": "eyJlMmJmYjczMC1lY2FhLTExZTYtOGY4OC0zNDM2M2JjN2M0YzAiOnsiY3JlYXRlIjozMDAwMDAwMDAwMDAsImRlbGV0ZSI6MzAwMDAwMDAwMDAwLCJ1cGRhdGUiOjEyMDAwMDAwMDAwMH19",
          "dependencies": [
            "aws_internet_gateway.igw",
            "aws_route_table.public",
            "aws_subnet.public_b",
            "aws_vpc.main"
          ]
        }
      ]
    },
    {
      "mode": "managed",
      "type": "aws_s3_bucket",
      "name": "main",
      "provider": "provider[\"registry.terraform.io/hashicorp/aws\"]",
      "instances": [
        {
          "schema_version": 0,
          "attributes": {
            "acceleration_status": "",
            "acl": null,
            "arn": "arn:aws:s3:::cloud-2006-bucket-vf6xtl9u",
            "bucket": "cloud-2006-bucket-vf6xtl9u",
            "bucket_domain_name": "cloud-2006-bucket-vf6xtl9u.s3.amazonaws.com",
            "bucket_prefix": "",
            "bucket_regional_domain_name": "cloud-2006-bucket-vf6xtl9u.s3.us-east-1.amazonaws.com",
            "cors_rule": [],
            "force_destroy": false,
            "grant": [
              {
                "id": "0359d71e7cfec745494662a4f2b1f019592db093cf4483797046c2dcabd75b42",
                "permissions": [
                  "FULL_CONTROL"
                ],
                "type": "CanonicalUser",
                "uri": ""
              }
            ],
            "hosted_zone_id": "Z3AQBSTGFYJSTF",
            "id": "cloud-2006-bucket-vf6xtl9u",
            "lifecycle_rule": [],
            "logging": [],
            "object_lock_configuration": [],
            "object_lock_enabled": false,
            "policy": "",
            "region": "us-east-1",
            "replication_configuration": [],
            "request_payer": "BucketOwner",
            "server_side_encryption_configuration": [
              {
                "rule": [
                  {
                    "apply_server_side_encryption_by_default": [
                      {
                        "kms_master_key_id": "",
                        "sse_algorithm": "AES256"
                      }
                    ],
                    "bucket_key_enabled": false
                  }
                ]
              }
            ],
            "tags": {
              "Name": "cloud-2006-storage",
              "Project": "cloud-2006"
            },
            "tags_all": {
              "Name": "cloud-2006-storage",
              "Project": "cloud-2006"
            },
            "timeouts": null,
            "versioning": [
              {
                "enabled": false,
                "mfa_delete": false
              }
            ],
            "website": [],
            "website_domain": null,
            "website_endpoint": null
          },
          "sensitive_attributes": [],
          "identity_schema_version": 0,
          "private": "eyJlMmJmYjczMC1lY2FhLTExZTYtOGY4OC0zNDM2M2JjN2M0YzAiOnsiY3JlYXRlIjoxMjAwMDAwMDAwMDAwLCJkZWxldGUiOjM2MDAwMDAwMDAwMDAsInJlYWQiOjEyMDAwMDAwMDAwMDAsInVwZGF0ZSI6MTIwMDAwMDAwMDAwMH19",
          "dependencies": [
            "random_string.bucket_suffix"
          ]
        }
      ]
    },
    {
      "mode": "managed",
      "type": "aws_security_group",
      "name": "db_sg",
      "provider": "provider[\"registry.terraform.io/hashicorp/aws\"]",
      "instances": [
        {
          "schema_version": 1,
          "attributes": {
            "arn": "arn:aws:ec2:us-east-1:620812304387:security-group/sg-0d332ecfdae3fd4c3",
            "description": "Allow access from Web Security Group",
            "egress": [],
            "id": "sg-0d332ecfdae3fd4c3",
            "ingress": [
              {
                "cidr_blocks": [],
                "description": "",
                "from_port": 3306,
                "ipv6_cidr_blocks": [],
                "prefix_list_ids": [],
                "protocol": "tcp",
                "security_groups": [
                  "sg-0efa4abcb3aa0fa85"
                ],
                "self": false,
                "to_port": 3306
              }
            ],
            "name": "cloud-2006-db-sg",
            "name_prefix": "",
            "owner_id": "620812304387",
            "revoke_rules_on_delete": false,
            "tags": {},
            "tags_all": {},
            "timeouts": null,
            "vpc_id": "vpc-04db7ca0c63668576"
          },
          "sensitive_attributes": [],
          "identity_schema_version": 0,
          "private": "eyJlMmJmYjczMC1lY2FhLTExZTYtOGY4OC0zNDM2M2JjN2M0YzAiOnsiY3JlYXRlIjo2MDAwMDAwMDAwMDAsImRlbGV0ZSI6OTAwMDAwMDAwMDAwfSwic2NoZW1hX3ZlcnNpb24iOiIxIn0=",
          "dependencies": [
            "aws_security_group.web_sg",
            "aws_vpc.main"
          ]
        }
      ]
    },
    {
      "mode": "managed",
      "type": "aws_security_group",
      "name": "web_sg",
      "provider": "provider[\"registry.terraform.io/hashicorp/aws\"]",
      "instances": [
        {
          "schema_version": 1,
          "attributes": {
            "arn": "arn:aws:ec2:us-east-1:620812304387:security-group/sg-0efa4abcb3aa0fa85",
            "description": "Allow HTTP, HTTPS, SSH, and MySQL inbound traffic",
            "egress": [
              {
                "cidr_blocks": [
                  "0.0.0.0/0"
                ],
                "description": "",
                "from_port": 0,
                "ipv6_cidr_blocks": [],
                "prefix_list_ids": [],
                "protocol": "-1",
                "security_groups": [],
                "self": false,
                "to_port": 0
              }
            ],
            "id": "sg-0efa4abcb3aa0fa85",
            "ingress": [
              {
                "cidr_blocks": [
                  "0.0.0.0/0"
                ],
                "description": "",
                "from_port": 22,
                "ipv6_cidr_blocks": [],
                "prefix_list_ids": [],
                "protocol": "tcp",
                "security_groups": [],
                "self": false,
                "to_port": 22
              },
              {
                "cidr_blocks": [
                  "0.0.0.0/0"
                ],
                "description": "",
                "from_port": 3306,
                "ipv6_cidr_blocks": [],
                "prefix_list_ids": [],
                "protocol": "tcp",
                "security_groups": [],
                "self": false,
                "to_port": 3306
              },
              {
                "cidr_blocks": [
                  "0.0.0.0/0"
                ],
                "description": "",
                "from_port": 443,
                "ipv6_cidr_blocks": [],
                "prefix_list_ids": [],
                "protocol": "tcp",
                "security_groups": [],
                "self": false,
                "to_port": 443
              },
              {
                "cidr_blocks": [
                  "0.0.0.0/0"
                ],
                "description": "",
                "from_port": 80,
                "ipv6_cidr_blocks": [],
                "prefix_list_ids": [],
                "protocol": "tcp",
                "security_groups": [],
                "self": false,
                "to_port": 80
              }
            ],
            "name": "cloud-2006-web-sg",
            "name_prefix": "",
            "owner_id": "620812304387",
            "revoke_rules_on_delete": false,
            "tags": {},
            "tags_all": {},
            "timeouts": null,
            "vpc_id": "vpc-04db7ca0c63668576"
          },
          "sensitive_attributes": [],
          "identity_schema_version": 0,
          "private": "eyJlMmJmYjczMC1lY2FhLTExZTYtOGY4OC0zNDM2M2JjN2M0YzAiOnsiY3JlYXRlIjo2MDAwMDAwMDAwMDAsImRlbGV0ZSI6OTAwMDAwMDAwMDAwfSwic2NoZW1hX3ZlcnNpb24iOiIxIn0=",
          "dependencies": [
            "aws_vpc.main"
          ]
        }
      ]
    },
    {
      "mode": "managed",
      "type": "aws_subnet",
      "name": "private_a",
      "provider": "provider[\"registry.terraform.io/hashicorp/aws\"]",
      "instances": [
        {
          "schema_version": 1,
          "attributes": {
            "arn": "arn:aws:ec2:us-east-1:620812304387:subnet/subnet-063eab9935717d290",
            "assign_ipv6_address_on_creation": false,
            "availability_zone": "us-east-1a",
            "availability_zone_id": "use1-az4",
            "cidr_block": "10.0.128.0/20",
            "customer_owned_ipv4_pool": "",
            "enable_dns64": false,
            "enable_lni_at_device_index": 0,
            "enable_resource_name_dns_a_record_on_launch": false,
            "enable_resource_name_dns_aaaa_record_on_launch": false,
            "id": "subnet-063eab9935717d290",
            "ipv6_cidr_block": "",
            "ipv6_cidr_block_association_id": "",
            "ipv6_native": false,
            "map_customer_owned_ip_on_launch": false,
            "map_public_ip_on_launch": false,
            "outpost_arn": "",
            "owner_id": "620812304387",
            "private_dns_hostname_type_on_launch": "ip-name",
            "tags": {
              "Name": "private-us-east-1a"
            },
            "tags_all": {
              "Name": "private-us-east-1a"
            },
            "timeouts": null,
            "vpc_id": "vpc-04db7ca0c63668576"
          },
          "sensitive_attributes": [],
          "identity_schema_version": 0,
          "private": "eyJlMmJmYjczMC1lY2FhLTExZTYtOGY4OC0zNDM2M2JjN2M0YzAiOnsiY3JlYXRlIjo2MDAwMDAwMDAwMDAsImRlbGV0ZSI6MTIwMDAwMDAwMDAwMH0sInNjaGVtYV92ZXJzaW9uIjoiMSJ9",
          "dependencies": [
            "aws_vpc.main"
          ]
        }
      ]
    },
    {
      "mode": "managed",
      "type": "aws_subnet",
      "name": "private_b",
      "provider": "provider[\"registry.terraform.io/hashicorp/aws\"]",
      "instances": [
        {
          "schema_version": 1,
          "attributes": {
            "arn": "arn:aws:ec2:us-east-1:620812304387:subnet/subnet-0a666ce5c559e0925",
            "assign_ipv6_address_on_creation": false,
            "availability_zone": "us-east-1b",
            "availability_zone_id": "use1-az6",
            "cidr_block": "10.0.144.0/20",
            "customer_owned_ipv4_pool": "",
            "enable_dns64": false,
            "enable_lni_at_device_index": 0,
            "enable_resource_name_dns_a_record_on_launch": false,
            "enable_resource_name_dns_aaaa_record_on_launch": false,
            "id": "subnet-0a666ce5c559e0925",
            "ipv6_cidr_block": "",
            "ipv6_cidr_block_association_id": "",
            "ipv6_native": false,
            "map_customer_owned_ip_on_launch": false,
            "map_public_ip_on_launch": false,
            "outpost_arn": "",
            "owner_id": "620812304387",
            "private_dns_hostname_type_on_launch": "ip-name",
            "tags": {
              "Name": "private-us-east-1b"
            },
            "tags_all": {
              "Name": "private-us-east-1b"
            },
            "timeouts": null,
            "vpc_id": "vpc-04db7ca0c63668576"
          },
          "sensitive_attributes": [],
          "identity_schema_version": 0,
          "private": "eyJlMmJmYjczMC1lY2FhLTExZTYtOGY4OC0zNDM2M2JjN2M0YzAiOnsiY3JlYXRlIjo2MDAwMDAwMDAwMDAsImRlbGV0ZSI6MTIwMDAwMDAwMDAwMH0sInNjaGVtYV92ZXJzaW9uIjoiMSJ9",
          "dependencies": [
            "aws_vpc.main"
          ]
        }
      ]
    },
    {
      "mode": "managed",
      "type": "aws_subnet",
      "name": "public_a",
      "provider": "provider[\"registry.terraform.io/hashicorp/aws\"]",
      "instances": [
        {
          "schema_version": 1,
          "attributes": {
            "arn": "arn:aws:ec2:us-east-1:620812304387:subnet/subnet-0990e6d10bb556a47",
            "assign_ipv6_address_on_creation": false,
            "availability_zone": "us-east-1a",
            "availability_zone_id": "use1-az4",
            "cidr_block": "10.0.0.0/20",
            "customer_owned_ipv4_pool": "",
            "enable_dns64": false,
            "enable_lni_at_device_index": 0,
            "enable_resource_name_dns_a_record_on_launch": false,
            "enable_resource_name_dns_aaaa_record_on_launch": false,
            "id": "subnet-0990e6d10bb556a47",
            "ipv6_cidr_block": "",
            "ipv6_cidr_block_association_id": "",
            "ipv6_native": false,
            "map_customer_owned_ip_on_launch": false,
            "map_public_ip_on_launch": true,
            "outpost_arn": "",
            "owner_id": "620812304387",
            "private_dns_hostname_type_on_launch": "ip-name",
            "tags": {
              "Name": "public-us-east-1a"
            },
            "tags_all": {
              "Name": "public-us-east-1a"
            },
            "timeouts": null,
            "vpc_id": "vpc-04db7ca0c63668576"
          },
          "sensitive_attributes": [],
          "identity_schema_version": 0,
          "private": "eyJlMmJmYjczMC1lY2FhLTExZTYtOGY4OC0zNDM2M2JjN2M0YzAiOnsiY3JlYXRlIjo2MDAwMDAwMDAwMDAsImRlbGV0ZSI6MTIwMDAwMDAwMDAwMH0sInNjaGVtYV92ZXJzaW9uIjoiMSJ9",
          "dependencies": [
            "aws_vpc.main"
          ]
        }
      ]
    },
    {
      "mode": "managed",
      "type": "aws_subnet",
      "name": "public_b",
      "provider": "provider[\"registry.terraform.io/hashicorp/aws\"]",
      "instances": [
        {
          "schema_version": 1,
          "attributes": {
            "arn": "arn:aws:ec2:us-east-1:620812304387:subnet/subnet-0f9e36fb6cab61161",
            "assign_ipv6_address_on_creation": false,
            "availability_zone": "us-east-1b",
            "availability_zone_id": "use1-az6",
            "cidr_block": "10.0.16.0/20",
            "customer_owned_ipv4_pool": "",
            "enable_dns64": false,
            "enable_lni_at_device_index": 0,
            "enable_resource_name_dns_a_record_on_launch": false,
            "enable_resource_name_dns_aaaa_record_on_launch": false,
            "id": "subnet-0f9e36fb6cab61161",
            "ipv6_cidr_block": "",
            "ipv6_cidr_block_association_id": "",
            "ipv6_native": false,
            "map_customer_owned_ip_on_launch": false,
            "map_public_ip_on_launch": true,
            "outpost_arn": "",
            "owner_id": "620812304387",
            "private_dns_hostname_type_on_launch": "ip-name",
            "tags": {
              "Name": "public-us-east-1b"
            },
            "tags_all": {
              "Name": "public-us-east-1b"
            },
            "timeouts": null,
            "vpc_id": "vpc-04db7ca0c63668576"
          },
          "sensitive_attributes": [],
          "identity_schema_version": 0,
          "private": "eyJlMmJmYjczMC1lY2FhLTExZTYtOGY4OC0zNDM2M2JjN2M0YzAiOnsiY3JlYXRlIjo2MDAwMDAwMDAwMDAsImRlbGV0ZSI6MTIwMDAwMDAwMDAwMH0sInNjaGVtYV92ZXJzaW9uIjoiMSJ9",
          "dependencies": [
            "aws_vpc.main"
          ]
        }
      ]
    },
    {
      "mode": "managed",
      "type": "aws_vpc",
      "name": "main",
      "provider": "provider[\"registry.terraform.io/hashicorp/aws\"]",
      "instances": [
        {
          "schema_version": 1,
          "attributes": {
            "arn": "arn:aws:ec2:us-east-1:620812304387:vpc/vpc-04db7ca0c63668576",
            "assign_generated_ipv6_cidr_block": false,
            "cidr_block": "10.0.0.0/16",
            "default_network_acl_id": "acl-03d1316d0c40565b4",
            "default_route_table_id": "rtb-01576ee59df68c4fa",
            "default_security_group_id": "sg-0b109a1cf88ff59a5",
            "dhcp_options_id": "dopt-09e4858ada6480e32",
            "enable_dns_hostnames": true,
            "enable_dns_support": true,
            "enable_network_address_usage_metrics": false,
            "id": "vpc-04db7ca0c63668576",
            "instance_tenancy": "default",
            "ipv4_ipam_pool_id": null,
            "ipv4_netmask_length": null,
            "ipv6_association_id": "",
            "ipv6_cidr_block": "",
            "ipv6_cidr_block_network_border_group": "",
            "ipv6_ipam_pool_id": "",
            "ipv6_netmask_length": 0,
            "main_route_table_id": "rtb-01576ee59df68c4fa",
            "owner_id": "620812304387",
            "tags": {
              "Name": "vpc-cloud-2006"
            },
            "tags_all": {
              "Name": "vpc-cloud-2006"
            }
          },
          "sensitive_attributes": [],
          "identity_schema_version": 0,
          "private": "eyJzY2hlbWFfdmVyc2lvbiI6IjEifQ=="
        }
      ]
    },
    {
      "mode": "managed",
      "type": "local_file",
      "name": "private_key_pem",
      "provider": "provider[\"registry.terraform.io/hashicorp/local\"]",
      "instances": [
        {
          "schema_version": 0,
          "attributes": {
            "content": "-----BEGIN RSA PRIVATE KEY-----\nMIIJKAIBAAKCAgEA0Ta6lOh9RTR0D/lhQqKjyzFocw6clLPdap8tM13vA/Da4Q8j\nRJGJmpGaKe6l2iPEkW/H0DsKokchqMSo8GxRxTcMwjerSaVtLUfCTn5VlywYVfzq\nL7cykiyw+qS2bVKMA4PphMmqusCoDkj3b7s1eAm1RHDgkFu22dE3iqQlDtrKhKvd\nbPZmEiXkguOgS8bChJw5Qbz8nDv3NO1Dv3dcdMUtaJifrhL1aGdPx6QpLItvtIkd\nB0LWm1N56Gj1Qdsbm3FzKgQ+aV/QCtpTNXdp4fevDT2/jgH1s9BZ/pkT6LLKu+a9\n5pxqKjPbmjMW0Q1kc6J2IvB9+uhpaW9Bb5pdmahiQKtUueYAdF2/ttHOCyinbCS4\nkONlsNbmwGknNNpD45ITwREpTUM/bnZn8E9yLSQFmJxNHeEc9/g4dLIHZZqqro8b\n8T1xEEX0Ugf1bzvyTgYD3JlNmWDuv4urE4zoC2Zwn3hNKtnVpqoKadPvsCUdPoeZ\nG67/EPhUhBOyuLgqJHcfo8mt3Qh2NWlxxcguiogh4/UcbSQEdw+pGDerinzyy0X+\np3rOYb2v7PiGqyxOyZW1anLKNNXjSCsRQzFa7+sn0uM2xI/Hg0U/XGzc4u6T5CHS\n2Wgp1SM5ka74dRx4nbPLMg1DtTqP+s7oV1aOJJWyIX236A5YNVKphlJTFSMCAwEA\nAQKCAgAy9+BQsqsCFxtHYPu+3hyFPg4yKZcf6wnAFfNPFk1Kan0IY0W2SLZ7P4mN\nOaSSFjCnNdI5+ohGrImYsgBuQhVRtG2ZSzKhiHmmlFrUAJcdcxKisDDlWv4o+lZL\nWaFP1NJjcNmNDgxX3uOSR1hwke0ex06v08gBozZSrlOXpRGaItc/pxcUmpqXRT/8\nWzQMAeoVoHGagE4SSdGZxUvB83RExlyfpL8SC3BZ9QFMo8OcJIQcOWMnB7N8t8N1\nSUymtJhvMB5cWBhUV5E5c6Ld3a+f61VsJmTqVbPkEJg8HFLrV9NoH3iYG/cJPQT8\n9gFTAK4+NZAORwSKAeDcXMxWQgcXHMumCJt9nO1+eSDZIM3G8QFf8V8QShTTmSkg\nto0pLT99EtiZ5+JLa9yOAYJolPMohkDzn7Cu08IE84udrHZSrB7b1WmxtLAprrEU\nAktPUjv2okkqxKEOtNtvbSZUj9WOlOkSQT4WZQYrywwjIVH7fXnsfyeS4ddfbIn1\nWmvGUEq/9TXt23HBVxDRVcP/rJKrsln2f5jpUoD4/b/fevYMJxSmLKADYrsaKL1a\nCSakfM7XRtPnEbG1KuTDagSk94lQ+guRxeaWZujSm8u5MSh1z6RbpjfUYOgcvAIn\n8L857J32Y+72e+APqKcduLxwSwZ6calO/hFThZ9PXw0SnfCVwQKCAQEA/4n6fxcd\nT1A5TS6fdf5h611JApujwVP8qu6eRwt3OQObVVcXDtWAOOnXt6fiukTl2x4lSeSD\nAglII0NSYGLKB62kFOwTSczYpSrzLB9xBo2Vur9NFDL4BYE4BJOjP8DpzPT9kytH\nQ0m1YTcLOoMXptnVEtRqo6O//+Sj+3Sy6XBTAb096dBp82p4KyAbh35ix087ajhR\nS5OBCRCtLwi60PhZfCA7VFggMzVDRCtc/zyttRcHwvTAjYMtk61jhzHtZK1Sioiy\nKoM5vYCAqbRihPG8vreLsGx64ECGBYVk1aS3HSVlU9HekzUI8xR21dAAk6+kpHTB\nHQdX9QoZJKfD8wKCAQEA0Zda2kg5AqTjYWOtu1Ph07+OOpjPnK4KiA6t5C/R27uU\nO7+BkDnF0pF2Urzw5Ft3Cy5rU59OD6WFehE8/5Sm0q7sdQgVpeDaKvS/XKHrpf8E\nlIPAAp8dTUiVFUkd6mnDHooLXLWBJzJtXmBnAoaXBtnYEu1ird+8yPQ46tkHP+CV\npu50WOV8btWJou1t079BS44deFVDM9SrQ2owLOFsJXCIBf5ctqogxRNTsI/OhYaD\n0MpJ1ytBOHiAt0PSYrU0HObELdTF9AO1r6pBPm8JNrTcZw80TtY+Q6HJ+MymtfpN\nXlirS8NMjo3c66qvWd0ggptgzI7nVhe8Q/5B3sMmEQKCAQEAndp6Jy/8JxaDjy4R\nyy3NBzuk8jt6uN5M4rpsg66Ng2a6+cjGsZ8pif7KBuVqpW4SH31Lw42pcASTz1Sy\n+l+MNZoKFfKPJ7Om0MDrXoI9q7Kin620y5mApMXh+NHKsoNU6gsc6WB+sQ5DQT5j\nbU21upgti2g0R8nLvSNcOOUp8BI29IgWSu03xeorOVioKNbl5gEHzuHjNjB0MUlf\n8gIOhTAk9wxiGgQmP/vTBbVTyUeOdqM3ZDMVD1XNPcCKDuXEo8B9kJ5IkQJnFKzg\nzfRkN4Os+JMhc2ZPsV+qapawZ1lM1HBZW6H1QDIuyRoHHqVS9eg2aHDHKktzBieq\nyH3qCQKCAQB7yLpdxN32089/C1HmGyp61t13ehzT2m5Z4OGOrTdyYRyxFO++cICH\nVmXdg716ARMTxXyZzLJbx1RHvbqa7/5+29THYdj3OQ9g41/Jo8/7H9xiolVatwKl\nTELQaXiDo6cbeEgxnvkCX2P8o07zTO4Rm8NjmlP3gPaMcMDU4wzHCysXhims/ww4\noWFCmpuMvZ4gs3RwR1sDV402qZZ+SzyF+Co97/Zt45irDDkXRDei4MklHPPzYpaI\ndZL/qcytg3udviULNGkdLru1XgZei1GTv8mUDITGMv5fD0Sr7qJfQ89B83hnrJag\ncuSRQyOBHXo/6OiIp7W1QRttxNK+b98hAoIBADyF0ih3OhlzRS1dm3T9h72b3U6+\nf8bLTjEoNWL47QPgaetWr/EUWtWBIMDxq4o1NHZRh2GDOHU2egFVD3zkYojGCO5V\ntVXKwMYA/flQ1GMves7rmGsHJGVQU/jErf+pE1e8xZxMGyuEnuMqw53cikzX0ScK\nFfj03oCksiNHe+bB6Eok10Ss1RrPQ9Oo6DJo73tFbJWnQGU6Kk2LbzqHsElb9mH7\n0I8Erfk1d4afr+b8V4Rg1LttDNg6qnLXGfvlS+RTRHgy2lvlJyKW9hREd+Xd2oUs\nfYjOVHnHtlG6jHW2ZErN+L3ApUGqOBEWOAoAejpuswAf3n0i7EyOBbYaybc=\n-----END RSA PRIVATE KEY-----\n",
            "content_base64": null,
            "content_base64sha256": "bVdf0PSVtHJkD3G2hukctx54BA5fXlQgHe8eBNhf800=",
            "content_base64sha512": "MajcyfqlhpBlRIdk9sNiFNMUWVDeDO5rAWBqAoMYiYTcTX9CyNVQXKJ1q2+HIuja4ihBUV1/Ca0oqdoI87sIXA==",
            "content_md5": "6df32bb4907fc50b3a81062ff74c49ed",
            "content_sha1": "3a271eecb065ca01402b8cec04d19449881e5dff",
            "content_sha256": "6d575fd0f495b472640f71b686e91cb71e78040e5f5e54201def1e04d85ff34d",
            "content_sha512": "31a8dcc9faa5869065448764f6c36214d3145950de0cee6b01606a0283188984dc4d7f42c8d5505ca275ab6f8722e8dae22841515d7f09ad28a9da08f3bb085c",
            "directory_permission": "0777",
            "file_permission": "0400",
            "filename": "cloud-2006-key.pem",
            "id": "3a271eecb065ca01402b8cec04d19449881e5dff",
            "sensitive_content": null,
            "source": null
          },
          "sensitive_attributes": [
            [
              {
                "type": "get_attr",
                "value": "content"
              }
            ],
            [
              {
                "type": "get_attr",
                "value": "sensitive_content"
              }
            ]
          ],
          "identity_schema_version": 0,
          "dependencies": [
            "tls_private_key.pk"
          ]
        }
      ]
    },
    {
      "mode": "managed",
      "type": "random_string",
      "name": "bucket_suffix",
      "provider": "provider[\"registry.terraform.io/hashicorp/random\"]",
      "instances": [
        {
          "schema_version": 2,
          "attributes": {
            "id": "vf6xtl9u",
            "keepers": null,
            "length": 8,
            "lower": true,
            "min_lower": 0,
            "min_numeric": 0,
            "min_special": 0,
            "min_upper": 0,
            "number": true,
            "numeric": true,
            "override_special": null,
            "result": "vf6xtl9u",
            "special": false,
            "upper": false
          },
          "sensitive_attributes": [],
          "identity_schema_version": 0
        }
      ]
    },
    {
      "mode": "managed",
      "type": "tls_private_key",
      "name": "pk",
      "provider": "provider[\"registry.terraform.io/hashicorp/tls\"]",
      "instances": [
        {
          "schema_version": 1,
          "attributes": {
            "algorithm": "RSA",
            "ecdsa_curve": "P224",
            "id": "8e4b454e7ea467465ac42b94416c06d89f8150b3",
            "private_key_openssh": "-----BEGIN OPENSSH PRIVATE KEY-----\nb3BlbnNzaC1rZXktdjEAAAAABG5vbmUAAAAEbm9uZQAAAAAAAAABAAACFwAAAAdz\nc2gtcnNhAAAAAwEAAQAAAgEA0Ta6lOh9RTR0D/lhQqKjyzFocw6clLPdap8tM13v\nA/Da4Q8jRJGJmpGaKe6l2iPEkW/H0DsKokchqMSo8GxRxTcMwjerSaVtLUfCTn5V\nlywYVfzqL7cykiyw+qS2bVKMA4PphMmqusCoDkj3b7s1eAm1RHDgkFu22dE3iqQl\nDtrKhKvdbPZmEiXkguOgS8bChJw5Qbz8nDv3NO1Dv3dcdMUtaJifrhL1aGdPx6Qp\nLItvtIkdB0LWm1N56Gj1Qdsbm3FzKgQ+aV/QCtpTNXdp4fevDT2/jgH1s9BZ/pkT\n6LLKu+a95pxqKjPbmjMW0Q1kc6J2IvB9+uhpaW9Bb5pdmahiQKtUueYAdF2/ttHO\nCyinbCS4kONlsNbmwGknNNpD45ITwREpTUM/bnZn8E9yLSQFmJxNHeEc9/g4dLIH\nZZqqro8b8T1xEEX0Ugf1bzvyTgYD3JlNmWDuv4urE4zoC2Zwn3hNKtnVpqoKadPv\nsCUdPoeZG67/EPhUhBOyuLgqJHcfo8mt3Qh2NWlxxcguiogh4/UcbSQEdw+pGDer\ninzyy0X+p3rOYb2v7PiGqyxOyZW1anLKNNXjSCsRQzFa7+sn0uM2xI/Hg0U/XGzc\n4u6T5CHS2Wgp1SM5ka74dRx4nbPLMg1DtTqP+s7oV1aOJJWyIX236A5YNVKphlJT\nFSMAAAc4jmWlQ45lpUMAAAAHc3NoLXJzYQAAAgEA0Ta6lOh9RTR0D/lhQqKjyzFo\ncw6clLPdap8tM13vA/Da4Q8jRJGJmpGaKe6l2iPEkW/H0DsKokchqMSo8GxRxTcM\nwjerSaVtLUfCTn5VlywYVfzqL7cykiyw+qS2bVKMA4PphMmqusCoDkj3b7s1eAm1\nRHDgkFu22dE3iqQlDtrKhKvdbPZmEiXkguOgS8bChJw5Qbz8nDv3NO1Dv3dcdMUt\naJifrhL1aGdPx6QpLItvtIkdB0LWm1N56Gj1Qdsbm3FzKgQ+aV/QCtpTNXdp4fev\nDT2/jgH1s9BZ/pkT6LLKu+a95pxqKjPbmjMW0Q1kc6J2IvB9+uhpaW9Bb5pdmahi\nQKtUueYAdF2/ttHOCyinbCS4kONlsNbmwGknNNpD45ITwREpTUM/bnZn8E9yLSQF\nmJxNHeEc9/g4dLIHZZqqro8b8T1xEEX0Ugf1bzvyTgYD3JlNmWDuv4urE4zoC2Zw\nn3hNKtnVpqoKadPvsCUdPoeZG67/EPhUhBOyuLgqJHcfo8mt3Qh2NWlxxcguiogh\n4/UcbSQEdw+pGDerinzyy0X+p3rOYb2v7PiGqyxOyZW1anLKNNXjSCsRQzFa7+sn\n0uM2xI/Hg0U/XGzc4u6T5CHS2Wgp1SM5ka74dRx4nbPLMg1DtTqP+s7oV1aOJJWy\nIX236A5YNVKphlJTFSMAAAADAQABAAACADL34FCyqwIXG0dg+77eHIU+DjIplx/r\nCcAV808WTUpqfQhjRbZItns/iY05pJIWMKc10jn6iEasiZiyAG5CFVG0bZlLMqGI\neaaUWtQAlx1zEqKwMOVa/ij6VktZoU/U0mNw2Y0ODFfe45JHWHCR7R7HTq/TyAGj\nNlKuU5elEZoi1z+nFxSampdFP/xbNAwB6hWgcZqAThJJ0ZnFS8HzdETGXJ+kvxIL\ncFn1AUyjw5wkhBw5YycHs3y3w3VJTKa0mG8wHlxYGFRXkTlzot3dr5/rVWwmZOpV\ns+QQmDwcUutX02gfeJgb9wk9BPz2AVMArj41kA5HBIoB4NxczFZCBxccy6YIm32c\n7X55INkgzcbxAV/xXxBKFNOZKSC2jSktP30S2Jnn4ktr3I4BgmiU8yiGQPOfsK7T\nwgTzi52sdlKsHtvVabG0sCmusRQCS09SO/aiSSrEoQ60229tJlSP1Y6U6RJBPhZl\nBivLDCMhUft9eex/J5Lh119sifVaa8ZQSr/1Ne3bccFXENFVw/+skquyWfZ/mOlS\ngPj9v9969gwnFKYsoANiuxoovVoJJqR8ztdG0+cRsbUq5MNqBKT3iVD6C5HF5pZm\n6NKby7kxKHXPpFumN9Rg6By8AifwvznsnfZj7vZ74A+opx24vHBLBnpxqU7+EVOF\nn09fDRKd8JXBAAABADyF0ih3OhlzRS1dm3T9h72b3U6+f8bLTjEoNWL47QPgaetW\nr/EUWtWBIMDxq4o1NHZRh2GDOHU2egFVD3zkYojGCO5VtVXKwMYA/flQ1GMves7r\nmGsHJGVQU/jErf+pE1e8xZxMGyuEnuMqw53cikzX0ScKFfj03oCksiNHe+bB6Eok\n10Ss1RrPQ9Oo6DJo73tFbJWnQGU6Kk2LbzqHsElb9mH70I8Erfk1d4afr+b8V4Rg\n1LttDNg6qnLXGfvlS+RTRHgy2lvlJyKW9hREd+Xd2oUsfYjOVHnHtlG6jHW2ZErN\n+L3ApUGqOBEWOAoAejpuswAf3n0i7EyOBbYaybcAAAEBAP+J+n8XHU9QOU0un3X+\nYetdSQKbo8FT/KrunkcLdzkDm1VXFw7VgDjp17en4rpE5dseJUnkgwIJSCNDUmBi\nygetpBTsE0nM2KUq8ywfcQaNlbq/TRQy+AWBOASToz/A6cz0/ZMrR0NJtWE3CzqD\nF6bZ1RLUaqOjv//ko/t0sulwUwG9PenQafNqeCsgG4d+YsdPO2o4UUuTgQkQrS8I\nutD4WXwgO1RYIDM1Q0QrXP88rbUXB8L0wI2DLZOtY4cx7WStUoqIsiqDOb2AgKm0\nYoTxvL63i7BseuBAhgWFZNWktx0lZVPR3pM1CPMUdtXQAJOvpKR0wR0HV/UKGSSn\nw/MAAAEBANGXWtpIOQKk42FjrbtT4dO/jjqYz5yuCogOreQv0du7lDu/gZA5xdKR\ndlK88ORbdwsua1OfTg+lhXoRPP+UptKu7HUIFaXg2ir0v1yh66X/BJSDwAKfHU1I\nlRVJHeppwx6KC1y1gScybV5gZwKGlwbZ2BLtYq3fvMj0OOrZBz/glabudFjlfG7V\niaLtbdO/QUuOHXhVQzPUq0NqMCzhbCVwiAX+XLaqIMUTU7CPzoWGg9DKSdcrQTh4\ngLdD0mK1NBzmxC3UxfQDta+qQT5vCTa03GcPNE7WPkOhyfjMprX6TV5Yq0vDTI6N\n3Ouqr1ndIIKbYMyO51YXvEP+Qd7DJhEAAAAAAQID\n-----END OPENSSH PRIVATE KEY-----\n",
            "private_key_pem": "-----BEGIN RSA PRIVATE KEY-----\nMIIJKAIBAAKCAgEA0Ta6lOh9RTR0D/lhQqKjyzFocw6clLPdap8tM13vA/Da4Q8j\nRJGJmpGaKe6l2iPEkW/H0DsKokchqMSo8GxRxTcMwjerSaVtLUfCTn5VlywYVfzq\nL7cykiyw+qS2bVKMA4PphMmqusCoDkj3b7s1eAm1RHDgkFu22dE3iqQlDtrKhKvd\nbPZmEiXkguOgS8bChJw5Qbz8nDv3NO1Dv3dcdMUtaJifrhL1aGdPx6QpLItvtIkd\nB0LWm1N56Gj1Qdsbm3FzKgQ+aV/QCtpTNXdp4fevDT2/jgH1s9BZ/pkT6LLKu+a9\n5pxqKjPbmjMW0Q1kc6J2IvB9+uhpaW9Bb5pdmahiQKtUueYAdF2/ttHOCyinbCS4\nkONlsNbmwGknNNpD45ITwREpTUM/bnZn8E9yLSQFmJxNHeEc9/g4dLIHZZqqro8b\n8T1xEEX0Ugf1bzvyTgYD3JlNmWDuv4urE4zoC2Zwn3hNKtnVpqoKadPvsCUdPoeZ\nG67/EPhUhBOyuLgqJHcfo8mt3Qh2NWlxxcguiogh4/UcbSQEdw+pGDerinzyy0X+\np3rOYb2v7PiGqyxOyZW1anLKNNXjSCsRQzFa7+sn0uM2xI/Hg0U/XGzc4u6T5CHS\n2Wgp1SM5ka74dRx4nbPLMg1DtTqP+s7oV1aOJJWyIX236A5YNVKphlJTFSMCAwEA\nAQKCAgAy9+BQsqsCFxtHYPu+3hyFPg4yKZcf6wnAFfNPFk1Kan0IY0W2SLZ7P4mN\nOaSSFjCnNdI5+ohGrImYsgBuQhVRtG2ZSzKhiHmmlFrUAJcdcxKisDDlWv4o+lZL\nWaFP1NJjcNmNDgxX3uOSR1hwke0ex06v08gBozZSrlOXpRGaItc/pxcUmpqXRT/8\nWzQMAeoVoHGagE4SSdGZxUvB83RExlyfpL8SC3BZ9QFMo8OcJIQcOWMnB7N8t8N1\nSUymtJhvMB5cWBhUV5E5c6Ld3a+f61VsJmTqVbPkEJg8HFLrV9NoH3iYG/cJPQT8\n9gFTAK4+NZAORwSKAeDcXMxWQgcXHMumCJt9nO1+eSDZIM3G8QFf8V8QShTTmSkg\nto0pLT99EtiZ5+JLa9yOAYJolPMohkDzn7Cu08IE84udrHZSrB7b1WmxtLAprrEU\nAktPUjv2okkqxKEOtNtvbSZUj9WOlOkSQT4WZQYrywwjIVH7fXnsfyeS4ddfbIn1\nWmvGUEq/9TXt23HBVxDRVcP/rJKrsln2f5jpUoD4/b/fevYMJxSmLKADYrsaKL1a\nCSakfM7XRtPnEbG1KuTDagSk94lQ+guRxeaWZujSm8u5MSh1z6RbpjfUYOgcvAIn\n8L857J32Y+72e+APqKcduLxwSwZ6calO/hFThZ9PXw0SnfCVwQKCAQEA/4n6fxcd\nT1A5TS6fdf5h611JApujwVP8qu6eRwt3OQObVVcXDtWAOOnXt6fiukTl2x4lSeSD\nAglII0NSYGLKB62kFOwTSczYpSrzLB9xBo2Vur9NFDL4BYE4BJOjP8DpzPT9kytH\nQ0m1YTcLOoMXptnVEtRqo6O//+Sj+3Sy6XBTAb096dBp82p4KyAbh35ix087ajhR\nS5OBCRCtLwi60PhZfCA7VFggMzVDRCtc/zyttRcHwvTAjYMtk61jhzHtZK1Sioiy\nKoM5vYCAqbRihPG8vreLsGx64ECGBYVk1aS3HSVlU9HekzUI8xR21dAAk6+kpHTB\nHQdX9QoZJKfD8wKCAQEA0Zda2kg5AqTjYWOtu1Ph07+OOpjPnK4KiA6t5C/R27uU\nO7+BkDnF0pF2Urzw5Ft3Cy5rU59OD6WFehE8/5Sm0q7sdQgVpeDaKvS/XKHrpf8E\nlIPAAp8dTUiVFUkd6mnDHooLXLWBJzJtXmBnAoaXBtnYEu1ird+8yPQ46tkHP+CV\npu50WOV8btWJou1t079BS44deFVDM9SrQ2owLOFsJXCIBf5ctqogxRNTsI/OhYaD\n0MpJ1ytBOHiAt0PSYrU0HObELdTF9AO1r6pBPm8JNrTcZw80TtY+Q6HJ+MymtfpN\nXlirS8NMjo3c66qvWd0ggptgzI7nVhe8Q/5B3sMmEQKCAQEAndp6Jy/8JxaDjy4R\nyy3NBzuk8jt6uN5M4rpsg66Ng2a6+cjGsZ8pif7KBuVqpW4SH31Lw42pcASTz1Sy\n+l+MNZoKFfKPJ7Om0MDrXoI9q7Kin620y5mApMXh+NHKsoNU6gsc6WB+sQ5DQT5j\nbU21upgti2g0R8nLvSNcOOUp8BI29IgWSu03xeorOVioKNbl5gEHzuHjNjB0MUlf\n8gIOhTAk9wxiGgQmP/vTBbVTyUeOdqM3ZDMVD1XNPcCKDuXEo8B9kJ5IkQJnFKzg\nzfRkN4Os+JMhc2ZPsV+qapawZ1lM1HBZW6H1QDIuyRoHHqVS9eg2aHDHKktzBieq\nyH3qCQKCAQB7yLpdxN32089/C1HmGyp61t13ehzT2m5Z4OGOrTdyYRyxFO++cICH\nVmXdg716ARMTxXyZzLJbx1RHvbqa7/5+29THYdj3OQ9g41/Jo8/7H9xiolVatwKl\nTELQaXiDo6cbeEgxnvkCX2P8o07zTO4Rm8NjmlP3gPaMcMDU4wzHCysXhims/ww4\noWFCmpuMvZ4gs3RwR1sDV402qZZ+SzyF+Co97/Zt45irDDkXRDei4MklHPPzYpaI\ndZL/qcytg3udviULNGkdLru1XgZei1GTv8mUDITGMv5fD0Sr7qJfQ89B83hnrJag\ncuSRQyOBHXo/6OiIp7W1QRttxNK+b98hAoIBADyF0ih3OhlzRS1dm3T9h72b3U6+\nf8bLTjEoNWL47QPgaetWr/EUWtWBIMDxq4o1NHZRh2GDOHU2egFVD3zkYojGCO5V\ntVXKwMYA/flQ1GMves7rmGsHJGVQU/jErf+pE1e8xZxMGyuEnuMqw53cikzX0ScK\nFfj03oCksiNHe+bB6Eok10Ss1RrPQ9Oo6DJo73tFbJWnQGU6Kk2LbzqHsElb9mH7\n0I8Erfk1d4afr+b8V4Rg1LttDNg6qnLXGfvlS+RTRHgy2lvlJyKW9hREd+Xd2oUs\nfYjOVHnHtlG6jHW2ZErN+L3ApUGqOBEWOAoAejpuswAf3n0i7EyOBbYaybc=\n-----END RSA PRIVATE KEY-----\n",
            "private_key_pem_pkcs8": "-----BEGIN PRIVATE KEY-----\nMIIJQgIBADANBgkqhkiG9w0BAQEFAASCCSwwggkoAgEAAoICAQDRNrqU6H1FNHQP\n+WFCoqPLMWhzDpyUs91qny0zXe8D8NrhDyNEkYmakZop7qXaI8SRb8fQOwqiRyGo\nxKjwbFHFNwzCN6tJpW0tR8JOflWXLBhV/OovtzKSLLD6pLZtUowDg+mEyaq6wKgO\nSPdvuzV4CbVEcOCQW7bZ0TeKpCUO2sqEq91s9mYSJeSC46BLxsKEnDlBvPycO/c0\n7UO/d1x0xS1omJ+uEvVoZ0/HpCksi2+0iR0HQtabU3noaPVB2xubcXMqBD5pX9AK\n2lM1d2nh968NPb+OAfWz0Fn+mRPossq75r3mnGoqM9uaMxbRDWRzonYi8H366Glp\nb0Fvml2ZqGJAq1S55gB0Xb+20c4LKKdsJLiQ42Ww1ubAaSc02kPjkhPBESlNQz9u\ndmfwT3ItJAWYnE0d4Rz3+Dh0sgdlmqqujxvxPXEQRfRSB/VvO/JOBgPcmU2ZYO6/\ni6sTjOgLZnCfeE0q2dWmqgpp0++wJR0+h5kbrv8Q+FSEE7K4uCokdx+jya3dCHY1\naXHFyC6KiCHj9RxtJAR3D6kYN6uKfPLLRf6nes5hva/s+IarLE7JlbVqcso01eNI\nKxFDMVrv6yfS4zbEj8eDRT9cbNzi7pPkIdLZaCnVIzmRrvh1HHids8syDUO1Oo/6\nzuhXVo4klbIhfbfoDlg1UqmGUlMVIwIDAQABAoICADL34FCyqwIXG0dg+77eHIU+\nDjIplx/rCcAV808WTUpqfQhjRbZItns/iY05pJIWMKc10jn6iEasiZiyAG5CFVG0\nbZlLMqGIeaaUWtQAlx1zEqKwMOVa/ij6VktZoU/U0mNw2Y0ODFfe45JHWHCR7R7H\nTq/TyAGjNlKuU5elEZoi1z+nFxSampdFP/xbNAwB6hWgcZqAThJJ0ZnFS8HzdETG\nXJ+kvxILcFn1AUyjw5wkhBw5YycHs3y3w3VJTKa0mG8wHlxYGFRXkTlzot3dr5/r\nVWwmZOpVs+QQmDwcUutX02gfeJgb9wk9BPz2AVMArj41kA5HBIoB4NxczFZCBxcc\ny6YIm32c7X55INkgzcbxAV/xXxBKFNOZKSC2jSktP30S2Jnn4ktr3I4BgmiU8yiG\nQPOfsK7TwgTzi52sdlKsHtvVabG0sCmusRQCS09SO/aiSSrEoQ60229tJlSP1Y6U\n6RJBPhZlBivLDCMhUft9eex/J5Lh119sifVaa8ZQSr/1Ne3bccFXENFVw/+skquy\nWfZ/mOlSgPj9v9969gwnFKYsoANiuxoovVoJJqR8ztdG0+cRsbUq5MNqBKT3iVD6\nC5HF5pZm6NKby7kxKHXPpFumN9Rg6By8AifwvznsnfZj7vZ74A+opx24vHBLBnpx\nqU7+EVOFn09fDRKd8JXBAoIBAQD/ifp/Fx1PUDlNLp91/mHrXUkCm6PBU/yq7p5H\nC3c5A5tVVxcO1YA46de3p+K6ROXbHiVJ5IMCCUgjQ1JgYsoHraQU7BNJzNilKvMs\nH3EGjZW6v00UMvgFgTgEk6M/wOnM9P2TK0dDSbVhNws6gxem2dUS1Gqjo7//5KP7\ndLLpcFMBvT3p0GnzangrIBuHfmLHTztqOFFLk4EJEK0vCLrQ+Fl8IDtUWCAzNUNE\nK1z/PK21FwfC9MCNgy2TrWOHMe1krVKKiLIqgzm9gICptGKE8by+t4uwbHrgQIYF\nhWTVpLcdJWVT0d6TNQjzFHbV0ACTr6SkdMEdB1f1Chkkp8PzAoIBAQDRl1raSDkC\npONhY627U+HTv446mM+crgqIDq3kL9Hbu5Q7v4GQOcXSkXZSvPDkW3cLLmtTn04P\npYV6ETz/lKbSrux1CBWl4Noq9L9coeul/wSUg8ACnx1NSJUVSR3qacMeigtctYEn\nMm1eYGcChpcG2dgS7WKt37zI9Djq2Qc/4JWm7nRY5Xxu1Ymi7W3Tv0FLjh14VUMz\n1KtDajAs4WwlcIgF/ly2qiDFE1Owj86FhoPQyknXK0E4eIC3Q9JitTQc5sQt1MX0\nA7WvqkE+bwk2tNxnDzRO1j5Docn4zKa1+k1eWKtLw0yOjdzrqq9Z3SCCm2DMjudW\nF7xD/kHewyYRAoIBAQCd2nonL/wnFoOPLhHLLc0HO6TyO3q43kziumyDro2DZrr5\nyMaxnymJ/soG5WqlbhIffUvDjalwBJPPVLL6X4w1mgoV8o8ns6bQwOtegj2rsqKf\nrbTLmYCkxeH40cqyg1TqCxzpYH6xDkNBPmNtTbW6mC2LaDRHycu9I1w45SnwEjb0\niBZK7TfF6is5WKgo1uXmAQfO4eM2MHQxSV/yAg6FMCT3DGIaBCY/+9MFtVPJR452\nozdkMxUPVc09wIoO5cSjwH2QnkiRAmcUrODN9GQ3g6z4kyFzZk+xX6pqlrBnWUzU\ncFlbofVAMi7JGgcepVL16DZocMcqS3MGJ6rIfeoJAoIBAHvIul3E3fbTz38LUeYb\nKnrW3Xd6HNPablng4Y6tN3JhHLEU775wgIdWZd2DvXoBExPFfJnMslvHVEe9uprv\n/n7b1Mdh2Pc5D2DjX8mjz/sf3GKiVVq3AqVMQtBpeIOjpxt4SDGe+QJfY/yjTvNM\n7hGbw2OaU/eA9oxwwNTjDMcLKxeGKaz/DDihYUKam4y9niCzdHBHWwNXjTapln5L\nPIX4Kj3v9m3jmKsMORdEN6LgySUc8/Niloh1kv+pzK2De52+JQs0aR0uu7VeBl6L\nUZO/yZQMhMYy/l8PRKvuol9Dz0HzeGeslqBy5JFDI4Edej/o6IintbVBG23E0r5v\n3yECggEAPIXSKHc6GXNFLV2bdP2HvZvdTr5/xstOMSg1YvjtA+Bp61av8RRa1YEg\nwPGrijU0dlGHYYM4dTZ6AVUPfORiiMYI7lW1VcrAxgD9+VDUYy96zuuYawckZVBT\n+MSt/6kTV7zFnEwbK4Se4yrDndyKTNfRJwoV+PTegKSyI0d75sHoSiTXRKzVGs9D\n06joMmjve0VsladAZToqTYtvOoewSVv2YfvQjwSt+TV3hp+v5vxXhGDUu20M2Dqq\nctcZ++VL5FNEeDLaW+UnIpb2FER35d3ahSx9iM5Uece2UbqMdbZkSs34vcClQao4\nERY4CgB6Om6zAB/efSLsTI4FthrJtw==\n-----END PRIVATE KEY-----\n",
            "public_key_fingerprint_md5": "14:56:3a:b3:2b:7f:6b:0d:d1:8f:e9:f9:2d:b8:97:47",
            "public_key_fingerprint_sha256": "SHA256:YucNsaxsqiNk/buOBI41ij6kPXG209DksEhw/U+qO6M",
            "public_key_openssh": "ssh-rsa AAAAB3NzaC1yc2EAAAADAQABAAACAQDRNrqU6H1FNHQP+WFCoqPLMWhzDpyUs91qny0zXe8D8NrhDyNEkYmakZop7qXaI8SRb8fQOwqiRyGoxKjwbFHFNwzCN6tJpW0tR8JOflWXLBhV/OovtzKSLLD6pLZtUowDg+mEyaq6wKgOSPdvuzV4CbVEcOCQW7bZ0TeKpCUO2sqEq91s9mYSJeSC46BLxsKEnDlBvPycO/c07UO/d1x0xS1omJ+uEvVoZ0/HpCksi2+0iR0HQtabU3noaPVB2xubcXMqBD5pX9AK2lM1d2nh968NPb+OAfWz0Fn+mRPossq75r3mnGoqM9uaMxbRDWRzonYi8H366Glpb0Fvml2ZqGJAq1S55gB0Xb+20c4LKKdsJLiQ42Ww1ubAaSc02kPjkhPBESlNQz9udmfwT3ItJAWYnE0d4Rz3+Dh0sgdlmqqujxvxPXEQRfRSB/VvO/JOBgPcmU2ZYO6/i6sTjOgLZnCfeE0q2dWmqgpp0++wJR0+h5kbrv8Q+FSEE7K4uCokdx+jya3dCHY1aXHFyC6KiCHj9RxtJAR3D6kYN6uKfPLLRf6nes5hva/s+IarLE7JlbVqcso01eNIKxFDMVrv6yfS4zbEj8eDRT9cbNzi7pPkIdLZaCnVIzmRrvh1HHids8syDUO1Oo/6zuhXVo4klbIhfbfoDlg1UqmGUlMVIw==\n",
            "public_key_pem": "-----BEGIN PUBLIC KEY-----\nMIICIjANBgkqhkiG9w0BAQEFAAOCAg8AMIICCgKCAgEA0Ta6lOh9RTR0D/lhQqKj\nyzFocw6clLPdap8tM13vA/Da4Q8jRJGJmpGaKe6l2iPEkW/H0DsKokchqMSo8GxR\nxTcMwjerSaVtLUfCTn5VlywYVfzqL7cykiyw+qS2bVKMA4PphMmqusCoDkj3b7s1\neAm1RHDgkFu22dE3iqQlDtrKhKvdbPZmEiXkguOgS8bChJw5Qbz8nDv3NO1Dv3dc\ndMUtaJifrhL1aGdPx6QpLItvtIkdB0LWm1N56Gj1Qdsbm3FzKgQ+aV/QCtpTNXdp\n4fevDT2/jgH1s9BZ/pkT6LLKu+a95pxqKjPbmjMW0Q1kc6J2IvB9+uhpaW9Bb5pd\nmahiQKtUueYAdF2/ttHOCyinbCS4kONlsNbmwGknNNpD45ITwREpTUM/bnZn8E9y\nLSQFmJxNHeEc9/g4dLIHZZqqro8b8T1xEEX0Ugf1bzvyTgYD3JlNmWDuv4urE4zo\nC2Zwn3hNKtnVpqoKadPvsCUdPoeZG67/EPhUhBOyuLgqJHcfo8mt3Qh2NWlxxcgu\niogh4/UcbSQEdw+pGDerinzyy0X+p3rOYb2v7PiGqyxOyZW1anLKNNXjSCsRQzFa\n7+sn0uM2xI/Hg0U/XGzc4u6T5CHS2Wgp1SM5ka74dRx4nbPLMg1DtTqP+s7oV1aO\nJJWyIX236A5YNVKphlJTFSMCAwEAAQ==\n-----END PUBLIC KEY-----\n",
            "rsa_bits": 4096
          },
          "sensitive_attributes": [
            [
              {
                "type": "get_attr",
                "value": "private_key_openssh"
              }
            ],
            [
              {
                "type": "get_attr",
                "value": "private_key_pem"
              }
            ],
            [
              {
                "type": "get_attr",
                "value": "private_key_pem_pkcs8"
              }
            ]
          ],
          "identity_schema_version": 0
        }
      ]
    }
  ],
  "check_results": null
}
